# THIS IS AN AUTOGENERATED FILE. DO NOT EDIT THIS FILE DIRECTLY.
# yarn lockfile v1


DependencyA@^1.0.1:
  version "1.0.1"
  resolved "http://npme.walmart.com/DependencyA/-/DependencyA-1.0.1.tgz#d4d255f326fbbb01a0f73a5c4d073a68e36b4b18"
  dependencies:
    DependencyB "^1.0.0"

DependencyA@^1.0.3:
  version "1.0.3"
  resolved "http://npme.walmart.com/DependencyA/-/DependencyA-1.0.3.tgz#9ead385585913d4d7493ea111a98c94fde9ce701"
  dependencies:
    DependencyB "^1.0.4"

DependencyB@^1.0.0, DependencyB@^1.0.1:
  version "1.0.2"
  resolved "http://npme.walmart.com/DependencyB/-/DependencyB-1.0.2.tgz#9cd91f9c97c866caeb0233e3d631c974d629066e"

DependencyB@^1.0.4:
  version "1.0.4"
  resolved "http://npme.walmart.com/DependencyB/-/DependencyB-1.0.4.tgz#93d7b72c37b4e33a17ccec2d5e82935836d2cd0f"

DependencyC@^1.0.0:
  version "1.0.0"
  resolved "http://npme.walmart.com/DependencyC/-/DependencyC-1.0.0.tgz#bae7948e9a56868898998f3baa0cce369bb42c7c"
  dependencies:
    DependencyB "^1.0.1"

MiniAppOne@6.0.0:
  version "6.0.0"
  resolved "http://npme.walmart.com/MiniAppOne/-/MiniAppOne-6.0.0.tgz#49ee83da9283e95683e65aa0d48f4e836e4b7600"
  dependencies:
    DependencyA "^1.0.3"

MiniAppTwo@3.0.0:
  version "3.0.0"
  resolved "http://npme.walmart.com/MiniAppTwo/-/MiniAppTwo-3.0.0.tgz#2e373554125d30ea38d7d92188da090601fafa41"
  dependencies:
    DependencyA "^1.0.1"

MiniAppThree@1.0.0:
  version "1.0.0"
  resolved "http://npme.walmart.com/MiniAppThree/-/MiniAppThree-1.0.0.tgz#84519bd8f3ce55535d1711839409bd0bc10af859"
  dependencies:
    DependencyC "^1.0.0"
