// !$*UTF8*$!
{
	archiveVersion = 1;
	classes = {
	};
	objectVersion = 46;
	objects = {
/* Begin PBXBuildFile section */
		30B77DD61E66518E00EF3A78 /* ElectrodeBridgeDelegateTests.m in Sources */ = {isa = PBXBuildFile; fileRef = 30B77DD51E66518E00EF3A78 /* ElectrodeBridgeDelegateTests.m */; };
		30F8CDE41E677D7C00413247 /* ElectrodeReactNativeTests.m in Sources */ = {isa = PBXBuildFile; fileRef = 30F8CDE31E677D7C00413247 /* ElectrodeReactNativeTests.m */; };
		30F8CDEE1E67946E00413247 /* ElectrodeReactNative_Internal.h in Headers */ = {isa = PBXBuildFile; fileRef = 30F8CDED1E67946E00413247 /* ElectrodeReactNative_Internal.h */; };
		485009ED1E2FF23C009B6610 /* ElectrodeApiImpl.framework in Frameworks */ = {isa = PBXBuildFile; fileRef = 485009E31E2FF23B009B6610 /* ElectrodeApiImpl.framework */; };
		485009F21E2FF23C009B6610 /* ElectrodeApiImplTests.m in Sources */ = {isa = PBXBuildFile; fileRef = 485009F11E2FF23C009B6610 /* ElectrodeApiImplTests.m */; };
		485009F41E2FF23C009B6610 /* ElectrodeApiImpl.h in Headers */ = {isa = PBXBuildFile; fileRef = 485009E61E2FF23B009B6610 /* ElectrodeApiImpl.h */; settings = {ATTRIBUTES = (Public, ); }; };
		48500A981E2FF55B009B6610 /* ElectrodeReactNative.h in Headers */ = {isa = PBXBuildFile; fileRef = 48500A961E2FF55B009B6610 /* ElectrodeReactNative.h */; settings = {ATTRIBUTES = (Public, ); }; };
		48500A991E2FF55B009B6610 /* ElectrodeReactNative.m in Sources */ = {isa = PBXBuildFile; fileRef = 48500A971E2FF55B009B6610 /* ElectrodeReactNative.m */; };
		968333D71E54E3470031C565 /* ElectrodeBridgeDelegate.h in Headers */ = {isa = PBXBuildFile; fileRef = 968333D51E54E3470031C565 /* ElectrodeBridgeDelegate.h */; settings = {ATTRIBUTES = (Public, ); }; };
		968333D81E54E3470031C565 /* ElectrodeBridgeDelegate.m in Sources */ = {isa = PBXBuildFile; fileRef = 968333D61E54E3470031C565 /* ElectrodeBridgeDelegate.m */; };
		17F9BBE36AA444F1A53DD3BA /* BirthYear.swift in Sources */ = {isa = PBXBuildFile; fileRef = 1F25758546444D4993DFD2AB /* BirthYear.swift */; };
		621D3BE9BE174B848014B724 /* Movie.swift in Sources */ = {isa = PBXBuildFile; fileRef = 32577FAF83EB4D85A0C6086C /* Movie.swift */; };
		698A5D4A095642C091F5477D /* MoviesAPI.swift in Sources */ = {isa = PBXBuildFile; fileRef = D59659E6D2B646BD8FF2B76C /* MoviesAPI.swift */; };
		5E191AEF07014C969884FD44 /* MoviesRequests.swift in Sources */ = {isa = PBXBuildFile; fileRef = 02F2D92E531944999C2FA94D /* MoviesRequests.swift */; };
		E5EBA99AE76843D1AA31F75F /* Person.swift in Sources */ = {isa = PBXBuildFile; fileRef = 76EFE1AFF381405DA742CCBA /* Person.swift */; };
		D03233D34FB54E2996B7E888 /* Synopsis.swift in Sources */ = {isa = PBXBuildFile; fileRef = B972CBF3E9194CDD81062262 /* Synopsis.swift */; };
		67E9AC7838AC435787B9CAB2 /* BirthYear.swift in Headers */ = {isa = PBXBuildFile; fileRef = 1F25758546444D4993DFD2AB /* BirthYear.swift */; settings = {ATTRIBUTES = (Public, ); }; };
		6BC658B0A5754B54AA1D3756 /* Movie.swift in Headers */ = {isa = PBXBuildFile; fileRef = 32577FAF83EB4D85A0C6086C /* Movie.swift */; settings = {ATTRIBUTES = (Public, ); }; };
		3F7C0D2182CB494D9305E41E /* MoviesAPI.swift in Headers */ = {isa = PBXBuildFile; fileRef = D59659E6D2B646BD8FF2B76C /* MoviesAPI.swift */; settings = {ATTRIBUTES = (Public, ); }; };
		03E2C9E5EB8A44B9B726D480 /* MoviesRequests.swift in Headers */ = {isa = PBXBuildFile; fileRef = 02F2D92E531944999C2FA94D /* MoviesRequests.swift */; settings = {ATTRIBUTES = (Public, ); }; };
		538BB29EB8E848629B30FACB /* Person.swift in Headers */ = {isa = PBXBuildFile; fileRef = 76EFE1AFF381405DA742CCBA /* Person.swift */; settings = {ATTRIBUTES = (Public, ); }; };
		268A70B25D8C4D7BB2C3055E /* Synopsis.swift in Headers */ = {isa = PBXBuildFile; fileRef = B972CBF3E9194CDD81062262 /* Synopsis.swift */; settings = {ATTRIBUTES = (Public, ); }; };
		E2CAEE0394964492A5741FA7 /* libReact.a in Frameworks */ = {isa = PBXBuildFile; fileRef = 2163673E1FBB4547A0575D61 /* libReact.a */; };
		97B61AEC83CA4845981BF185 /* libRCTActionSheet.a in Frameworks */ = {isa = PBXBuildFile; fileRef = 0F539D42E8824547997A6B4B /* libRCTActionSheet.a */; };
		6186A0590B94417CA0789B87 /* libRCTImage.a in Frameworks */ = {isa = PBXBuildFile; fileRef = 52F853B00B524AEE8582550C /* libRCTImage.a */; };
		A6847D9AC2414BC6A075BCE9 /* libRCTAnimation.a in Frameworks */ = {isa = PBXBuildFile; fileRef = 1DF1965BFBB8418CBD9C2028 /* libRCTAnimation.a */; };
		A464496F8883443799F63A0C /* libRCTText.a in Frameworks */ = {isa = PBXBuildFile; fileRef = 46CA8B012C1D4BDC920F1ADE /* libRCTText.a */; };
		1BA9A5C9228B4B14A5B77C0F /* libRCTWebSocket.a in Frameworks */ = {isa = PBXBuildFile; fileRef = 4BA939B8D34947B3AD376DF2 /* libRCTWebSocket.a */; };
		6F35BF7E2E834D2CAC622E73 /* libRCTLinking.a in Frameworks */ = {isa = PBXBuildFile; fileRef = 093C5CF55E8E451BACC8C3C1 /* libRCTLinking.a */; };
		F3B1DB57EF4C412BABFB831C /* libRCTNetwork.a in Frameworks */ = {isa = PBXBuildFile; fileRef = 3A11C9F1621742C296929FA9 /* libRCTNetwork.a */; };
		9B3CE81E7BCC4B88815994B6 /* libRCTSettings.a in Frameworks */ = {isa = PBXBuildFile; fileRef = CEB7EE00D55A47C6AB7E9A6D /* libRCTSettings.a */; };
		2AA78FF16E4E4762B842A55E /* libRCTVibration.a in Frameworks */ = {isa = PBXBuildFile; fileRef = 8E6669E888B44EB288CFF90B /* libRCTVibration.a */; };
		239A99D6A86647EAAE8A2613 /* libRCTCameraRoll.a in Frameworks */ = {isa = PBXBuildFile; fileRef = 5D24904D68A146CB944BDB6A /* libRCTCameraRoll.a */; };
		FB999956ECE44DB1A0B372E0 /* libART.a in Frameworks */ = {isa = PBXBuildFile; fileRef = AF6A34CAA2AE410F9E22E5A4 /* libART.a */; };
		503343D5795A4AA8BED248B5 /* JavaScriptCore.framework in Frameworks */ = {isa = PBXBuildFile; fileRef = A8E38019534D4A61867AF384 /* JavaScriptCore.framework */; };
		40E4DE49FA5A4EBB8EE19C0E /* ElectrodeObject.swift in Sources */ = {isa = PBXBuildFile; fileRef = 34BA740D19C6439C87674376 /* ElectrodeObject.swift */; };
		43A42C5435E64142B403D802 /* Bridgeable.swift in Sources */ = {isa = PBXBuildFile; fileRef = 4FCF1085175D4D939D78FBEB /* Bridgeable.swift */; };
		BCC72818F21E4271A6F16C79 /* ElectrodeRequestHandlerProcessor.swift in Sources */ = {isa = PBXBuildFile; fileRef = 2F9E7EFE74BE44D0A833BE64 /* ElectrodeRequestHandlerProcessor.swift */; };
		F3B464D51C584D2181B3DF02 /* ElectrodeRequestProcessor.swift in Sources */ = {isa = PBXBuildFile; fileRef = 3FB5BA0E931642EFA30DEB1C /* ElectrodeRequestProcessor.swift */; };
		8227091E1B3C48CE894AB0BC /* ElectrodeUtilities.swift in Sources */ = {isa = PBXBuildFile; fileRef = 3EB6238650894E74ACA7FE20 /* ElectrodeUtilities.swift */; };
		AC1BC14219474B51BD634516 /* EventListenerProcessor.swift in Sources */ = {isa = PBXBuildFile; fileRef = 7417E585F29C4AC1A4A71F1E /* EventListenerProcessor.swift */; };
		042CA74EED674A4EBBB089E1 /* EventProcessor.swift in Sources */ = {isa = PBXBuildFile; fileRef = E3F813FFD98642208CD13A34 /* EventProcessor.swift */; };
		541B9D6E21574F52A6EBE30D /* Processor.swift in Sources */ = {isa = PBXBuildFile; fileRef = 6B307A8AB0E94F668164004A /* Processor.swift */; };
		82B7790435514A118E9DE1E4 /* None.swift in Sources */ = {isa = PBXBuildFile; fileRef = 71DEA81E3EB04CF3A110ED23 /* None.swift */; };
		8846DD68BE664FA9B5B7BD68 /* ElectrodeBridgeEvent.m in Sources */ = {isa = PBXBuildFile; fileRef = AF09C124578E4C39B702982C /* ElectrodeBridgeEvent.m */; };
		9F542D8434FA4BB0BD564A86 /* ElectrodeBridgeFailureMessage.m in Sources */ = {isa = PBXBuildFile; fileRef = 437D493B38C1474693BAFE3C /* ElectrodeBridgeFailureMessage.m */; };
		35048AB565E54DDEACD171FB /* ElectrodeBridgeHolder.m in Sources */ = {isa = PBXBuildFile; fileRef = FF8B307F88F6407687247688 /* ElectrodeBridgeHolder.m */; };
		0367D3E0536B4740B1D9F32A /* ElectrodeBridgeMessage.m in Sources */ = {isa = PBXBuildFile; fileRef = D5FE78CCE6F344BE9379A271 /* ElectrodeBridgeMessage.m */; };
		9CBA3A9FF3494882A900D0A8 /* ElectrodeBridgeProtocols.m in Sources */ = {isa = PBXBuildFile; fileRef = 0A9CADAC653B4242932D9EB3 /* ElectrodeBridgeProtocols.m */; };
		532E6AABCFF942C1AE355350 /* ElectrodeBridgeRequest.m in Sources */ = {isa = PBXBuildFile; fileRef = 711E033A952B4F0B8FFEC4EF /* ElectrodeBridgeRequest.m */; };
		2D506DCDC0AB4B58A64CE168 /* ElectrodeBridgeResponse.m in Sources */ = {isa = PBXBuildFile; fileRef = 3EDC4887006042358F896BE6 /* ElectrodeBridgeResponse.m */; };
		A73113FBBE2F41A8AC5AE320 /* ElectrodeBridgeTransaction.m in Sources */ = {isa = PBXBuildFile; fileRef = 78BE42EACB2D4244BC96353D /* ElectrodeBridgeTransaction.m */; };
		70CDBF3E7F664A42B81CE6A0 /* ElectrodeBridgeTransceiver.m in Sources */ = {isa = PBXBuildFile; fileRef = D666310F92164214B8C5C5F3 /* ElectrodeBridgeTransceiver.m */; };
		5DFBC149AC924B408761C3A1 /* ElectrodeEventDispatcher.m in Sources */ = {isa = PBXBuildFile; fileRef = 04EBB62A17D746DCB7B877D3 /* ElectrodeEventDispatcher.m */; };
		DD64CDC4F7F84E97A4C6EF2F /* ElectrodeEventRegistrar.m in Sources */ = {isa = PBXBuildFile; fileRef = EC3D187B3F3A4708BEC072F8 /* ElectrodeEventRegistrar.m */; };
		376BA731D3CC4D07964DEE2E /* ElectrodeRequestDispatcher.m in Sources */ = {isa = PBXBuildFile; fileRef = 215FB55EC64548D4939BF18E /* ElectrodeRequestDispatcher.m */; };
		09C710E91931490C8049AF08 /* ElectrodeRequestRegistrar.m in Sources */ = {isa = PBXBuildFile; fileRef = 7D5C8384B9074307AAD6C340 /* ElectrodeRequestRegistrar.m */; };
		34B7A53EA4BA43D2AFE64DAD /* ElectrodeLogger.m in Sources */ = {isa = PBXBuildFile; fileRef = 547222CF195143DCB495589B /* ElectrodeLogger.m */; };
		190FF83CCCF247FE99EBAD7D /* ElectrodeBridgeEvent.h in Headers */ = {isa = PBXBuildFile; fileRef = 20CC50214889402B8E47277D /* ElectrodeBridgeEvent.h */; settings = {ATTRIBUTES = (Public, ); }; };
		D440D9E3FAC14F4AA04D4C72 /* ElectrodeBridgeFailureMessage.h in Headers */ = {isa = PBXBuildFile; fileRef = 365BFCCFAB26455484285EAD /* ElectrodeBridgeFailureMessage.h */; settings = {ATTRIBUTES = (Public, ); }; };
		3F662DB6B7F545668CBF08D3 /* ElectrodeBridgeHolder.h in Headers */ = {isa = PBXBuildFile; fileRef = 71CF888ECD554273AF543F42 /* ElectrodeBridgeHolder.h */; settings = {ATTRIBUTES = (Public, ); }; };
		3A1A291FA155463A93C669B8 /* ElectrodeBridgeMessage.h in Headers */ = {isa = PBXBuildFile; fileRef = A7A2B63A70BC43818832D23A /* ElectrodeBridgeMessage.h */; settings = {ATTRIBUTES = (Public, ); }; };
		5799067C1D074A2FB7E9B459 /* ElectrodeBridgeProtocols.h in Headers */ = {isa = PBXBuildFile; fileRef = EA06960BB3DE4F95BFD1E2DF /* ElectrodeBridgeProtocols.h */; settings = {ATTRIBUTES = (Public, ); }; };
		7D8640D2B0D44F5786D0759B /* ElectrodeBridgeRequest.h in Headers */ = {isa = PBXBuildFile; fileRef = 4AC0A66FCDD94F3F901320B8 /* ElectrodeBridgeRequest.h */; settings = {ATTRIBUTES = (Public, ); }; };
		3272331405244CF29783B090 /* ElectrodeBridgeTransaction.h in Headers */ = {isa = PBXBuildFile; fileRef = 7F0F3BAEDC0943C0BA0C6098 /* ElectrodeBridgeTransaction.h */; };
		757AF383E3894832AE8E3279 /* ElectrodeBridgeTransceiver.h in Headers */ = {isa = PBXBuildFile; fileRef = 27B508CFE50D48C1BE2A5B0D /* ElectrodeBridgeTransceiver.h */; };
		09B91F020F914B44A9E3488A /* ElectrodeBridgeTransceiver_Internal.h in Headers */ = {isa = PBXBuildFile; fileRef = 0A3579EA890148F0ABFDACEB /* ElectrodeBridgeTransceiver_Internal.h */; };
		8F4940B6E81A4EE0AF5392B1 /* ElectrodeEventDispatcher.h in Headers */ = {isa = PBXBuildFile; fileRef = 94334412DD1E4BF4BF8A23BB /* ElectrodeEventDispatcher.h */; };
		5BBAAB580D9C4025A91933D7 /* ElectrodeEventRegistrar.h in Headers */ = {isa = PBXBuildFile; fileRef = C45F7A27F67D41D8B6AEACEC /* ElectrodeEventRegistrar.h */; };
		11BABFEAA5FF4046A6577886 /* ElectrodeRequestDispatcher.h in Headers */ = {isa = PBXBuildFile; fileRef = 97BA0429C1254A88AB2302ED /* ElectrodeRequestDispatcher.h */; };
		5D085CB40EF04EA3B0C8CDDE /* ElectrodeRequestRegistrar.h in Headers */ = {isa = PBXBuildFile; fileRef = 2058BBE9DD1940348C7405C8 /* ElectrodeRequestRegistrar.h */; };
		F3CE3EF3A6964F6C8DC899ED /* ElectrodeReactNativeBridge.h in Headers */ = {isa = PBXBuildFile; fileRef = 5A2A494997714B58B8994BF6 /* ElectrodeReactNativeBridge.h */; };
		796B5DD624CE48889A97A1C2 /* ElectrodeBridgeResponse.h in Headers */ = {isa = PBXBuildFile; fileRef = B973E396C8CD45A88CE6215F /* ElectrodeBridgeResponse.h */; };
		E6F6B4EFE04A4643B59AB141 /* ElectrodeLogger.h in Headers */ = {isa = PBXBuildFile; fileRef = 4B3D32B845DA4C2893A63BD1 /* ElectrodeLogger.h */; settings = {ATTRIBUTES = (Public, ); }; };
		1E671501B8EF4CEE84075D81 /* RequestHandlerConfig.swift in Sources */ = {isa = PBXBuildFile; fileRef = 343D7D096D48448E8AECA6AD /* RequestHandlerConfig.swift */; };
		7A68CB947D8C4AFDA9EF1DD6 /* RequestHandlerProvider.swift in Sources */ = {isa = PBXBuildFile; fileRef = 00787F496C8443FFB3CF5DFA /* RequestHandlerProvider.swift */; };
		8DFF7D1CDA3F4A96AB92E972 /* MoviesApiController.swift in Sources */ = {isa = PBXBuildFile; fileRef = 163CF902F6E54272B01E422F /* MoviesApiController.swift */; };
		C81EFF38AF1140E1B8A7B3D0 /* MoviesApiRequestHandlerDelegate.swift in Sources */ = {isa = PBXBuildFile; fileRef = 073D0BD3EC5843D284360737 /* MoviesApiRequestHandlerDelegate.swift */; };
		3533ACC77CA9453EB8F2D976 /* MoviesApiRequestHandlerProvider.swift in Sources */ = {isa = PBXBuildFile; fileRef = 260698F5493747E596DDD18E /* MoviesApiRequestHandlerProvider.swift */; };
/* End PBXBuildFile section */

/* Begin PBXContainerItemProxy section */
		485009EE1E2FF23C009B6610 /* PBXContainerItemProxy */ = {
			isa = PBXContainerItemProxy;
			containerPortal = 485009DA1E2FF23B009B6610 /* Project object */;
			proxyType = 1;
			remoteGlobalIDString = 485009E21E2FF23B009B6610;
			remoteInfo = ElectrodeApiImpl;
		};
		AA00A9A87D1643CFB1AC2791 /* PBXContainerItemProxy */ = {
			isa = PBXContainerItemProxy;
			containerPortal = 619E0F92D95C4728B617DB7B /* React.xcodeproj */;
			proxyType = 1;
			remoteGlobalIDString = E2CAEE0394964492A5741FA7;
			remoteInfo = React;
		};
		72CC94209F5E45DE93D6D812 /* PBXContainerItemProxy */ = {
			isa = PBXContainerItemProxy;
			containerPortal = 619E0F92D95C4728B617DB7B /* React.xcodeproj */;
			proxyType = 2;
			remoteGlobalIDString = 83CBBA2E1A601D0E00E9B192;
			remoteInfo = React;
		};
		54376A70CD014EE4AC417C71 /* PBXContainerItemProxy */ = {
			isa = PBXContainerItemProxy;
			containerPortal = 526E85DE9C394257A6CA7146 /* RCTActionSheet.xcodeproj */;
			proxyType = 1;
			remoteGlobalIDString = 97B61AEC83CA4845981BF185;
			remoteInfo = RCTActionSheet;
		};
		B6C22AD1C3F448739A6C40D4 /* PBXContainerItemProxy */ = {
			isa = PBXContainerItemProxy;
			containerPortal = 526E85DE9C394257A6CA7146 /* RCTActionSheet.xcodeproj */;
			proxyType = 2;
			remoteGlobalIDString = 134814201AA4EA6300B7C361;
			remoteInfo = RCTActionSheet;
		};
		5FDF80137FF7462E875ABA6C /* PBXContainerItemProxy */ = {
			isa = PBXContainerItemProxy;
			containerPortal = 934639A4E9444DAE811EA083 /* RCTImage.xcodeproj */;
			proxyType = 1;
			remoteGlobalIDString = 6186A0590B94417CA0789B87;
			remoteInfo = RCTImage;
		};
		7CCEEDB7647C4735813AF1AD /* PBXContainerItemProxy */ = {
			isa = PBXContainerItemProxy;
			containerPortal = 934639A4E9444DAE811EA083 /* RCTImage.xcodeproj */;
			proxyType = 2;
			remoteGlobalIDString = 58B5115D1A9E6B3D00147676;
			remoteInfo = RCTImage;
		};
		AE5EE68775A94AC392FB2415 /* PBXContainerItemProxy */ = {
			isa = PBXContainerItemProxy;
			containerPortal = F468C225B0F54042B2B85D6E /* RCTAnimation.xcodeproj */;
			proxyType = 1;
			remoteGlobalIDString = A6847D9AC2414BC6A075BCE9;
			remoteInfo = RCTAnimation;
		};
		5BAD33F0B4C7461381A5A32C /* PBXContainerItemProxy */ = {
			isa = PBXContainerItemProxy;
			containerPortal = F468C225B0F54042B2B85D6E /* RCTAnimation.xcodeproj */;
			proxyType = 2;
			remoteGlobalIDString = 134814201AA4EA6300B7C361;
			remoteInfo = RCTAnimation;
		};
		E9763571F7CB4F08BC3888F7 /* PBXContainerItemProxy */ = {
			isa = PBXContainerItemProxy;
			containerPortal = B00EFE40F4C2425EBCF77798 /* RCTText.xcodeproj */;
			proxyType = 1;
			remoteGlobalIDString = A464496F8883443799F63A0C;
			remoteInfo = RCTText;
		};
		8CBE3837628446A393140515 /* PBXContainerItemProxy */ = {
			isa = PBXContainerItemProxy;
			containerPortal = B00EFE40F4C2425EBCF77798 /* RCTText.xcodeproj */;
			proxyType = 2;
			remoteGlobalIDString = 58B5119B1A9E6C1200147676;
			remoteInfo = RCTText;
		};
		5D57D331E9414466A55EAD8A /* PBXContainerItemProxy */ = {
			isa = PBXContainerItemProxy;
			containerPortal = 02E2F690119A447D86F69CCF /* RCTWebSocket.xcodeproj */;
			proxyType = 1;
			remoteGlobalIDString = 1BA9A5C9228B4B14A5B77C0F;
			remoteInfo = RCTWebSocket;
		};
		9E093E8419574C91AB21882D /* PBXContainerItemProxy */ = {
			isa = PBXContainerItemProxy;
			containerPortal = 02E2F690119A447D86F69CCF /* RCTWebSocket.xcodeproj */;
			proxyType = 2;
			remoteGlobalIDString = 3C86DF461ADF2C930047B81A;
			remoteInfo = RCTWebSocket;
		};
		ECB23D1C1550425D86EBE145 /* PBXContainerItemProxy */ = {
			isa = PBXContainerItemProxy;
			containerPortal = 63A3A3AB513343AEA094996A /* RCTLinking.xcodeproj */;
			proxyType = 1;
			remoteGlobalIDString = 6F35BF7E2E834D2CAC622E73;
			remoteInfo = RCTLinking;
		};
		7047A3F0F4DC4C37BE1F9999 /* PBXContainerItemProxy */ = {
			isa = PBXContainerItemProxy;
			containerPortal = 63A3A3AB513343AEA094996A /* RCTLinking.xcodeproj */;
			proxyType = 2;
			remoteGlobalIDString = 134814201AA4EA6300B7C361;
			remoteInfo = RCTLinking;
		};
		6F4FC63F065D47FE932B011F /* PBXContainerItemProxy */ = {
			isa = PBXContainerItemProxy;
			containerPortal = 3CDBFC6191844217AB3A3EE5 /* RCTNetwork.xcodeproj */;
			proxyType = 1;
			remoteGlobalIDString = F3B1DB57EF4C412BABFB831C;
			remoteInfo = RCTNetwork;
		};
		3C3B88650CDD448BB32D1790 /* PBXContainerItemProxy */ = {
			isa = PBXContainerItemProxy;
			containerPortal = 3CDBFC6191844217AB3A3EE5 /* RCTNetwork.xcodeproj */;
			proxyType = 2;
			remoteGlobalIDString = 58B511DB1A9E6C8500147676;
			remoteInfo = RCTNetwork;
		};
		C9D56C12A7284596A86BAAC7 /* PBXContainerItemProxy */ = {
			isa = PBXContainerItemProxy;
			containerPortal = 53530E36F22D4DE28F6E716B /* RCTSettings.xcodeproj */;
			proxyType = 1;
			remoteGlobalIDString = 9B3CE81E7BCC4B88815994B6;
			remoteInfo = RCTSettings;
		};
		2F8EE478A3C94075BBD0AA66 /* PBXContainerItemProxy */ = {
			isa = PBXContainerItemProxy;
			containerPortal = 53530E36F22D4DE28F6E716B /* RCTSettings.xcodeproj */;
			proxyType = 2;
			remoteGlobalIDString = 134814201AA4EA6300B7C361;
			remoteInfo = RCTSettings;
		};
		0C68FF2D021D4D7B92714F09 /* PBXContainerItemProxy */ = {
			isa = PBXContainerItemProxy;
			containerPortal = D75CE2B3823C45378800207D /* RCTVibration.xcodeproj */;
			proxyType = 1;
			remoteGlobalIDString = 2AA78FF16E4E4762B842A55E;
			remoteInfo = RCTVibration;
		};
		21E96B3C084C470A9FA173BD /* PBXContainerItemProxy */ = {
			isa = PBXContainerItemProxy;
			containerPortal = D75CE2B3823C45378800207D /* RCTVibration.xcodeproj */;
			proxyType = 2;
			remoteGlobalIDString = 832C81801AAF6DEF007FA2F7;
			remoteInfo = RCTVibration;
		};
		DE96A488B3754F348A59CC36 /* PBXContainerItemProxy */ = {
			isa = PBXContainerItemProxy;
			containerPortal = C70619FDBDE14B3A912AAE20 /* RCTCameraRoll.xcodeproj */;
			proxyType = 1;
			remoteGlobalIDString = 239A99D6A86647EAAE8A2613;
			remoteInfo = RCTCameraRoll;
		};
		790819279B8348F1AD153070 /* PBXContainerItemProxy */ = {
			isa = PBXContainerItemProxy;
			containerPortal = C70619FDBDE14B3A912AAE20 /* RCTCameraRoll.xcodeproj */;
			proxyType = 2;
			remoteGlobalIDString = 58B5115D1A9E6B3D00147676;
			remoteInfo = RCTCameraRoll;
		};
		A97BB249368748198336136F /* PBXContainerItemProxy */ = {
			isa = PBXContainerItemProxy;
			containerPortal = 6E360FEA9EF44A3CA2663CDA /* ART.xcodeproj */;
			proxyType = 1;
			remoteGlobalIDString = FB999956ECE44DB1A0B372E0;
			remoteInfo = ART;
		};
		82ADB1DD7F484A72BFEE0B6C /* PBXContainerItemProxy */ = {
			isa = PBXContainerItemProxy;
			containerPortal = 6E360FEA9EF44A3CA2663CDA /* ART.xcodeproj */;
			proxyType = 2;
			remoteGlobalIDString = 0CF68AC11AF0540F00FF9E5C;
			remoteInfo = ART;
		};
/* End PBXContainerItemProxy section */

/* Begin PBXFileReference section */
		2265A4A11EB26943007D6C3D /* Info.plist */ = {isa = PBXFileReference; fileEncoding = 4; lastKnownFileType = text.plist.xml; path = Info.plist; sourceTree = "<group>"; };
		30B77DD51E66518E00EF3A78 /* ElectrodeBridgeDelegateTests.m */ = {isa = PBXFileReference; fileEncoding = 4; lastKnownFileType = sourcecode.c.objc; path = ElectrodeBridgeDelegateTests.m; sourceTree = "<group>"; };
		30F8CDE31E677D7C00413247 /* ElectrodeReactNativeTests.m */ = {isa = PBXFileReference; fileEncoding = 4; lastKnownFileType = sourcecode.c.objc; path = ElectrodeReactNativeTests.m; sourceTree = "<group>"; };
		30F8CDED1E67946E00413247 /* ElectrodeReactNative_Internal.h */ = {isa = PBXFileReference; fileEncoding = 4; lastKnownFileType = sourcecode.c.h; path = ElectrodeReactNative_Internal.h; sourceTree = "<group>"; };
		485009E31E2FF23B009B6610 /* ElectrodeApiImpl.framework */ = {isa = PBXFileReference; explicitFileType = wrapper.framework; includeInIndex = 0; path = ElectrodeApiImpl.framework; sourceTree = BUILT_PRODUCTS_DIR; };
		485009E61E2FF23B009B6610 /* ElectrodeApiImpl.h */ = {isa = PBXFileReference; lastKnownFileType = sourcecode.c.h; path = ElectrodeApiImpl.h; sourceTree = "<group>"; };
		485009EC1E2FF23C009B6610 /* ElectrodeApiImplTests.xctest */ = {isa = PBXFileReference; explicitFileType = wrapper.cfbundle; includeInIndex = 0; path = ElectrodeApiImplTests.xctest; sourceTree = BUILT_PRODUCTS_DIR; };
		485009F11E2FF23C009B6610 /* ElectrodeApiImplTests.m */ = {isa = PBXFileReference; lastKnownFileType = sourcecode.c.objc; path = ElectrodeApiImplTests.m; sourceTree = "<group>"; };
		485009F31E2FF23C009B6610 /* Info.plist */ = {isa = PBXFileReference; lastKnownFileType = text.plist.xml; path = Info.plist; sourceTree = "<group>"; };
		48500A961E2FF55B009B6610 /* ElectrodeReactNative.h */ = {isa = PBXFileReference; fileEncoding = 4; lastKnownFileType = sourcecode.c.h; path = ElectrodeReactNative.h; sourceTree = "<group>"; };
		48500A971E2FF55B009B6610 /* ElectrodeReactNative.m */ = {isa = PBXFileReference; fileEncoding = 4; lastKnownFileType = sourcecode.c.objc; path = ElectrodeReactNative.m; sourceTree = "<group>"; };
		968333D51E54E3470031C565 /* ElectrodeBridgeDelegate.h */ = {isa = PBXFileReference; fileEncoding = 4; lastKnownFileType = sourcecode.c.h; path = ElectrodeBridgeDelegate.h; sourceTree = "<group>"; };
		968333D61E54E3470031C565 /* ElectrodeBridgeDelegate.m */ = {isa = PBXFileReference; fileEncoding = 4; lastKnownFileType = sourcecode.c.objc; path = ElectrodeBridgeDelegate.m; sourceTree = "<group>"; };
		1F25758546444D4993DFD2AB /* BirthYear.swift */ = {isa = PBXFileReference; name = "BirthYear.swift"; path = "APIs/BirthYear.swift"; sourceTree = "<group>"; fileEncoding = 4; lastKnownFileType = sourcecode.swift; explicitFileType = undefined; includeInIndex = 0; fileRef = 1F25758546444D4993DFD2AB; basename = BirthYear.swift; target = undefined; uuid = 67E9AC7838AC435787B9CAB2; settings = {ATTRIBUTES = (Public, ); }; };
		32577FAF83EB4D85A0C6086C /* Movie.swift */ = {isa = PBXFileReference; name = "Movie.swift"; path = "APIs/Movie.swift"; sourceTree = "<group>"; fileEncoding = 4; lastKnownFileType = sourcecode.swift; explicitFileType = undefined; includeInIndex = 0; fileRef = 32577FAF83EB4D85A0C6086C; basename = Movie.swift; target = undefined; uuid = 6BC658B0A5754B54AA1D3756; settings = {ATTRIBUTES = (Public, ); }; };
		D59659E6D2B646BD8FF2B76C /* MoviesAPI.swift */ = {isa = PBXFileReference; name = "MoviesAPI.swift"; path = "APIs/MoviesAPI.swift"; sourceTree = "<group>"; fileEncoding = 4; lastKnownFileType = sourcecode.swift; explicitFileType = undefined; includeInIndex = 0; fileRef = D59659E6D2B646BD8FF2B76C; basename = MoviesAPI.swift; target = undefined; uuid = 3F7C0D2182CB494D9305E41E; settings = {ATTRIBUTES = (Public, ); }; };
		02F2D92E531944999C2FA94D /* MoviesRequests.swift */ = {isa = PBXFileReference; name = "MoviesRequests.swift"; path = "APIs/MoviesRequests.swift"; sourceTree = "<group>"; fileEncoding = 4; lastKnownFileType = sourcecode.swift; explicitFileType = undefined; includeInIndex = 0; fileRef = 02F2D92E531944999C2FA94D; basename = MoviesRequests.swift; target = undefined; uuid = 03E2C9E5EB8A44B9B726D480; settings = {ATTRIBUTES = (Public, ); }; };
		76EFE1AFF381405DA742CCBA /* Person.swift */ = {isa = PBXFileReference; name = "Person.swift"; path = "APIs/Person.swift"; sourceTree = "<group>"; fileEncoding = 4; lastKnownFileType = sourcecode.swift; explicitFileType = undefined; includeInIndex = 0; fileRef = 76EFE1AFF381405DA742CCBA; basename = Person.swift; target = undefined; uuid = 538BB29EB8E848629B30FACB; settings = {ATTRIBUTES = (Public, ); }; };
		B972CBF3E9194CDD81062262 /* Synopsis.swift */ = {isa = PBXFileReference; name = "Synopsis.swift"; path = "APIs/Synopsis.swift"; sourceTree = "<group>"; fileEncoding = 4; lastKnownFileType = sourcecode.swift; explicitFileType = undefined; includeInIndex = 0; fileRef = B972CBF3E9194CDD81062262; basename = Synopsis.swift; target = undefined; uuid = 268A70B25D8C4D7BB2C3055E; settings = {ATTRIBUTES = (Public, ); }; };
		619E0F92D95C4728B617DB7B /* React.xcodeproj */ = {isa = PBXFileReference; name = "React.xcodeproj"; path = "ReactNative/React/React.xcodeproj"; sourceTree = "<group>"; fileEncoding = undefined; lastKnownFileType = wrapper.pb-project; explicitFileType = undefined; includeInIndex = 0; };
		2163673E1FBB4547A0575D61 /* libReact.a */ = {isa = PBXFileReference; name = "libReact.a"; path = "libReact.a"; sourceTree = "<group>"; fileEncoding = undefined; lastKnownFileType = archive.ar; explicitFileType = undefined; includeInIndex = 0; };
		526E85DE9C394257A6CA7146 /* RCTActionSheet.xcodeproj */ = {isa = PBXFileReference; name = "RCTActionSheet.xcodeproj"; path = "ReactNative/ActionSheetIOS/RCTActionSheet.xcodeproj"; sourceTree = "<group>"; fileEncoding = undefined; lastKnownFileType = wrapper.pb-project; explicitFileType = undefined; includeInIndex = 0; };
		0F539D42E8824547997A6B4B /* libRCTActionSheet.a */ = {isa = PBXFileReference; name = "libRCTActionSheet.a"; path = "libRCTActionSheet.a"; sourceTree = "<group>"; fileEncoding = undefined; lastKnownFileType = archive.ar; explicitFileType = undefined; includeInIndex = 0; };
		934639A4E9444DAE811EA083 /* RCTImage.xcodeproj */ = {isa = PBXFileReference; name = "RCTImage.xcodeproj"; path = "ReactNative/Image/RCTImage.xcodeproj"; sourceTree = "<group>"; fileEncoding = undefined; lastKnownFileType = wrapper.pb-project; explicitFileType = undefined; includeInIndex = 0; };
		52F853B00B524AEE8582550C /* libRCTImage.a */ = {isa = PBXFileReference; name = "libRCTImage.a"; path = "libRCTImage.a"; sourceTree = "<group>"; fileEncoding = undefined; lastKnownFileType = archive.ar; explicitFileType = undefined; includeInIndex = 0; };
		F468C225B0F54042B2B85D6E /* RCTAnimation.xcodeproj */ = {isa = PBXFileReference; name = "RCTAnimation.xcodeproj"; path = "ReactNative/NativeAnimation/RCTAnimation.xcodeproj"; sourceTree = "<group>"; fileEncoding = undefined; lastKnownFileType = wrapper.pb-project; explicitFileType = undefined; includeInIndex = 0; };
		1DF1965BFBB8418CBD9C2028 /* libRCTAnimation.a */ = {isa = PBXFileReference; name = "libRCTAnimation.a"; path = "libRCTAnimation.a"; sourceTree = "<group>"; fileEncoding = undefined; lastKnownFileType = archive.ar; explicitFileType = undefined; includeInIndex = 0; };
		B00EFE40F4C2425EBCF77798 /* RCTText.xcodeproj */ = {isa = PBXFileReference; name = "RCTText.xcodeproj"; path = "ReactNative/Text/RCTText.xcodeproj"; sourceTree = "<group>"; fileEncoding = undefined; lastKnownFileType = wrapper.pb-project; explicitFileType = undefined; includeInIndex = 0; };
		46CA8B012C1D4BDC920F1ADE /* libRCTText.a */ = {isa = PBXFileReference; name = "libRCTText.a"; path = "libRCTText.a"; sourceTree = "<group>"; fileEncoding = undefined; lastKnownFileType = archive.ar; explicitFileType = undefined; includeInIndex = 0; };
		02E2F690119A447D86F69CCF /* RCTWebSocket.xcodeproj */ = {isa = PBXFileReference; name = "RCTWebSocket.xcodeproj"; path = "ReactNative/WebSocket/RCTWebSocket.xcodeproj"; sourceTree = "<group>"; fileEncoding = undefined; lastKnownFileType = wrapper.pb-project; explicitFileType = undefined; includeInIndex = 0; };
		4BA939B8D34947B3AD376DF2 /* libRCTWebSocket.a */ = {isa = PBXFileReference; name = "libRCTWebSocket.a"; path = "libRCTWebSocket.a"; sourceTree = "<group>"; fileEncoding = undefined; lastKnownFileType = archive.ar; explicitFileType = undefined; includeInIndex = 0; };
		63A3A3AB513343AEA094996A /* RCTLinking.xcodeproj */ = {isa = PBXFileReference; name = "RCTLinking.xcodeproj"; path = "ReactNative/LinkingIOS/RCTLinking.xcodeproj"; sourceTree = "<group>"; fileEncoding = undefined; lastKnownFileType = wrapper.pb-project; explicitFileType = undefined; includeInIndex = 0; };
		093C5CF55E8E451BACC8C3C1 /* libRCTLinking.a */ = {isa = PBXFileReference; name = "libRCTLinking.a"; path = "libRCTLinking.a"; sourceTree = "<group>"; fileEncoding = undefined; lastKnownFileType = archive.ar; explicitFileType = undefined; includeInIndex = 0; };
		3CDBFC6191844217AB3A3EE5 /* RCTNetwork.xcodeproj */ = {isa = PBXFileReference; name = "RCTNetwork.xcodeproj"; path = "ReactNative/Network/RCTNetwork.xcodeproj"; sourceTree = "<group>"; fileEncoding = undefined; lastKnownFileType = wrapper.pb-project; explicitFileType = undefined; includeInIndex = 0; };
		3A11C9F1621742C296929FA9 /* libRCTNetwork.a */ = {isa = PBXFileReference; name = "libRCTNetwork.a"; path = "libRCTNetwork.a"; sourceTree = "<group>"; fileEncoding = undefined; lastKnownFileType = archive.ar; explicitFileType = undefined; includeInIndex = 0; };
		53530E36F22D4DE28F6E716B /* RCTSettings.xcodeproj */ = {isa = PBXFileReference; name = "RCTSettings.xcodeproj"; path = "ReactNative/Settings/RCTSettings.xcodeproj"; sourceTree = "<group>"; fileEncoding = undefined; lastKnownFileType = wrapper.pb-project; explicitFileType = undefined; includeInIndex = 0; };
		CEB7EE00D55A47C6AB7E9A6D /* libRCTSettings.a */ = {isa = PBXFileReference; name = "libRCTSettings.a"; path = "libRCTSettings.a"; sourceTree = "<group>"; fileEncoding = undefined; lastKnownFileType = archive.ar; explicitFileType = undefined; includeInIndex = 0; };
		D75CE2B3823C45378800207D /* RCTVibration.xcodeproj */ = {isa = PBXFileReference; name = "RCTVibration.xcodeproj"; path = "ReactNative/Vibration/RCTVibration.xcodeproj"; sourceTree = "<group>"; fileEncoding = undefined; lastKnownFileType = wrapper.pb-project; explicitFileType = undefined; includeInIndex = 0; };
		8E6669E888B44EB288CFF90B /* libRCTVibration.a */ = {isa = PBXFileReference; name = "libRCTVibration.a"; path = "libRCTVibration.a"; sourceTree = "<group>"; fileEncoding = undefined; lastKnownFileType = archive.ar; explicitFileType = undefined; includeInIndex = 0; };
		C70619FDBDE14B3A912AAE20 /* RCTCameraRoll.xcodeproj */ = {isa = PBXFileReference; name = "RCTCameraRoll.xcodeproj"; path = "ReactNative/CameraRoll/RCTCameraRoll.xcodeproj"; sourceTree = "<group>"; fileEncoding = undefined; lastKnownFileType = wrapper.pb-project; explicitFileType = undefined; includeInIndex = 0; };
		5D24904D68A146CB944BDB6A /* libRCTCameraRoll.a */ = {isa = PBXFileReference; name = "libRCTCameraRoll.a"; path = "libRCTCameraRoll.a"; sourceTree = "<group>"; fileEncoding = undefined; lastKnownFileType = archive.ar; explicitFileType = undefined; includeInIndex = 0; };
		6E360FEA9EF44A3CA2663CDA /* ART.xcodeproj */ = {isa = PBXFileReference; name = "ART.xcodeproj"; path = "ReactNative/ART/ART.xcodeproj"; sourceTree = "<group>"; fileEncoding = undefined; lastKnownFileType = wrapper.pb-project; explicitFileType = undefined; includeInIndex = 0; };
		AF6A34CAA2AE410F9E22E5A4 /* libART.a */ = {isa = PBXFileReference; name = "libART.a"; path = "libART.a"; sourceTree = "<group>"; fileEncoding = undefined; lastKnownFileType = archive.ar; explicitFileType = undefined; includeInIndex = 0; };
		A8E38019534D4A61867AF384 /* JavaScriptCore.framework */ = {isa = PBXFileReference; name = "JavaScriptCore.framework"; path = "/System/Library/Frameworks/JavaScriptCore.framework"; sourceTree = "<group>"; fileEncoding = undefined; lastKnownFileType = wrapper.framework; explicitFileType = undefined; includeInIndex = 0; };
		34BA740D19C6439C87674376 /* ElectrodeObject.swift */ = {isa = PBXFileReference; name = "ElectrodeObject.swift"; path = "ElectrodeReactNativeBridge/ElectrodeObject.swift"; sourceTree = "<group>"; fileEncoding = 4; lastKnownFileType = sourcecode.swift; explicitFileType = undefined; includeInIndex = 0; };
		4FCF1085175D4D939D78FBEB /* Bridgeable.swift */ = {isa = PBXFileReference; name = "Bridgeable.swift"; path = "ElectrodeReactNativeBridge/Bridgeable.swift"; sourceTree = "<group>"; fileEncoding = 4; lastKnownFileType = sourcecode.swift; explicitFileType = undefined; includeInIndex = 0; };
		2F9E7EFE74BE44D0A833BE64 /* ElectrodeRequestHandlerProcessor.swift */ = {isa = PBXFileReference; name = "ElectrodeRequestHandlerProcessor.swift"; path = "ElectrodeReactNativeBridge/ElectrodeRequestHandlerProcessor.swift"; sourceTree = "<group>"; fileEncoding = 4; lastKnownFileType = sourcecode.swift; explicitFileType = undefined; includeInIndex = 0; };
		3FB5BA0E931642EFA30DEB1C /* ElectrodeRequestProcessor.swift */ = {isa = PBXFileReference; name = "ElectrodeRequestProcessor.swift"; path = "ElectrodeReactNativeBridge/ElectrodeRequestProcessor.swift"; sourceTree = "<group>"; fileEncoding = 4; lastKnownFileType = sourcecode.swift; explicitFileType = undefined; includeInIndex = 0; };
		3EB6238650894E74ACA7FE20 /* ElectrodeUtilities.swift */ = {isa = PBXFileReference; name = "ElectrodeUtilities.swift"; path = "ElectrodeReactNativeBridge/ElectrodeUtilities.swift"; sourceTree = "<group>"; fileEncoding = 4; lastKnownFileType = sourcecode.swift; explicitFileType = undefined; includeInIndex = 0; };
		7417E585F29C4AC1A4A71F1E /* EventListenerProcessor.swift */ = {isa = PBXFileReference; name = "EventListenerProcessor.swift"; path = "ElectrodeReactNativeBridge/EventListenerProcessor.swift"; sourceTree = "<group>"; fileEncoding = 4; lastKnownFileType = sourcecode.swift; explicitFileType = undefined; includeInIndex = 0; };
		E3F813FFD98642208CD13A34 /* EventProcessor.swift */ = {isa = PBXFileReference; name = "EventProcessor.swift"; path = "ElectrodeReactNativeBridge/EventProcessor.swift"; sourceTree = "<group>"; fileEncoding = 4; lastKnownFileType = sourcecode.swift; explicitFileType = undefined; includeInIndex = 0; };
		6B307A8AB0E94F668164004A /* Processor.swift */ = {isa = PBXFileReference; name = "Processor.swift"; path = "ElectrodeReactNativeBridge/Processor.swift"; sourceTree = "<group>"; fileEncoding = 4; lastKnownFileType = sourcecode.swift; explicitFileType = undefined; includeInIndex = 0; };
		71DEA81E3EB04CF3A110ED23 /* None.swift */ = {isa = PBXFileReference; name = "None.swift"; path = "ElectrodeReactNativeBridge/None.swift"; sourceTree = "<group>"; fileEncoding = 4; lastKnownFileType = sourcecode.swift; explicitFileType = undefined; includeInIndex = 0; };
		AF09C124578E4C39B702982C /* ElectrodeBridgeEvent.m */ = {isa = PBXFileReference; name = "ElectrodeBridgeEvent.m"; path = "ElectrodeReactNativeBridge/ElectrodeBridgeEvent.m"; sourceTree = "<group>"; fileEncoding = 4; lastKnownFileType = sourcecode.c.objc; explicitFileType = undefined; includeInIndex = 0; };
		437D493B38C1474693BAFE3C /* ElectrodeBridgeFailureMessage.m */ = {isa = PBXFileReference; name = "ElectrodeBridgeFailureMessage.m"; path = "ElectrodeReactNativeBridge/ElectrodeBridgeFailureMessage.m"; sourceTree = "<group>"; fileEncoding = 4; lastKnownFileType = sourcecode.c.objc; explicitFileType = undefined; includeInIndex = 0; };
		FF8B307F88F6407687247688 /* ElectrodeBridgeHolder.m */ = {isa = PBXFileReference; name = "ElectrodeBridgeHolder.m"; path = "ElectrodeReactNativeBridge/ElectrodeBridgeHolder.m"; sourceTree = "<group>"; fileEncoding = 4; lastKnownFileType = sourcecode.c.objc; explicitFileType = undefined; includeInIndex = 0; };
		D5FE78CCE6F344BE9379A271 /* ElectrodeBridgeMessage.m */ = {isa = PBXFileReference; name = "ElectrodeBridgeMessage.m"; path = "ElectrodeReactNativeBridge/ElectrodeBridgeMessage.m"; sourceTree = "<group>"; fileEncoding = 4; lastKnownFileType = sourcecode.c.objc; explicitFileType = undefined; includeInIndex = 0; };
		0A9CADAC653B4242932D9EB3 /* ElectrodeBridgeProtocols.m */ = {isa = PBXFileReference; name = "ElectrodeBridgeProtocols.m"; path = "ElectrodeReactNativeBridge/ElectrodeBridgeProtocols.m"; sourceTree = "<group>"; fileEncoding = 4; lastKnownFileType = sourcecode.c.objc; explicitFileType = undefined; includeInIndex = 0; };
		711E033A952B4F0B8FFEC4EF /* ElectrodeBridgeRequest.m */ = {isa = PBXFileReference; name = "ElectrodeBridgeRequest.m"; path = "ElectrodeReactNativeBridge/ElectrodeBridgeRequest.m"; sourceTree = "<group>"; fileEncoding = 4; lastKnownFileType = sourcecode.c.objc; explicitFileType = undefined; includeInIndex = 0; };
		3EDC4887006042358F896BE6 /* ElectrodeBridgeResponse.m */ = {isa = PBXFileReference; name = "ElectrodeBridgeResponse.m"; path = "ElectrodeReactNativeBridge/ElectrodeBridgeResponse.m"; sourceTree = "<group>"; fileEncoding = 4; lastKnownFileType = sourcecode.c.objc; explicitFileType = undefined; includeInIndex = 0; };
		78BE42EACB2D4244BC96353D /* ElectrodeBridgeTransaction.m */ = {isa = PBXFileReference; name = "ElectrodeBridgeTransaction.m"; path = "ElectrodeReactNativeBridge/ElectrodeBridgeTransaction.m"; sourceTree = "<group>"; fileEncoding = 4; lastKnownFileType = sourcecode.c.objc; explicitFileType = undefined; includeInIndex = 0; };
		D666310F92164214B8C5C5F3 /* ElectrodeBridgeTransceiver.m */ = {isa = PBXFileReference; name = "ElectrodeBridgeTransceiver.m"; path = "ElectrodeReactNativeBridge/ElectrodeBridgeTransceiver.m"; sourceTree = "<group>"; fileEncoding = 4; lastKnownFileType = sourcecode.c.objc; explicitFileType = undefined; includeInIndex = 0; };
		04EBB62A17D746DCB7B877D3 /* ElectrodeEventDispatcher.m */ = {isa = PBXFileReference; name = "ElectrodeEventDispatcher.m"; path = "ElectrodeReactNativeBridge/ElectrodeEventDispatcher.m"; sourceTree = "<group>"; fileEncoding = 4; lastKnownFileType = sourcecode.c.objc; explicitFileType = undefined; includeInIndex = 0; };
		EC3D187B3F3A4708BEC072F8 /* ElectrodeEventRegistrar.m */ = {isa = PBXFileReference; name = "ElectrodeEventRegistrar.m"; path = "ElectrodeReactNativeBridge/ElectrodeEventRegistrar.m"; sourceTree = "<group>"; fileEncoding = 4; lastKnownFileType = sourcecode.c.objc; explicitFileType = undefined; includeInIndex = 0; };
		215FB55EC64548D4939BF18E /* ElectrodeRequestDispatcher.m */ = {isa = PBXFileReference; name = "ElectrodeRequestDispatcher.m"; path = "ElectrodeReactNativeBridge/ElectrodeRequestDispatcher.m"; sourceTree = "<group>"; fileEncoding = 4; lastKnownFileType = sourcecode.c.objc; explicitFileType = undefined; includeInIndex = 0; };
		7D5C8384B9074307AAD6C340 /* ElectrodeRequestRegistrar.m */ = {isa = PBXFileReference; name = "ElectrodeRequestRegistrar.m"; path = "ElectrodeReactNativeBridge/ElectrodeRequestRegistrar.m"; sourceTree = "<group>"; fileEncoding = 4; lastKnownFileType = sourcecode.c.objc; explicitFileType = undefined; includeInIndex = 0; };
		547222CF195143DCB495589B /* ElectrodeLogger.m */ = {isa = PBXFileReference; name = "ElectrodeLogger.m"; path = "ElectrodeReactNativeBridge/ElectrodeLogger.m"; sourceTree = "<group>"; fileEncoding = 4; lastKnownFileType = sourcecode.c.objc; explicitFileType = undefined; includeInIndex = 0; };
		20CC50214889402B8E47277D /* ElectrodeBridgeEvent.h */ = {isa = PBXFileReference; name = "ElectrodeBridgeEvent.h"; path = "ElectrodeReactNativeBridge/ElectrodeBridgeEvent.h"; sourceTree = "<group>"; fileEncoding = 4; lastKnownFileType = sourcecode.c.h; explicitFileType = undefined; includeInIndex = 0; };
		365BFCCFAB26455484285EAD /* ElectrodeBridgeFailureMessage.h */ = {isa = PBXFileReference; name = "ElectrodeBridgeFailureMessage.h"; path = "ElectrodeReactNativeBridge/ElectrodeBridgeFailureMessage.h"; sourceTree = "<group>"; fileEncoding = 4; lastKnownFileType = sourcecode.c.h; explicitFileType = undefined; includeInIndex = 0; };
		71CF888ECD554273AF543F42 /* ElectrodeBridgeHolder.h */ = {isa = PBXFileReference; name = "ElectrodeBridgeHolder.h"; path = "ElectrodeReactNativeBridge/ElectrodeBridgeHolder.h"; sourceTree = "<group>"; fileEncoding = 4; lastKnownFileType = sourcecode.c.h; explicitFileType = undefined; includeInIndex = 0; };
		A7A2B63A70BC43818832D23A /* ElectrodeBridgeMessage.h */ = {isa = PBXFileReference; name = "ElectrodeBridgeMessage.h"; path = "ElectrodeReactNativeBridge/ElectrodeBridgeMessage.h"; sourceTree = "<group>"; fileEncoding = 4; lastKnownFileType = sourcecode.c.h; explicitFileType = undefined; includeInIndex = 0; };
		EA06960BB3DE4F95BFD1E2DF /* ElectrodeBridgeProtocols.h */ = {isa = PBXFileReference; name = "ElectrodeBridgeProtocols.h"; path = "ElectrodeReactNativeBridge/ElectrodeBridgeProtocols.h"; sourceTree = "<group>"; fileEncoding = 4; lastKnownFileType = sourcecode.c.h; explicitFileType = undefined; includeInIndex = 0; };
		4AC0A66FCDD94F3F901320B8 /* ElectrodeBridgeRequest.h */ = {isa = PBXFileReference; name = "ElectrodeBridgeRequest.h"; path = "ElectrodeReactNativeBridge/ElectrodeBridgeRequest.h"; sourceTree = "<group>"; fileEncoding = 4; lastKnownFileType = sourcecode.c.h; explicitFileType = undefined; includeInIndex = 0; };
		7F0F3BAEDC0943C0BA0C6098 /* ElectrodeBridgeTransaction.h */ = {isa = PBXFileReference; name = "ElectrodeBridgeTransaction.h"; path = "ElectrodeReactNativeBridge/ElectrodeBridgeTransaction.h"; sourceTree = "<group>"; fileEncoding = 4; lastKnownFileType = sourcecode.c.h; explicitFileType = undefined; includeInIndex = 0; };
		27B508CFE50D48C1BE2A5B0D /* ElectrodeBridgeTransceiver.h */ = {isa = PBXFileReference; name = "ElectrodeBridgeTransceiver.h"; path = "ElectrodeReactNativeBridge/ElectrodeBridgeTransceiver.h"; sourceTree = "<group>"; fileEncoding = 4; lastKnownFileType = sourcecode.c.h; explicitFileType = undefined; includeInIndex = 0; };
		0A3579EA890148F0ABFDACEB /* ElectrodeBridgeTransceiver_Internal.h */ = {isa = PBXFileReference; name = "ElectrodeBridgeTransceiver_Internal.h"; path = "ElectrodeReactNativeBridge/ElectrodeBridgeTransceiver_Internal.h"; sourceTree = "<group>"; fileEncoding = 4; lastKnownFileType = sourcecode.c.h; explicitFileType = undefined; includeInIndex = 0; };
		94334412DD1E4BF4BF8A23BB /* ElectrodeEventDispatcher.h */ = {isa = PBXFileReference; name = "ElectrodeEventDispatcher.h"; path = "ElectrodeReactNativeBridge/ElectrodeEventDispatcher.h"; sourceTree = "<group>"; fileEncoding = 4; lastKnownFileType = sourcecode.c.h; explicitFileType = undefined; includeInIndex = 0; };
		C45F7A27F67D41D8B6AEACEC /* ElectrodeEventRegistrar.h */ = {isa = PBXFileReference; name = "ElectrodeEventRegistrar.h"; path = "ElectrodeReactNativeBridge/ElectrodeEventRegistrar.h"; sourceTree = "<group>"; fileEncoding = 4; lastKnownFileType = sourcecode.c.h; explicitFileType = undefined; includeInIndex = 0; };
		97BA0429C1254A88AB2302ED /* ElectrodeRequestDispatcher.h */ = {isa = PBXFileReference; name = "ElectrodeRequestDispatcher.h"; path = "ElectrodeReactNativeBridge/ElectrodeRequestDispatcher.h"; sourceTree = "<group>"; fileEncoding = 4; lastKnownFileType = sourcecode.c.h; explicitFileType = undefined; includeInIndex = 0; };
		2058BBE9DD1940348C7405C8 /* ElectrodeRequestRegistrar.h */ = {isa = PBXFileReference; name = "ElectrodeRequestRegistrar.h"; path = "ElectrodeReactNativeBridge/ElectrodeRequestRegistrar.h"; sourceTree = "<group>"; fileEncoding = 4; lastKnownFileType = sourcecode.c.h; explicitFileType = undefined; includeInIndex = 0; };
		5A2A494997714B58B8994BF6 /* ElectrodeReactNativeBridge.h */ = {isa = PBXFileReference; name = "ElectrodeReactNativeBridge.h"; path = "ElectrodeReactNativeBridge/ElectrodeReactNativeBridge.h"; sourceTree = "<group>"; fileEncoding = 4; lastKnownFileType = sourcecode.c.h; explicitFileType = undefined; includeInIndex = 0; };
		B973E396C8CD45A88CE6215F /* ElectrodeBridgeResponse.h */ = {isa = PBXFileReference; name = "ElectrodeBridgeResponse.h"; path = "ElectrodeReactNativeBridge/ElectrodeBridgeResponse.h"; sourceTree = "<group>"; fileEncoding = 4; lastKnownFileType = sourcecode.c.h; explicitFileType = undefined; includeInIndex = 0; };
		4B3D32B845DA4C2893A63BD1 /* ElectrodeLogger.h */ = {isa = PBXFileReference; name = "ElectrodeLogger.h"; path = "ElectrodeReactNativeBridge/ElectrodeLogger.h"; sourceTree = "<group>"; fileEncoding = 4; lastKnownFileType = sourcecode.c.h; explicitFileType = undefined; includeInIndex = 0; };
		343D7D096D48448E8AECA6AD /* RequestHandlerConfig.swift */ = {isa = PBXFileReference; name = "RequestHandlerConfig.swift"; path = "APIImpls/RequestHandlerConfig.swift"; sourceTree = "<group>"; fileEncoding = 4; lastKnownFileType = sourcecode.swift; explicitFileType = undefined; includeInIndex = 0; };
		00787F496C8443FFB3CF5DFA /* RequestHandlerProvider.swift */ = {isa = PBXFileReference; name = "RequestHandlerProvider.swift"; path = "APIImpls/RequestHandlerProvider.swift"; sourceTree = "<group>"; fileEncoding = 4; lastKnownFileType = sourcecode.swift; explicitFileType = undefined; includeInIndex = 0; };
		163CF902F6E54272B01E422F /* MoviesApiController.swift */ = {isa = PBXFileReference; name = "MoviesApiController.swift"; path = "APIImpls/MoviesApiController.swift"; sourceTree = "<group>"; fileEncoding = 4; lastKnownFileType = sourcecode.swift; explicitFileType = undefined; includeInIndex = 0; };
		073D0BD3EC5843D284360737 /* MoviesApiRequestHandlerDelegate.swift */ = {isa = PBXFileReference; name = "MoviesApiRequestHandlerDelegate.swift"; path = "APIImpls/MoviesApiRequestHandlerDelegate.swift"; sourceTree = "<group>"; fileEncoding = 4; lastKnownFileType = sourcecode.swift; explicitFileType = undefined; includeInIndex = 0; };
		260698F5493747E596DDD18E /* MoviesApiRequestHandlerProvider.swift */ = {isa = PBXFileReference; name = "MoviesApiRequestHandlerProvider.swift"; path = "APIImpls/MoviesApiRequestHandlerProvider.swift"; sourceTree = "<group>"; fileEncoding = 4; lastKnownFileType = sourcecode.swift; explicitFileType = undefined; includeInIndex = 0; };
/* End PBXFileReference section */

/* Begin PBXFrameworksBuildPhase section */
		485009DF1E2FF23B009B6610 /* Frameworks */ = {
			isa = PBXFrameworksBuildPhase;
			buildActionMask = 2147483647;
			files = (
				E2CAEE0394964492A5741FA7 /* libReact.a in Frameworks */,
				97B61AEC83CA4845981BF185 /* libRCTActionSheet.a in Frameworks */,
				6186A0590B94417CA0789B87 /* libRCTImage.a in Frameworks */,
				A6847D9AC2414BC6A075BCE9 /* libRCTAnimation.a in Frameworks */,
				A464496F8883443799F63A0C /* libRCTText.a in Frameworks */,
				1BA9A5C9228B4B14A5B77C0F /* libRCTWebSocket.a in Frameworks */,
				6F35BF7E2E834D2CAC622E73 /* libRCTLinking.a in Frameworks */,
				F3B1DB57EF4C412BABFB831C /* libRCTNetwork.a in Frameworks */,
				9B3CE81E7BCC4B88815994B6 /* libRCTSettings.a in Frameworks */,
				2AA78FF16E4E4762B842A55E /* libRCTVibration.a in Frameworks */,
				239A99D6A86647EAAE8A2613 /* libRCTCameraRoll.a in Frameworks */,
				FB999956ECE44DB1A0B372E0 /* libART.a in Frameworks */,
				503343D5795A4AA8BED248B5 /* JavaScriptCore.framework in Frameworks */,
			);
			runOnlyForDeploymentPostprocessing = 0;
		};
		485009E91E2FF23C009B6610 /* Frameworks */ = {
			isa = PBXFrameworksBuildPhase;
			buildActionMask = 2147483647;
			files = (
				485009ED1E2FF23C009B6610 /* ElectrodeApiImpl.framework in Frameworks */,
			);
			runOnlyForDeploymentPostprocessing = 0;
		};
/* End PBXFrameworksBuildPhase section */

/* Begin PBXGroup section */
		226325CE1E80594F00CD0B10 /* ReactNative */ = {
			isa = PBXGroup;
			children = (
				619E0F92D95C4728B617DB7B /* React.xcodeproj */,
				526E85DE9C394257A6CA7146 /* RCTActionSheet.xcodeproj */,
				934639A4E9444DAE811EA083 /* RCTImage.xcodeproj */,
				F468C225B0F54042B2B85D6E /* RCTAnimation.xcodeproj */,
				B00EFE40F4C2425EBCF77798 /* RCTText.xcodeproj */,
				02E2F690119A447D86F69CCF /* RCTWebSocket.xcodeproj */,
				63A3A3AB513343AEA094996A /* RCTLinking.xcodeproj */,
				3CDBFC6191844217AB3A3EE5 /* RCTNetwork.xcodeproj */,
				53530E36F22D4DE28F6E716B /* RCTSettings.xcodeproj */,
				D75CE2B3823C45378800207D /* RCTVibration.xcodeproj */,
				C70619FDBDE14B3A912AAE20 /* RCTCameraRoll.xcodeproj */,
				6E360FEA9EF44A3CA2663CDA /* ART.xcodeproj */,
			);
			name = ReactNative;
			sourceTree = "<group>";
		};
		22C096A91EA0893F00E1486A /* APIs */ = {
			isa = PBXGroup;
			children = (
				1F25758546444D4993DFD2AB /* BirthYear.swift */,
				32577FAF83EB4D85A0C6086C /* Movie.swift */,
				D59659E6D2B646BD8FF2B76C /* MoviesAPI.swift */,
				02F2D92E531944999C2FA94D /* MoviesRequests.swift */,
				76EFE1AFF381405DA742CCBA /* Person.swift */,
				B972CBF3E9194CDD81062262 /* Synopsis.swift */,
			);
			name = APIs;
			sourceTree = "<group>";
		};
		22FD4D1E1E96ECBB00FC81DB /* ElectrodeReactNativeBridge */ = {
			isa = PBXGroup;
			children = (
				34BA740D19C6439C87674376 /* ElectrodeObject.swift */,
				4FCF1085175D4D939D78FBEB /* Bridgeable.swift */,
				2F9E7EFE74BE44D0A833BE64 /* ElectrodeRequestHandlerProcessor.swift */,
				3FB5BA0E931642EFA30DEB1C /* ElectrodeRequestProcessor.swift */,
				3EB6238650894E74ACA7FE20 /* ElectrodeUtilities.swift */,
				7417E585F29C4AC1A4A71F1E /* EventListenerProcessor.swift */,
				E3F813FFD98642208CD13A34 /* EventProcessor.swift */,
				6B307A8AB0E94F668164004A /* Processor.swift */,
				71DEA81E3EB04CF3A110ED23 /* None.swift */,
				AF09C124578E4C39B702982C /* ElectrodeBridgeEvent.m */,
				437D493B38C1474693BAFE3C /* ElectrodeBridgeFailureMessage.m */,
				FF8B307F88F6407687247688 /* ElectrodeBridgeHolder.m */,
				D5FE78CCE6F344BE9379A271 /* ElectrodeBridgeMessage.m */,
				0A9CADAC653B4242932D9EB3 /* ElectrodeBridgeProtocols.m */,
				711E033A952B4F0B8FFEC4EF /* ElectrodeBridgeRequest.m */,
				3EDC4887006042358F896BE6 /* ElectrodeBridgeResponse.m */,
				78BE42EACB2D4244BC96353D /* ElectrodeBridgeTransaction.m */,
				D666310F92164214B8C5C5F3 /* ElectrodeBridgeTransceiver.m */,
				04EBB62A17D746DCB7B877D3 /* ElectrodeEventDispatcher.m */,
				EC3D187B3F3A4708BEC072F8 /* ElectrodeEventRegistrar.m */,
				215FB55EC64548D4939BF18E /* ElectrodeRequestDispatcher.m */,
				7D5C8384B9074307AAD6C340 /* ElectrodeRequestRegistrar.m */,
				547222CF195143DCB495589B /* ElectrodeLogger.m */,
				20CC50214889402B8E47277D /* ElectrodeBridgeEvent.h */,
				365BFCCFAB26455484285EAD /* ElectrodeBridgeFailureMessage.h */,
				71CF888ECD554273AF543F42 /* ElectrodeBridgeHolder.h */,
				A7A2B63A70BC43818832D23A /* ElectrodeBridgeMessage.h */,
				EA06960BB3DE4F95BFD1E2DF /* ElectrodeBridgeProtocols.h */,
				4AC0A66FCDD94F3F901320B8 /* ElectrodeBridgeRequest.h */,
				7F0F3BAEDC0943C0BA0C6098 /* ElectrodeBridgeTransaction.h */,
				27B508CFE50D48C1BE2A5B0D /* ElectrodeBridgeTransceiver.h */,
				0A3579EA890148F0ABFDACEB /* ElectrodeBridgeTransceiver_Internal.h */,
				94334412DD1E4BF4BF8A23BB /* ElectrodeEventDispatcher.h */,
				C45F7A27F67D41D8B6AEACEC /* ElectrodeEventRegistrar.h */,
				97BA0429C1254A88AB2302ED /* ElectrodeRequestDispatcher.h */,
				2058BBE9DD1940348C7405C8 /* ElectrodeRequestRegistrar.h */,
				5A2A494997714B58B8994BF6 /* ElectrodeReactNativeBridge.h */,
				B973E396C8CD45A88CE6215F /* ElectrodeBridgeResponse.h */,
				4B3D32B845DA4C2893A63BD1 /* ElectrodeLogger.h */,
			);
			name = ElectrodeReactNativeBridge;
			sourceTree = "<group>";
		};
		485009D91E2FF23B009B6610 = {
			isa = PBXGroup;
			children = (
				485009E51E2FF23B009B6610 /* ElectrodeApiImpl */,
				485009F01E2FF23C009B6610 /* ElectrodeApiImplTests */,
				485009E41E2FF23B009B6610 /* Products */,
				485009FD1E2FF25D009B6610 /* Libraries */,
				48500AA71E2FFA14009B6610 /* Frameworks */,
			);
			sourceTree = "<group>";
		};
		485009E41E2FF23B009B6610 /* Products */ = {
			isa = PBXGroup;
			children = (
				485009E31E2FF23B009B6610 /* ElectrodeApiImpl.framework */,
				485009EC1E2FF23C009B6610 /* ElectrodeApiImplTests.xctest */,
			);
			name = Products;
			sourceTree = "<group>";
		};
		485009E51E2FF23B009B6610 /* ElectrodeApiImpl */ = {
			isa = PBXGroup;
			children = (
				7F1C6B771FAD343A00F68360 /* APIImpls */,
				2265A4A11EB26943007D6C3D /* Info.plist */,
				22C096A91EA0893F00E1486A /* APIs */,
				22FD4D1E1E96ECBB00FC81DB /* ElectrodeReactNativeBridge */,
				968333D51E54E3470031C565 /* ElectrodeBridgeDelegate.h */,
				968333D61E54E3470031C565 /* ElectrodeBridgeDelegate.m */,
				485009E61E2FF23B009B6610 /* ElectrodeApiImpl.h */,
				48500A961E2FF55B009B6610 /* ElectrodeReactNative.h */,
				30F8CDED1E67946E00413247 /* ElectrodeReactNative_Internal.h */,
				48500A971E2FF55B009B6610 /* ElectrodeReactNative.m */,
			);
			path = ElectrodeApiImpl;
			sourceTree = "<group>";
		};
		485009F01E2FF23C009B6610 /* ElectrodeApiImplTests */ = {
			isa = PBXGroup;
			children = (
				485009F11E2FF23C009B6610 /* ElectrodeApiImplTests.m */,
				485009F31E2FF23C009B6610 /* Info.plist */,
				30B77DD51E66518E00EF3A78 /* ElectrodeBridgeDelegateTests.m */,
				30F8CDE31E677D7C00413247 /* ElectrodeReactNativeTests.m */,
			);
			path = ElectrodeApiImplTests;
			sourceTree = "<group>";
		};
		485009FD1E2FF25D009B6610 /* Libraries */ = {
			isa = PBXGroup;
			children = (
				226325CE1E80594F00CD0B10 /* ReactNative */,
				9654B8921E5CCA1D00AFF607 /* MiniApp */,
			);
			name = Libraries;
			path = ElectrodeApiImpl/Libraries;
			sourceTree = "<group>";
		};
		48500AA71E2FFA14009B6610 /* Frameworks */ = {
			isa = PBXGroup;
			children = (
				A8E38019534D4A61867AF384 /* JavaScriptCore.framework */,
			);
			name = Frameworks;
			sourceTree = "<group>";
		};
		7F1C6B771FAD343A00F68360 /* APIImpls */ = {
			isa = PBXGroup;
			children = (
				343D7D096D48448E8AECA6AD /* RequestHandlerConfig.swift */,
				00787F496C8443FFB3CF5DFA /* RequestHandlerProvider.swift */,
				163CF902F6E54272B01E422F /* MoviesApiController.swift */,
				073D0BD3EC5843D284360737 /* MoviesApiRequestHandlerDelegate.swift */,
				260698F5493747E596DDD18E /* MoviesApiRequestHandlerProvider.swift */,
			);
			name = APIImpls;
			sourceTree = "<group>";
		};
		9654B8921E5CCA1D00AFF607 /* MiniApp */ = {
			isa = PBXGroup;
			children = (
			);
			path = MiniApp;
			sourceTree = "<group>";
		};
		99E4D9B81404452097E29160 /* Products */ = {
			isa = PBXGroup;
			children = (
				2163673E1FBB4547A0575D61 /* libReact.a */,
			);
			name = Products;
			path = undefined;
			sourceTree = "<group>";
		};
		D90A196FF68440E9AC8C98C4 /* Products */ = {
			isa = PBXGroup;
			children = (
				0F539D42E8824547997A6B4B /* libRCTActionSheet.a */,
			);
			name = Products;
			path = undefined;
			sourceTree = "<group>";
		};
		920231552E584D7BBECDB08A /* Products */ = {
			isa = PBXGroup;
			children = (
				52F853B00B524AEE8582550C /* libRCTImage.a */,
			);
			name = Products;
			path = undefined;
			sourceTree = "<group>";
		};
		E4745EFF33D14440805B4D3D /* Products */ = {
			isa = PBXGroup;
			children = (
				1DF1965BFBB8418CBD9C2028 /* libRCTAnimation.a */,
			);
			name = Products;
			path = undefined;
			sourceTree = "<group>";
		};
		305CE6C67530460FACDBEE9B /* Products */ = {
			isa = PBXGroup;
			children = (
				46CA8B012C1D4BDC920F1ADE /* libRCTText.a */,
			);
			name = Products;
			path = undefined;
			sourceTree = "<group>";
		};
		0B91059B95B74EE38B58AA43 /* Products */ = {
			isa = PBXGroup;
			children = (
				4BA939B8D34947B3AD376DF2 /* libRCTWebSocket.a */,
			);
			name = Products;
			path = undefined;
			sourceTree = "<group>";
		};
		5894A6B428654721B5DF2BDC /* Products */ = {
			isa = PBXGroup;
			children = (
				093C5CF55E8E451BACC8C3C1 /* libRCTLinking.a */,
			);
			name = Products;
			path = undefined;
			sourceTree = "<group>";
		};
		CDB29271AE2346AF894ED077 /* Products */ = {
			isa = PBXGroup;
			children = (
				3A11C9F1621742C296929FA9 /* libRCTNetwork.a */,
			);
			name = Products;
			path = undefined;
			sourceTree = "<group>";
		};
		9846C22BAC01474B9CEC501D /* Products */ = {
			isa = PBXGroup;
			children = (
				CEB7EE00D55A47C6AB7E9A6D /* libRCTSettings.a */,
			);
			name = Products;
			path = undefined;
			sourceTree = "<group>";
		};
		3B9C450D0023478C907C4AE3 /* Products */ = {
			isa = PBXGroup;
			children = (
				8E6669E888B44EB288CFF90B /* libRCTVibration.a */,
			);
			name = Products;
			path = undefined;
			sourceTree = "<group>";
		};
		C7A7D98114CF43389F15A5FF /* Products */ = {
			isa = PBXGroup;
			children = (
				5D24904D68A146CB944BDB6A /* libRCTCameraRoll.a */,
			);
			name = Products;
			path = undefined;
			sourceTree = "<group>";
		};
		856C46B6494A4318B89BBBA2 /* Products */ = {
			isa = PBXGroup;
			children = (
				AF6A34CAA2AE410F9E22E5A4 /* libART.a */,
			);
			name = Products;
			path = undefined;
			sourceTree = "<group>";
		};
/* End PBXGroup section */

/* Begin PBXHeadersBuildPhase section */
		485009E01E2FF23B009B6610 /* Headers */ = {
			isa = PBXHeadersBuildPhase;
			buildActionMask = 2147483647;
			files = (
				485009F41E2FF23C009B6610 /* ElectrodeApiImpl.h in Headers */,
				968333D71E54E3470031C565 /* ElectrodeBridgeDelegate.h in Headers */,
				30F8CDEE1E67946E00413247 /* ElectrodeReactNative_Internal.h in Headers */,
				48500A981E2FF55B009B6610 /* ElectrodeReactNative.h in Headers */,
				67E9AC7838AC435787B9CAB2 /* BirthYear.swift in Headers */,
				6BC658B0A5754B54AA1D3756 /* Movie.swift in Headers */,
				3F7C0D2182CB494D9305E41E /* MoviesAPI.swift in Headers */,
				03E2C9E5EB8A44B9B726D480 /* MoviesRequests.swift in Headers */,
				538BB29EB8E848629B30FACB /* Person.swift in Headers */,
				268A70B25D8C4D7BB2C3055E /* Synopsis.swift in Headers */,
				190FF83CCCF247FE99EBAD7D /* ElectrodeBridgeEvent.h in Headers */,
				D440D9E3FAC14F4AA04D4C72 /* ElectrodeBridgeFailureMessage.h in Headers */,
				3F662DB6B7F545668CBF08D3 /* ElectrodeBridgeHolder.h in Headers */,
				3A1A291FA155463A93C669B8 /* ElectrodeBridgeMessage.h in Headers */,
				5799067C1D074A2FB7E9B459 /* ElectrodeBridgeProtocols.h in Headers */,
				7D8640D2B0D44F5786D0759B /* ElectrodeBridgeRequest.h in Headers */,
				3272331405244CF29783B090 /* ElectrodeBridgeTransaction.h in Headers */,
				757AF383E3894832AE8E3279 /* ElectrodeBridgeTransceiver.h in Headers */,
				09B91F020F914B44A9E3488A /* ElectrodeBridgeTransceiver_Internal.h in Headers */,
				8F4940B6E81A4EE0AF5392B1 /* ElectrodeEventDispatcher.h in Headers */,
				5BBAAB580D9C4025A91933D7 /* ElectrodeEventRegistrar.h in Headers */,
				11BABFEAA5FF4046A6577886 /* ElectrodeRequestDispatcher.h in Headers */,
				5D085CB40EF04EA3B0C8CDDE /* ElectrodeRequestRegistrar.h in Headers */,
				F3CE3EF3A6964F6C8DC899ED /* ElectrodeReactNativeBridge.h in Headers */,
				796B5DD624CE48889A97A1C2 /* ElectrodeBridgeResponse.h in Headers */,
				E6F6B4EFE04A4643B59AB141 /* ElectrodeLogger.h in Headers */,
			);
			runOnlyForDeploymentPostprocessing = 0;
		};
/* End PBXHeadersBuildPhase section */

/* Begin PBXNativeTarget section */
		485009E21E2FF23B009B6610 /* ElectrodeApiImpl */ = {
			isa = PBXNativeTarget;
			buildConfigurationList = 485009F71E2FF23C009B6610 /* Build configuration list for PBXNativeTarget "ElectrodeApiImpl" */;
			buildPhases = (
				485009DE1E2FF23B009B6610 /* Sources */,
				485009DF1E2FF23B009B6610 /* Frameworks */,
				485009E01E2FF23B009B6610 /* Headers */,
				485009E11E2FF23B009B6610 /* Resources */,
			);
			buildRules = (
			);
			dependencies = (
				403893EF154A4A9687C02103 /* PBXTargetDependency */,
				2E453EE429F84FDD985D9B36 /* PBXTargetDependency */,
				8BC0AF148D3642E2912ED0A2 /* PBXTargetDependency */,
				8274832D464B41A4AFA33C1A /* PBXTargetDependency */,
				95DBCD7571FC47B8BBF524E2 /* PBXTargetDependency */,
				67B1D55319ED4CA39111417E /* PBXTargetDependency */,
				98E040A99C3541B6B8A3ECD2 /* PBXTargetDependency */,
				0F5FAFEFE71241AC9594AE24 /* PBXTargetDependency */,
				E18073B657984594923FA9D2 /* PBXTargetDependency */,
				52F54D91AA564FAD8D4E8E89 /* PBXTargetDependency */,
				5A9877BCCADB4958ACE46445 /* PBXTargetDependency */,
				C4DE5513097F4978BDF7C341 /* PBXTargetDependency */,
			);
			name = ElectrodeApiImpl;
			productName = ElectrodeApiImpl;
			productReference = 485009E31E2FF23B009B6610 /* ElectrodeApiImpl.framework */;
			productType = "com.apple.product-type.framework";
		};
		485009EB1E2FF23C009B6610 /* ElectrodeApiImplTests */ = {
			isa = PBXNativeTarget;
			buildConfigurationList = 485009FA1E2FF23C009B6610 /* Build configuration list for PBXNativeTarget "ElectrodeApiImplTests" */;
			buildPhases = (
				485009E81E2FF23C009B6610 /* Sources */,
				485009E91E2FF23C009B6610 /* Frameworks */,
				485009EA1E2FF23C009B6610 /* Resources */,
			);
			buildRules = (
			);
			dependencies = (
				485009EF1E2FF23C009B6610 /* PBXTargetDependency */,
			);
			name = ElectrodeApiImplTests;
			productName = ElectrodeApiImplTests;
			productReference = 485009EC1E2FF23C009B6610 /* ElectrodeApiImplTests.xctest */;
			productType = "com.apple.product-type.bundle.unit-test";
		};
/* End PBXNativeTarget section */

/* Begin PBXProject section */
		485009DA1E2FF23B009B6610 /* Project object */ = {
			isa = PBXProject;
			attributes = {
				LastUpgradeCheck = 820;
				ORGANIZATIONNAME = Walmart;
				TargetAttributes = {
					485009E21E2FF23B009B6610 = {
						CreatedOnToolsVersion = 8.2.1;
						ProvisioningStyle = Automatic;
					};
					485009EB1E2FF23C009B6610 = {
						CreatedOnToolsVersion = 8.2.1;
						DevelopmentTeam = DXZ5VF8836;
						ProvisioningStyle = Automatic;
					};
				};
			};
			buildConfigurationList = 485009DD1E2FF23B009B6610 /* Build configuration list for PBXProject "ElectrodeApiImpl" */;
			compatibilityVersion = "Xcode 3.2";
			developmentRegion = English;
			hasScannedForEncodings = 0;
			knownRegions = (
				en,
			);
			mainGroup = 485009D91E2FF23B009B6610;
			productRefGroup = 485009E41E2FF23B009B6610 /* Products */;
			projectDirPath = "";
			projectRoot = "";
			targets = (
				485009E21E2FF23B009B6610 /* ElectrodeApiImpl */,
				485009EB1E2FF23C009B6610 /* ElectrodeApiImplTests */,
			);
			projectReferences = (
				{
					ProjectRef = 619E0F92D95C4728B617DB7B /* React.xcodeproj */;
					ProductGroup = 99E4D9B81404452097E29160 /* Products */;
				},
				{
					ProjectRef = 526E85DE9C394257A6CA7146 /* RCTActionSheet.xcodeproj */;
					ProductGroup = D90A196FF68440E9AC8C98C4 /* Products */;
				},
				{
					ProjectRef = 934639A4E9444DAE811EA083 /* RCTImage.xcodeproj */;
					ProductGroup = 920231552E584D7BBECDB08A /* Products */;
				},
				{
					ProjectRef = F468C225B0F54042B2B85D6E /* RCTAnimation.xcodeproj */;
					ProductGroup = E4745EFF33D14440805B4D3D /* Products */;
				},
				{
					ProjectRef = B00EFE40F4C2425EBCF77798 /* RCTText.xcodeproj */;
					ProductGroup = 305CE6C67530460FACDBEE9B /* Products */;
				},
				{
					ProjectRef = 02E2F690119A447D86F69CCF /* RCTWebSocket.xcodeproj */;
					ProductGroup = 0B91059B95B74EE38B58AA43 /* Products */;
				},
				{
					ProjectRef = 63A3A3AB513343AEA094996A /* RCTLinking.xcodeproj */;
					ProductGroup = 5894A6B428654721B5DF2BDC /* Products */;
				},
				{
					ProjectRef = 3CDBFC6191844217AB3A3EE5 /* RCTNetwork.xcodeproj */;
					ProductGroup = CDB29271AE2346AF894ED077 /* Products */;
				},
				{
					ProjectRef = 53530E36F22D4DE28F6E716B /* RCTSettings.xcodeproj */;
					ProductGroup = 9846C22BAC01474B9CEC501D /* Products */;
				},
				{
					ProjectRef = D75CE2B3823C45378800207D /* RCTVibration.xcodeproj */;
					ProductGroup = 3B9C450D0023478C907C4AE3 /* Products */;
				},
				{
					ProjectRef = C70619FDBDE14B3A912AAE20 /* RCTCameraRoll.xcodeproj */;
					ProductGroup = C7A7D98114CF43389F15A5FF /* Products */;
				},
				{
					ProjectRef = 6E360FEA9EF44A3CA2663CDA /* ART.xcodeproj */;
					ProductGroup = 856C46B6494A4318B89BBBA2 /* Products */;
				},
			);
		};
/* End PBXProject section */

/* Begin PBXReferenceProxy section */
		2163673E1FBB4547A0575D61 /* libReact.a */ = {
			isa = PBXReferenceProxy;
			fileType = archive.ar;
			path = libReact.a;
			remoteRef = 72CC94209F5E45DE93D6D812 /* PBXContainerItemProxy */;
			sourceTree = BUILT_PRODUCTS_DIR;
		};
		0F539D42E8824547997A6B4B /* libRCTActionSheet.a */ = {
			isa = PBXReferenceProxy;
			fileType = archive.ar;
			path = libRCTActionSheet.a;
			remoteRef = B6C22AD1C3F448739A6C40D4 /* PBXContainerItemProxy */;
			sourceTree = BUILT_PRODUCTS_DIR;
		};
		52F853B00B524AEE8582550C /* libRCTImage.a */ = {
			isa = PBXReferenceProxy;
			fileType = archive.ar;
			path = libRCTImage.a;
			remoteRef = 7CCEEDB7647C4735813AF1AD /* PBXContainerItemProxy */;
			sourceTree = BUILT_PRODUCTS_DIR;
		};
		1DF1965BFBB8418CBD9C2028 /* libRCTAnimation.a */ = {
			isa = PBXReferenceProxy;
			fileType = archive.ar;
			path = libRCTAnimation.a;
			remoteRef = 5BAD33F0B4C7461381A5A32C /* PBXContainerItemProxy */;
			sourceTree = BUILT_PRODUCTS_DIR;
		};
		46CA8B012C1D4BDC920F1ADE /* libRCTText.a */ = {
			isa = PBXReferenceProxy;
			fileType = archive.ar;
			path = libRCTText.a;
			remoteRef = 8CBE3837628446A393140515 /* PBXContainerItemProxy */;
			sourceTree = BUILT_PRODUCTS_DIR;
		};
		4BA939B8D34947B3AD376DF2 /* libRCTWebSocket.a */ = {
			isa = PBXReferenceProxy;
			fileType = archive.ar;
			path = libRCTWebSocket.a;
			remoteRef = 9E093E8419574C91AB21882D /* PBXContainerItemProxy */;
			sourceTree = BUILT_PRODUCTS_DIR;
		};
		093C5CF55E8E451BACC8C3C1 /* libRCTLinking.a */ = {
			isa = PBXReferenceProxy;
			fileType = archive.ar;
			path = libRCTLinking.a;
			remoteRef = 7047A3F0F4DC4C37BE1F9999 /* PBXContainerItemProxy */;
			sourceTree = BUILT_PRODUCTS_DIR;
		};
		3A11C9F1621742C296929FA9 /* libRCTNetwork.a */ = {
			isa = PBXReferenceProxy;
			fileType = archive.ar;
			path = libRCTNetwork.a;
			remoteRef = 3C3B88650CDD448BB32D1790 /* PBXContainerItemProxy */;
			sourceTree = BUILT_PRODUCTS_DIR;
		};
		CEB7EE00D55A47C6AB7E9A6D /* libRCTSettings.a */ = {
			isa = PBXReferenceProxy;
			fileType = archive.ar;
			path = libRCTSettings.a;
			remoteRef = 2F8EE478A3C94075BBD0AA66 /* PBXContainerItemProxy */;
			sourceTree = BUILT_PRODUCTS_DIR;
		};
		8E6669E888B44EB288CFF90B /* libRCTVibration.a */ = {
			isa = PBXReferenceProxy;
			fileType = archive.ar;
			path = libRCTVibration.a;
			remoteRef = 21E96B3C084C470A9FA173BD /* PBXContainerItemProxy */;
			sourceTree = BUILT_PRODUCTS_DIR;
		};
		5D24904D68A146CB944BDB6A /* libRCTCameraRoll.a */ = {
			isa = PBXReferenceProxy;
			fileType = archive.ar;
			path = libRCTCameraRoll.a;
			remoteRef = 790819279B8348F1AD153070 /* PBXContainerItemProxy */;
			sourceTree = BUILT_PRODUCTS_DIR;
		};
		AF6A34CAA2AE410F9E22E5A4 /* libART.a */ = {
			isa = PBXReferenceProxy;
			fileType = archive.ar;
			path = libART.a;
			remoteRef = 82ADB1DD7F484A72BFEE0B6C /* PBXContainerItemProxy */;
			sourceTree = BUILT_PRODUCTS_DIR;
		};
/* End PBXReferenceProxy section */

/* Begin PBXResourcesBuildPhase section */
		485009E11E2FF23B009B6610 /* Resources */ = {
			isa = PBXResourcesBuildPhase;
			buildActionMask = 2147483647;
			files = (
			);
			runOnlyForDeploymentPostprocessing = 0;
		};
		485009EA1E2FF23C009B6610 /* Resources */ = {
			isa = PBXResourcesBuildPhase;
			buildActionMask = 2147483647;
			files = (
			);
			runOnlyForDeploymentPostprocessing = 0;
		};
/* End PBXResourcesBuildPhase section */

/* Begin PBXSourcesBuildPhase section */
		485009DE1E2FF23B009B6610 /* Sources */ = {
			isa = PBXSourcesBuildPhase;
			buildActionMask = 2147483647;
			files = (
				48500A991E2FF55B009B6610 /* ElectrodeReactNative.m in Sources */,
				968333D81E54E3470031C565 /* ElectrodeBridgeDelegate.m in Sources */,
				17F9BBE36AA444F1A53DD3BA /* BirthYear.swift in Sources */,
				621D3BE9BE174B848014B724 /* Movie.swift in Sources */,
				698A5D4A095642C091F5477D /* MoviesAPI.swift in Sources */,
				5E191AEF07014C969884FD44 /* MoviesRequests.swift in Sources */,
				E5EBA99AE76843D1AA31F75F /* Person.swift in Sources */,
				D03233D34FB54E2996B7E888 /* Synopsis.swift in Sources */,
				40E4DE49FA5A4EBB8EE19C0E /* ElectrodeObject.swift in Sources */,
				43A42C5435E64142B403D802 /* Bridgeable.swift in Sources */,
				BCC72818F21E4271A6F16C79 /* ElectrodeRequestHandlerProcessor.swift in Sources */,
				F3B464D51C584D2181B3DF02 /* ElectrodeRequestProcessor.swift in Sources */,
				8227091E1B3C48CE894AB0BC /* ElectrodeUtilities.swift in Sources */,
				AC1BC14219474B51BD634516 /* EventListenerProcessor.swift in Sources */,
				042CA74EED674A4EBBB089E1 /* EventProcessor.swift in Sources */,
				541B9D6E21574F52A6EBE30D /* Processor.swift in Sources */,
				82B7790435514A118E9DE1E4 /* None.swift in Sources */,
				8846DD68BE664FA9B5B7BD68 /* ElectrodeBridgeEvent.m in Sources */,
				9F542D8434FA4BB0BD564A86 /* ElectrodeBridgeFailureMessage.m in Sources */,
				35048AB565E54DDEACD171FB /* ElectrodeBridgeHolder.m in Sources */,
				0367D3E0536B4740B1D9F32A /* ElectrodeBridgeMessage.m in Sources */,
				9CBA3A9FF3494882A900D0A8 /* ElectrodeBridgeProtocols.m in Sources */,
				532E6AABCFF942C1AE355350 /* ElectrodeBridgeRequest.m in Sources */,
				2D506DCDC0AB4B58A64CE168 /* ElectrodeBridgeResponse.m in Sources */,
				A73113FBBE2F41A8AC5AE320 /* ElectrodeBridgeTransaction.m in Sources */,
				70CDBF3E7F664A42B81CE6A0 /* ElectrodeBridgeTransceiver.m in Sources */,
				5DFBC149AC924B408761C3A1 /* ElectrodeEventDispatcher.m in Sources */,
				DD64CDC4F7F84E97A4C6EF2F /* ElectrodeEventRegistrar.m in Sources */,
				376BA731D3CC4D07964DEE2E /* ElectrodeRequestDispatcher.m in Sources */,
				09C710E91931490C8049AF08 /* ElectrodeRequestRegistrar.m in Sources */,
				34B7A53EA4BA43D2AFE64DAD /* ElectrodeLogger.m in Sources */,
				1E671501B8EF4CEE84075D81 /* RequestHandlerConfig.swift in Sources */,
				7A68CB947D8C4AFDA9EF1DD6 /* RequestHandlerProvider.swift in Sources */,
				8DFF7D1CDA3F4A96AB92E972 /* MoviesApiController.swift in Sources */,
				C81EFF38AF1140E1B8A7B3D0 /* MoviesApiRequestHandlerDelegate.swift in Sources */,
				3533ACC77CA9453EB8F2D976 /* MoviesApiRequestHandlerProvider.swift in Sources */,
			);
			runOnlyForDeploymentPostprocessing = 0;
		};
		485009E81E2FF23C009B6610 /* Sources */ = {
			isa = PBXSourcesBuildPhase;
			buildActionMask = 2147483647;
			files = (
				485009F21E2FF23C009B6610 /* ElectrodeApiImplTests.m in Sources */,
				30B77DD61E66518E00EF3A78 /* ElectrodeBridgeDelegateTests.m in Sources */,
				30F8CDE41E677D7C00413247 /* ElectrodeReactNativeTests.m in Sources */,
			);
			runOnlyForDeploymentPostprocessing = 0;
		};
/* End PBXSourcesBuildPhase section */

/* Begin PBXTargetDependency section */
		485009EF1E2FF23C009B6610 /* PBXTargetDependency */ = {
			isa = PBXTargetDependency;
			target = 485009E21E2FF23B009B6610 /* ElectrodeApiImpl */;
			targetProxy = 485009EE1E2FF23C009B6610 /* PBXContainerItemProxy */;
		};
		403893EF154A4A9687C02103 /* PBXTargetDependency */ = {
			isa = PBXTargetDependency;
			name = React;
			targetProxy = AA00A9A87D1643CFB1AC2791 /* PBXContainerItemProxy */;
		};
		2E453EE429F84FDD985D9B36 /* PBXTargetDependency */ = {
			isa = PBXTargetDependency;
			name = RCTActionSheet;
			targetProxy = 54376A70CD014EE4AC417C71 /* PBXContainerItemProxy */;
		};
		8BC0AF148D3642E2912ED0A2 /* PBXTargetDependency */ = {
			isa = PBXTargetDependency;
			name = RCTImage;
			targetProxy = 5FDF80137FF7462E875ABA6C /* PBXContainerItemProxy */;
		};
		8274832D464B41A4AFA33C1A /* PBXTargetDependency */ = {
			isa = PBXTargetDependency;
			name = RCTAnimation;
			targetProxy = AE5EE68775A94AC392FB2415 /* PBXContainerItemProxy */;
		};
		95DBCD7571FC47B8BBF524E2 /* PBXTargetDependency */ = {
			isa = PBXTargetDependency;
			name = RCTText;
			targetProxy = E9763571F7CB4F08BC3888F7 /* PBXContainerItemProxy */;
		};
		67B1D55319ED4CA39111417E /* PBXTargetDependency */ = {
			isa = PBXTargetDependency;
			name = RCTWebSocket;
			targetProxy = 5D57D331E9414466A55EAD8A /* PBXContainerItemProxy */;
		};
		98E040A99C3541B6B8A3ECD2 /* PBXTargetDependency */ = {
			isa = PBXTargetDependency;
			name = RCTLinking;
			targetProxy = ECB23D1C1550425D86EBE145 /* PBXContainerItemProxy */;
		};
		0F5FAFEFE71241AC9594AE24 /* PBXTargetDependency */ = {
			isa = PBXTargetDependency;
			name = RCTNetwork;
			targetProxy = 6F4FC63F065D47FE932B011F /* PBXContainerItemProxy */;
		};
		E18073B657984594923FA9D2 /* PBXTargetDependency */ = {
			isa = PBXTargetDependency;
			name = RCTSettings;
			targetProxy = C9D56C12A7284596A86BAAC7 /* PBXContainerItemProxy */;
		};
		52F54D91AA564FAD8D4E8E89 /* PBXTargetDependency */ = {
			isa = PBXTargetDependency;
			name = RCTVibration;
			targetProxy = 0C68FF2D021D4D7B92714F09 /* PBXContainerItemProxy */;
		};
		5A9877BCCADB4958ACE46445 /* PBXTargetDependency */ = {
			isa = PBXTargetDependency;
			name = RCTCameraRoll;
			targetProxy = DE96A488B3754F348A59CC36 /* PBXContainerItemProxy */;
		};
		C4DE5513097F4978BDF7C341 /* PBXTargetDependency */ = {
			isa = PBXTargetDependency;
			name = ART;
			targetProxy = A97BB249368748198336136F /* PBXContainerItemProxy */;
		};
/* End PBXTargetDependency section */

/* Begin XCBuildConfiguration section */
		303268E41EA8139700A41A8F /* QADeployment */ = {
			isa = XCBuildConfiguration;
			buildSettings = {
				ALWAYS_SEARCH_USER_PATHS = NO;
				CLANG_ANALYZER_NONNULL = YES;
				CLANG_CXX_LANGUAGE_STANDARD = "gnu++0x";
				CLANG_CXX_LIBRARY = "libc++";
				CLANG_ENABLE_MODULES = YES;
				CLANG_ENABLE_OBJC_ARC = YES;
				CLANG_WARN_BOOL_CONVERSION = YES;
				CLANG_WARN_CONSTANT_CONVERSION = YES;
				CLANG_WARN_DIRECT_OBJC_ISA_USAGE = YES_ERROR;
				CLANG_WARN_DOCUMENTATION_COMMENTS = YES;
				CLANG_WARN_EMPTY_BODY = YES;
				CLANG_WARN_ENUM_CONVERSION = YES;
				CLANG_WARN_INFINITE_RECURSION = YES;
				CLANG_WARN_INT_CONVERSION = YES;
				CLANG_WARN_OBJC_ROOT_CLASS = YES_ERROR;
				CLANG_WARN_SUSPICIOUS_MOVE = YES;
				CLANG_WARN_UNREACHABLE_CODE = YES;
				CLANG_WARN__DUPLICATE_METHOD_MATCH = YES;
				"CODE_SIGN_IDENTITY[sdk=iphoneos*]" = "iPhone Developer";
				COPY_PHASE_STRIP = NO;
				CURRENT_PROJECT_VERSION = 1;
				DEBUG_INFORMATION_FORMAT = "dwarf-with-dsym";
				ENABLE_STRICT_OBJC_MSGSEND = YES;
				ENABLE_TESTABILITY = YES;
				GCC_C_LANGUAGE_STANDARD = gnu99;
				GCC_DYNAMIC_NO_PIC = NO;
				GCC_NO_COMMON_BLOCKS = YES;
				GCC_OPTIMIZATION_LEVEL = 0;
				GCC_PREPROCESSOR_DEFINITIONS = (
					"DEBUG=1",
					"$(inherited)",
				);
				GCC_WARN_64_TO_32_BIT_CONVERSION = YES;
				GCC_WARN_ABOUT_RETURN_TYPE = YES_ERROR;
				GCC_WARN_UNDECLARED_SELECTOR = YES;
				GCC_WARN_UNINITIALIZED_AUTOS = YES_AGGRESSIVE;
				GCC_WARN_UNUSED_FUNCTION = YES;
				GCC_WARN_UNUSED_VARIABLE = YES;
				IPHONEOS_DEPLOYMENT_TARGET = 9.0;
				MTL_ENABLE_DEBUG_INFO = YES;
				ONLY_ACTIVE_ARCH = YES;
				SDKROOT = iphoneos;
				TARGETED_DEVICE_FAMILY = "1,2";
				VERSIONING_SYSTEM = "apple-generic";
				VERSION_INFO_PREFIX = "";
			};
			name = QADeployment;
		};
		303268E51EA8139700A41A8F /* QADeployment */ = {
			isa = XCBuildConfiguration;
			buildSettings = {
				ALWAYS_EMBED_SWIFT_STANDARD_LIBRARIES = YES;
				CLANG_ENABLE_MODULES = YES;
				CLANG_WARN_DOCUMENTATION_COMMENTS = NO;
				CODE_SIGN_IDENTITY = "";
				DEFINES_MODULE = YES;
				DYLIB_COMPATIBILITY_VERSION = 1;
				DYLIB_CURRENT_VERSION = 1;
				DYLIB_INSTALL_NAME_BASE = "@rpath";
				ENABLE_BITCODE = NO;
				ENABLE_ON_DEMAND_RESOURCES = NO;
				ENABLE_TESTABILITY = YES;
				FRAMEWORK_SEARCH_PATHS = "";
				HEADER_SEARCH_PATHS = (
					"$(inherited)/**",
					"$(SRCROOT)/ElectrodeApiImpl/Libraries/CodePush/**",
				);
				INFOPLIST_FILE = ElectrodeApiImpl/Info.plist;
				INSTALL_PATH = "$(LOCAL_LIBRARY_DIR)/Frameworks";
				LD_RUNPATH_SEARCH_PATHS = "$(inherited) @executable_path/Frameworks @loader_path/Frameworks";
				LIBRARY_SEARCH_PATHS = (
					"$(inherited)",
					"$(SRCROOT)/ElectrodeApiImpl/Libraries/ReactNative/**",
					"$(SRCROOT)/ElectrodeApiImpl/Libraries/CodePush/**",
				);
				ONLY_ACTIVE_ARCH = NO;
				OTHER_LDFLAGS = (
					"-ObjC",
					"-lc++",
					"-lz",
				);
				PRODUCT_BUNDLE_IDENTIFIER = com.walmartlabs.ern.ElectrodeApiImpl;
				PRODUCT_NAME = "$(TARGET_NAME)";
				SKIP_INSTALL = YES;
				STRIP_STYLE = debugging;
				SWIFT_ACTIVE_COMPILATION_CONDITIONS = DEBUG;
				SWIFT_OPTIMIZATION_LEVEL = "-Owholemodule";
				SWIFT_VERSION = 5.0;
			};
			name = QADeployment;
		};
		303268E61EA8139700A41A8F /* QADeployment */ = {
			isa = XCBuildConfiguration;
			buildSettings = {
				HEADER_SEARCH_PATHS = (
					"$(inherited)",
					"$(SRCROOT)/ElectrodeApiImpl/Libraries/CodePush/**",
				);
				INFOPLIST_FILE = ElectrodeApiImplTests/Info.plist;
				LD_RUNPATH_SEARCH_PATHS = "$(inherited) @executable_path/Frameworks @loader_path/Frameworks";
				LIBRARY_SEARCH_PATHS = (
					"$(inherited)",
					"$(SRCROOT)/ElectrodeApiImpl/Libraries/ReactNative/**",
					"$(SRCROOT)/ElectrodeApiImpl/Libraries/CodePush/**",
				);
				PRODUCT_BUNDLE_IDENTIFIER = com.walmartlabs.ern.ElectrodeApiImplTests;
				PRODUCT_NAME = "$(TARGET_NAME)";
				TEST_HOST = "";
			};
			name = QADeployment;
		};
		485009F51E2FF23C009B6610 /* Debug */ = {
			isa = XCBuildConfiguration;
			buildSettings = {
				ALWAYS_SEARCH_USER_PATHS = NO;
				CLANG_ANALYZER_NONNULL = YES;
				CLANG_CXX_LANGUAGE_STANDARD = "gnu++0x";
				CLANG_CXX_LIBRARY = "libc++";
				CLANG_ENABLE_MODULES = YES;
				CLANG_ENABLE_OBJC_ARC = YES;
				CLANG_WARN_BOOL_CONVERSION = YES;
				CLANG_WARN_CONSTANT_CONVERSION = YES;
				CLANG_WARN_DIRECT_OBJC_ISA_USAGE = YES_ERROR;
				CLANG_WARN_DOCUMENTATION_COMMENTS = YES;
				CLANG_WARN_EMPTY_BODY = YES;
				CLANG_WARN_ENUM_CONVERSION = YES;
				CLANG_WARN_INFINITE_RECURSION = YES;
				CLANG_WARN_INT_CONVERSION = YES;
				CLANG_WARN_OBJC_ROOT_CLASS = YES_ERROR;
				CLANG_WARN_SUSPICIOUS_MOVE = YES;
				CLANG_WARN_UNREACHABLE_CODE = YES;
				CLANG_WARN__DUPLICATE_METHOD_MATCH = YES;
				"CODE_SIGN_IDENTITY[sdk=iphoneos*]" = "iPhone Developer";
				COPY_PHASE_STRIP = NO;
				CURRENT_PROJECT_VERSION = 1;
				DEBUG_INFORMATION_FORMAT = dwarf;
				ENABLE_STRICT_OBJC_MSGSEND = YES;
				ENABLE_TESTABILITY = YES;
				GCC_C_LANGUAGE_STANDARD = gnu99;
				GCC_DYNAMIC_NO_PIC = NO;
				GCC_NO_COMMON_BLOCKS = YES;
				GCC_OPTIMIZATION_LEVEL = 0;
				GCC_PREPROCESSOR_DEFINITIONS = (
					"DEBUG=1",
					"$(inherited)",
				);
				GCC_WARN_64_TO_32_BIT_CONVERSION = YES;
				GCC_WARN_ABOUT_RETURN_TYPE = YES_ERROR;
				GCC_WARN_UNDECLARED_SELECTOR = YES;
				GCC_WARN_UNINITIALIZED_AUTOS = YES_AGGRESSIVE;
				GCC_WARN_UNUSED_FUNCTION = YES;
				GCC_WARN_UNUSED_VARIABLE = YES;
				IPHONEOS_DEPLOYMENT_TARGET = 9.0;
				MTL_ENABLE_DEBUG_INFO = YES;
				ONLY_ACTIVE_ARCH = YES;
				SDKROOT = iphoneos;
				TARGETED_DEVICE_FAMILY = "1,2";
				VERSIONING_SYSTEM = "apple-generic";
				VERSION_INFO_PREFIX = "";
			};
			name = Debug;
		};
		485009F61E2FF23C009B6610 /* Release */ = {
			isa = XCBuildConfiguration;
			buildSettings = {
				ALWAYS_SEARCH_USER_PATHS = NO;
				CLANG_ANALYZER_NONNULL = YES;
				CLANG_CXX_LANGUAGE_STANDARD = "gnu++0x";
				CLANG_CXX_LIBRARY = "libc++";
				CLANG_ENABLE_MODULES = YES;
				CLANG_ENABLE_OBJC_ARC = YES;
				CLANG_WARN_BOOL_CONVERSION = YES;
				CLANG_WARN_CONSTANT_CONVERSION = YES;
				CLANG_WARN_DIRECT_OBJC_ISA_USAGE = YES_ERROR;
				CLANG_WARN_DOCUMENTATION_COMMENTS = YES;
				CLANG_WARN_EMPTY_BODY = YES;
				CLANG_WARN_ENUM_CONVERSION = YES;
				CLANG_WARN_INFINITE_RECURSION = YES;
				CLANG_WARN_INT_CONVERSION = YES;
				CLANG_WARN_OBJC_ROOT_CLASS = YES_ERROR;
				CLANG_WARN_SUSPICIOUS_MOVE = YES;
				CLANG_WARN_UNREACHABLE_CODE = YES;
				CLANG_WARN__DUPLICATE_METHOD_MATCH = YES;
				"CODE_SIGN_IDENTITY[sdk=iphoneos*]" = "iPhone Developer";
				COPY_PHASE_STRIP = NO;
				CURRENT_PROJECT_VERSION = 1;
				DEBUG_INFORMATION_FORMAT = "dwarf-with-dsym";
				ENABLE_NS_ASSERTIONS = NO;
				ENABLE_STRICT_OBJC_MSGSEND = YES;
				GCC_C_LANGUAGE_STANDARD = gnu99;
				GCC_NO_COMMON_BLOCKS = YES;
				GCC_WARN_64_TO_32_BIT_CONVERSION = YES;
				GCC_WARN_ABOUT_RETURN_TYPE = YES_ERROR;
				GCC_WARN_UNDECLARED_SELECTOR = YES;
				GCC_WARN_UNINITIALIZED_AUTOS = YES_AGGRESSIVE;
				GCC_WARN_UNUSED_FUNCTION = YES;
				GCC_WARN_UNUSED_VARIABLE = YES;
				IPHONEOS_DEPLOYMENT_TARGET = 9.0;
				MTL_ENABLE_DEBUG_INFO = NO;
				SDKROOT = iphoneos;
				TARGETED_DEVICE_FAMILY = "1,2";
				VALIDATE_PRODUCT = YES;
				VERSIONING_SYSTEM = "apple-generic";
				VERSION_INFO_PREFIX = "";
			};
			name = Release;
		};
		485009F81E2FF23C009B6610 /* Debug */ = {
			isa = XCBuildConfiguration;
			buildSettings = {
				ALWAYS_EMBED_SWIFT_STANDARD_LIBRARIES = YES;
				CLANG_ENABLE_MODULES = YES;
				CLANG_WARN_DOCUMENTATION_COMMENTS = NO;
				CODE_SIGN_IDENTITY = "";
				DEFINES_MODULE = YES;
				DYLIB_COMPATIBILITY_VERSION = 1;
				DYLIB_CURRENT_VERSION = 1;
				DYLIB_INSTALL_NAME_BASE = "@rpath";
				ENABLE_BITCODE = NO;
				FRAMEWORK_SEARCH_PATHS = "";
				HEADER_SEARCH_PATHS = (
					"$(inherited)",
				);
				INFOPLIST_FILE = ElectrodeApiImpl/Info.plist;
				INSTALL_PATH = "$(LOCAL_LIBRARY_DIR)/Frameworks";
				IPHONEOS_DEPLOYMENT_TARGET = 9.0;
				LD_RUNPATH_SEARCH_PATHS = "$(inherited) @executable_path/Frameworks @loader_path/Frameworks";
				LIBRARY_SEARCH_PATHS = (
					"$(inherited)",
					"$(SRCROOT)/ElectrodeApiImpl/Libraries/ReactNative/**",
					"$(SRCROOT)/ElectrodeApiImpl/Libraries/CodePush/**",
				);
				OTHER_LDFLAGS = (
					"-ObjC",
					"-lc++",
					"-lz",
				);
				PRODUCT_BUNDLE_IDENTIFIER = com.walmartlabs.ern.ElectrodeApiImpl;
				PRODUCT_NAME = "$(TARGET_NAME)";
				SKIP_INSTALL = YES;
				SWIFT_ACTIVE_COMPILATION_CONDITIONS = DEBUG;
				SWIFT_OPTIMIZATION_LEVEL = "-Onone";
				SWIFT_VERSION = 5.0;
			};
			name = Debug;
		};
		485009F91E2FF23C009B6610 /* Release */ = {
			isa = XCBuildConfiguration;
			buildSettings = {
				CODE_SIGN_IDENTITY = "";
				DEFINES_MODULE = YES;
				DYLIB_COMPATIBILITY_VERSION = 1;
				DYLIB_CURRENT_VERSION = 1;
				DYLIB_INSTALL_NAME_BASE = "@rpath";
				ENABLE_BITCODE = NO;
				FRAMEWORK_SEARCH_PATHS = "";
				HEADER_SEARCH_PATHS = (
					"$(inherited)",
					"$(SRCROOT)/ElectrodeApiImpl/Libraries/CodePush/**",
				);
				INFOPLIST_FILE = ElectrodeApiImpl/Info.plist;
				INSTALL_PATH = "$(LOCAL_LIBRARY_DIR)/Frameworks";
				IPHONEOS_DEPLOYMENT_TARGET = 9.0;
				LD_RUNPATH_SEARCH_PATHS = "$(inherited) @executable_path/Frameworks @loader_path/Frameworks";
				LIBRARY_SEARCH_PATHS = (
					"$(inherited)",
					"$(SRCROOT)/ElectrodeApiImpl/Libraries/ReactNative/**",
					"$(SRCROOT)/ElectrodeApiImpl/Libraries/CodePush/**",
				);
				OTHER_LDFLAGS = (
					"-ObjC",
					"-lc++",
					"-lz",
				);
				PRODUCT_BUNDLE_IDENTIFIER = com.walmartlabs.ern.ElectrodeApiImpl;
				PRODUCT_NAME = "$(TARGET_NAME)";
				SKIP_INSTALL = YES;
				SWIFT_VERSION = 5.0;
			};
			name = Release;
		};
		485009FB1E2FF23C009B6610 /* Debug */ = {
			isa = XCBuildConfiguration;
			buildSettings = {
				INFOPLIST_FILE = ElectrodeApiImplTests/Info.plist;
				LD_RUNPATH_SEARCH_PATHS = "$(inherited) @executable_path/Frameworks @loader_path/Frameworks";
				LIBRARY_SEARCH_PATHS = (
					"$(inherited)",
					"$(SRCROOT)/ElectrodeApiImpl/Libraries/ReactNative/**",
					"$(SRCROOT)/ElectrodeApiImpl/Libraries/CodePush/**",
				);
				PRODUCT_BUNDLE_IDENTIFIER = com.walmartlabs.ern.ElectrodeApiImplTests;
				PRODUCT_NAME = "$(TARGET_NAME)";
				TEST_HOST = "";
			};
			name = Debug;
		};
		485009FC1E2FF23C009B6610 /* Release */ = {
			isa = XCBuildConfiguration;
			buildSettings = {
				DEVELOPMENT_TEAM = DXZ5VF8836;
				HEADER_SEARCH_PATHS = (
					"$(inherited)",
					"\"$(SRCROOT)/ElectrodeApiImpl/Libraries/CodePush\"",
				);
				INFOPLIST_FILE = ElectrodeApiImplTests/Info.plist;
				LD_RUNPATH_SEARCH_PATHS = "$(inherited) @executable_path/Frameworks @loader_path/Frameworks";
				LIBRARY_SEARCH_PATHS = (
					"$(inherited)",
					"$(SRCROOT)/ElectrodeApiImpl/Libraries/ReactNative/**",
					"$(SRCROOT)/ElectrodeApiImpl/Libraries/CodePush/**",
				);
				PRODUCT_BUNDLE_IDENTIFIER = com.walmartlabs.ern.ElectrodeApiImplTests;
				PRODUCT_NAME = "$(TARGET_NAME)";
				TEST_HOST = "";
			};
			name = Release;
		};
/* End XCBuildConfiguration section */

/* Begin XCConfigurationList section */
		485009DD1E2FF23B009B6610 /* Build configuration list for PBXProject "ElectrodeApiImpl" */ = {
			isa = XCConfigurationList;
			buildConfigurations = (
				485009F51E2FF23C009B6610 /* Debug */,
				303268E41EA8139700A41A8F /* QADeployment */,
				485009F61E2FF23C009B6610 /* Release */,
			);
			defaultConfigurationIsVisible = 0;
			defaultConfigurationName = Release;
		};
		485009F71E2FF23C009B6610 /* Build configuration list for PBXNativeTarget "ElectrodeApiImpl" */ = {
			isa = XCConfigurationList;
			buildConfigurations = (
				485009F81E2FF23C009B6610 /* Debug */,
				303268E51EA8139700A41A8F /* QADeployment */,
				485009F91E2FF23C009B6610 /* Release */,
			);
			defaultConfigurationIsVisible = 0;
			defaultConfigurationName = Release;
		};
		485009FA1E2FF23C009B6610 /* Build configuration list for PBXNativeTarget "ElectrodeApiImplTests" */ = {
			isa = XCConfigurationList;
			buildConfigurations = (
				485009FB1E2FF23C009B6610 /* Debug */,
				303268E61EA8139700A41A8F /* QADeployment */,
				485009FC1E2FF23C009B6610 /* Release */,
			);
			defaultConfigurationIsVisible = 0;
			defaultConfigurationName = Release;
		};
/* End XCConfigurationList section */
	};
	rootObject = 485009DA1E2FF23B009B6610 /* Project object */;
}
