// !$*UTF8*$!
{
	archiveVersion = 1;
	classes = {
	};
	objectVersion = 46;
	objects = {
/* Begin PBXBuildFile section */
		223A89461E89CDC70092741E /* MiniApp.jsbundle in Resources */ = {isa = PBXBuildFile; fileRef = 223A89451E89CDC70092741E /* MiniApp.jsbundle */; };
		22BF1FEB1E8DAAF800E7F500 /* assets in Resources */ = {isa = PBXBuildFile; fileRef = 22BF1FEA1E8DAAF800E7F500 /* assets */; };
		301CB9021F33F3450048C58B /* NSBundle+frameworkBundle.m in Sources */ = {isa = PBXBuildFile; fileRef = 301CB9001F33F3450048C58B /* NSBundle+frameworkBundle.m */; };
		301CB9031F33F3450048C58B /* NSBundle+frameworkBundle.h in Headers */ = {isa = PBXBuildFile; fileRef = 301CB9011F33F3450048C58B /* NSBundle+frameworkBundle.h */; };
		304000E82098E1F000BF751C /* ElectrodePluginConfig.h in Headers */ = {isa = PBXBuildFile; fileRef = 304000E72098E1F000BF751C /* ElectrodePluginConfig.h */; settings = {ATTRIBUTES = (Public, ); }; };
		30F8CDEE1E67946E00413247 /* ElectrodeReactNative_Internal.h in Headers */ = {isa = PBXBuildFile; fileRef = 30F8CDED1E67946E00413247 /* ElectrodeReactNative_Internal.h */; };
		485009ED1E2FF23C009B6610 /* ElectrodeContainer.framework in Frameworks */ = {isa = PBXBuildFile; fileRef = 485009E31E2FF23B009B6610 /* ElectrodeContainer.framework */; };
		485009F41E2FF23C009B6610 /* ElectrodeContainer.h in Headers */ = {isa = PBXBuildFile; fileRef = 485009E61E2FF23B009B6610 /* ElectrodeContainer.h */; settings = {ATTRIBUTES = (Public, ); }; };
		48500A981E2FF55B009B6610 /* ElectrodeReactNative.h in Headers */ = {isa = PBXBuildFile; fileRef = 48500A961E2FF55B009B6610 /* ElectrodeReactNative.h */; settings = {ATTRIBUTES = (Public, ); }; };
		48500A991E2FF55B009B6610 /* ElectrodeReactNative.m in Sources */ = {isa = PBXBuildFile; fileRef = 48500A971E2FF55B009B6610 /* ElectrodeReactNative.m */; };
		968333D71E54E3470031C565 /* ElectrodeBridgeDelegate.h in Headers */ = {isa = PBXBuildFile; fileRef = 968333D51E54E3470031C565 /* ElectrodeBridgeDelegate.h */; };
		968333D81E54E3470031C565 /* ElectrodeBridgeDelegate.m in Sources */ = {isa = PBXBuildFile; fileRef = 968333D61E54E3470031C565 /* ElectrodeBridgeDelegate.m */; };
		DA42DF60233C1B0500046338 /* ERNDevSettingsViewController.h in Headers */ = {isa = PBXBuildFile; fileRef = DA42DF5C233C1B0500046338 /* ERNDevSettingsViewController.h */; };
		DA42DF5E233C1B0500046338 /* ERNDevSettingsViewController.m in Sources */ = {isa = PBXBuildFile; fileRef = DA42DF5A233C1B0500046338 /* ERNDevSettingsViewController.m */; };
		DA42DF5F233C1B0500046338 /* ElectrodeBundle.h in Headers */ = {isa = PBXBuildFile; fileRef = DA42DF5B233C1B0500046338 /* ElectrodeBundle.h */; };
		DA42DF5D233C1B0500046338 /* ElectrodeBundle.m in Sources */ = {isa = PBXBuildFile; fileRef = DA42DF59233C1B0500046338 /* ElectrodeBundle.m */; };
		68F844D31FBA468083B44C89 /* libReact.a in Frameworks */ = {isa = PBXBuildFile; fileRef = 78D324B5108640D2858F631B /* libReact.a */; };
		9870C467D7F9485697A493F2 /* libRCTActionSheet.a in Frameworks */ = {isa = PBXBuildFile; fileRef = FADA11DDF5F149E5897E9794 /* libRCTActionSheet.a */; };
		A4FE01108241412B97D46490 /* libRCTImage.a in Frameworks */ = {isa = PBXBuildFile; fileRef = 5F0E998CDAF34EDE91C922C6 /* libRCTImage.a */; };
		FD7D7ED2EF034DC1A7546ED7 /* libRCTAnimation.a in Frameworks */ = {isa = PBXBuildFile; fileRef = A027EF339E464774B0555004 /* libRCTAnimation.a */; };
		EE4347061F2F4571B85398C4 /* libRCTText.a in Frameworks */ = {isa = PBXBuildFile; fileRef = BAC89B3FBB654E398ED5D2C5 /* libRCTText.a */; };
		B71244B9AE9D4BE09E883C27 /* libRCTWebSocket.a in Frameworks */ = {isa = PBXBuildFile; fileRef = 22E9DFBF841844529FC07766 /* libRCTWebSocket.a */; };
		2B144EBC9B2949E5B12D39B4 /* libRCTLinking.a in Frameworks */ = {isa = PBXBuildFile; fileRef = 67E54A132BEF415EAA0FC6C5 /* libRCTLinking.a */; };
		9E5D4CB28427409CAABA7BE8 /* libRCTNetwork.a in Frameworks */ = {isa = PBXBuildFile; fileRef = EF38FA1F661E44E580772A55 /* libRCTNetwork.a */; };
		9D3BD007BF3F4291BCD75878 /* libRCTSettings.a in Frameworks */ = {isa = PBXBuildFile; fileRef = 6E42DCB497B34E85890E8AE7 /* libRCTSettings.a */; };
		5CDD61C8877146589FDF97E4 /* libRCTVibration.a in Frameworks */ = {isa = PBXBuildFile; fileRef = 8B0011549F354AF599F116D1 /* libRCTVibration.a */; };
		D6CC299281EF4BE281093ECB /* libRCTCameraRoll.a in Frameworks */ = {isa = PBXBuildFile; fileRef = D5BC4D13B5494D42BE137309 /* libRCTCameraRoll.a */; };
		A68CCBEF69554FF1967F30BF /* libART.a in Frameworks */ = {isa = PBXBuildFile; fileRef = 191AC167655541C1A962576A /* libART.a */; };
		8A1F816C06FE495B8F1EA343 /* JavaScriptCore.framework in Frameworks */ = {isa = PBXBuildFile; fileRef = C753AADFEB9F4B34BAB36B67 /* JavaScriptCore.framework */; };
		8EB94AEB28004180A4B7DC4B /* ElectrodeObject.swift in Sources */ = {isa = PBXBuildFile; fileRef = 42B41FF46BC24F2BB9F38638 /* ElectrodeObject.swift */; };
		6CA56C911735439DAE83F98C /* Bridgeable.swift in Sources */ = {isa = PBXBuildFile; fileRef = ADC8F539F4F14D95B988D6D0 /* Bridgeable.swift */; };
		CB4CF8F68EC5400AA4D23C76 /* ElectrodeRequestHandlerProcessor.swift in Sources */ = {isa = PBXBuildFile; fileRef = 3C5E5ACBCEF94097B6F59B75 /* ElectrodeRequestHandlerProcessor.swift */; };
		D383AD0AD5B64FCEAC1110AE /* ElectrodeRequestProcessor.swift in Sources */ = {isa = PBXBuildFile; fileRef = C3A7057711C94009946E2104 /* ElectrodeRequestProcessor.swift */; };
		A145DBBD93EC46EB83C6F94E /* ElectrodeUtilities.swift in Sources */ = {isa = PBXBuildFile; fileRef = C99CD7D0AE8D46AF975A070E /* ElectrodeUtilities.swift */; };
		E44B4E171D38451B8078C3B6 /* EventListenerProcessor.swift in Sources */ = {isa = PBXBuildFile; fileRef = F50C193700184568A78DD6A6 /* EventListenerProcessor.swift */; };
		0E8FDEE4883C4DAC80EA52B5 /* EventProcessor.swift in Sources */ = {isa = PBXBuildFile; fileRef = B75B6E6666C045EF9C9B5DA0 /* EventProcessor.swift */; };
		D2D19842E4834826B5B2474F /* Processor.swift in Sources */ = {isa = PBXBuildFile; fileRef = 98C7BBAF416B48A7A41A1573 /* Processor.swift */; };
		D0E70F131A1E4A4888337CA8 /* None.swift in Sources */ = {isa = PBXBuildFile; fileRef = 1CDB4B655CF24B8F9A1A6A23 /* None.swift */; };
		520727E93F3D4A2088D8357B /* ElectrodeBridgeEvent.m in Sources */ = {isa = PBXBuildFile; fileRef = E7DE5F5B89DF47408B2D75F6 /* ElectrodeBridgeEvent.m */; };
		AF9F4C83F2DC49858B593ED1 /* ElectrodeBridgeFailureMessage.m in Sources */ = {isa = PBXBuildFile; fileRef = 378D098B6A584872B6DBF9F5 /* ElectrodeBridgeFailureMessage.m */; };
		19C4591B5A8D43A59299777A /* ElectrodeBridgeHolder.m in Sources */ = {isa = PBXBuildFile; fileRef = 1EA18648C9A543FC879BBAD2 /* ElectrodeBridgeHolder.m */; };
		02E868F6710D4828ABC34E6C /* ElectrodeBridgeMessage.m in Sources */ = {isa = PBXBuildFile; fileRef = 1E2CE2C9B1B9425FB4544A8A /* ElectrodeBridgeMessage.m */; };
		91220368C0FF42259985DD2D /* ElectrodeBridgeProtocols.m in Sources */ = {isa = PBXBuildFile; fileRef = 15724980D1F54C789B49FD30 /* ElectrodeBridgeProtocols.m */; };
		112320742EC84E36B0EAA72C /* ElectrodeBridgeRequest.m in Sources */ = {isa = PBXBuildFile; fileRef = 35C412B549364B998A6E6918 /* ElectrodeBridgeRequest.m */; };
		02B13F4400DE4AD38B927F2A /* ElectrodeBridgeResponse.m in Sources */ = {isa = PBXBuildFile; fileRef = 0CB87BF8D4084C398760009D /* ElectrodeBridgeResponse.m */; };
		BA1141C12D93436E8EB75610 /* ElectrodeBridgeTransaction.m in Sources */ = {isa = PBXBuildFile; fileRef = 131EDA563443416B92F02DCA /* ElectrodeBridgeTransaction.m */; };
		B4102E7B4B3B4E23B833B376 /* ElectrodeBridgeTransceiver.m in Sources */ = {isa = PBXBuildFile; fileRef = 30785114900E45B28BF270CE /* ElectrodeBridgeTransceiver.m */; };
		3A2AFCB5EE38420CB6C29DC6 /* ElectrodeEventDispatcher.m in Sources */ = {isa = PBXBuildFile; fileRef = 6C587B05A1AC4FF2ACCC3411 /* ElectrodeEventDispatcher.m */; };
		D86D8D37E3244597B37597FD /* ElectrodeEventRegistrar.m in Sources */ = {isa = PBXBuildFile; fileRef = DFE077FB31E944808D89C09F /* ElectrodeEventRegistrar.m */; };
		6FA4D26FC232416C8164AEBA /* ElectrodeRequestDispatcher.m in Sources */ = {isa = PBXBuildFile; fileRef = 7768ABBE3E8C4B7896A002E0 /* ElectrodeRequestDispatcher.m */; };
		7AB3333D7C6D4016BA6F156D /* ElectrodeRequestRegistrar.m in Sources */ = {isa = PBXBuildFile; fileRef = D0F223430C88429393B225B8 /* ElectrodeRequestRegistrar.m */; };
		CCDE45CA713147F786DC078D /* ElectrodeLogger.m in Sources */ = {isa = PBXBuildFile; fileRef = BA4196B1892747D28BE2AB65 /* ElectrodeLogger.m */; };
		F767E6326C674882AEFA8E83 /* ElectrodeBridgeEvent.h in Headers */ = {isa = PBXBuildFile; fileRef = BE4149323572404D88FA92C4 /* ElectrodeBridgeEvent.h */; settings = {ATTRIBUTES = (Public, ); }; };
		F64F1BCABB2D4E5B9CDB18B2 /* ElectrodeBridgeFailureMessage.h in Headers */ = {isa = PBXBuildFile; fileRef = F70C24A2A9924A02B9B8208D /* ElectrodeBridgeFailureMessage.h */; settings = {ATTRIBUTES = (Public, ); }; };
		3913D2ED97394E6C83F4C1AE /* ElectrodeBridgeHolder.h in Headers */ = {isa = PBXBuildFile; fileRef = A92BFF15D62E4C3488C4B795 /* ElectrodeBridgeHolder.h */; settings = {ATTRIBUTES = (Public, ); }; };
		643A8244AA644D95A5CCA840 /* ElectrodeBridgeMessage.h in Headers */ = {isa = PBXBuildFile; fileRef = 0E72D7626F564A4891D7EAC9 /* ElectrodeBridgeMessage.h */; settings = {ATTRIBUTES = (Public, ); }; };
		5C34970B271640698917F3C2 /* ElectrodeBridgeProtocols.h in Headers */ = {isa = PBXBuildFile; fileRef = 7AD3654E73F445C6BB024012 /* ElectrodeBridgeProtocols.h */; settings = {ATTRIBUTES = (Public, ); }; };
		F9AD6BA124D44A2FB38F05BF /* ElectrodeBridgeRequest.h in Headers */ = {isa = PBXBuildFile; fileRef = 319B2867A2DF4DC8A52E6C34 /* ElectrodeBridgeRequest.h */; settings = {ATTRIBUTES = (Public, ); }; };
		FB1ADFCD3DE74025A762FD38 /* ElectrodeBridgeTransaction.h in Headers */ = {isa = PBXBuildFile; fileRef = 6B8721B3AF9B40E49E154FE6 /* ElectrodeBridgeTransaction.h */; };
		3FF33D6B91E34B3AA9360939 /* ElectrodeBridgeTransceiver.h in Headers */ = {isa = PBXBuildFile; fileRef = E1A7BAD21002412A8518441C /* ElectrodeBridgeTransceiver.h */; };
		7A12514F09654D0E99AD6F23 /* ElectrodeBridgeTransceiver_Internal.h in Headers */ = {isa = PBXBuildFile; fileRef = 1DA6F1DDFC4D40E0AD5825D9 /* ElectrodeBridgeTransceiver_Internal.h */; };
		D42BA5F101B74A2088D49C15 /* ElectrodeEventDispatcher.h in Headers */ = {isa = PBXBuildFile; fileRef = B525F5578AA44BDAA8922519 /* ElectrodeEventDispatcher.h */; };
		34EDB10B25654E67AC717C07 /* ElectrodeEventRegistrar.h in Headers */ = {isa = PBXBuildFile; fileRef = F6DF6AFDAAE04DF0941D695B /* ElectrodeEventRegistrar.h */; };
		BF1691CA91854FC18EA5A5DF /* ElectrodeRequestDispatcher.h in Headers */ = {isa = PBXBuildFile; fileRef = 758902294071436186B71174 /* ElectrodeRequestDispatcher.h */; };
		841A2FA339B74682AA655D7C /* ElectrodeRequestRegistrar.h in Headers */ = {isa = PBXBuildFile; fileRef = 8DEB85783043457E89FC6A26 /* ElectrodeRequestRegistrar.h */; };
		2D1458B065D9426BB81F3938 /* ElectrodeReactNativeBridge.h in Headers */ = {isa = PBXBuildFile; fileRef = 77ED7C259C794F489DB87174 /* ElectrodeReactNativeBridge.h */; };
		4F2F93691ADC44AD8B64AB0B /* ElectrodeBridgeResponse.h in Headers */ = {isa = PBXBuildFile; fileRef = 78405FC4BE734917AC1EB9DC /* ElectrodeBridgeResponse.h */; };
		9ED347E652FB4AE6869FDF13 /* ElectrodeLogger.h in Headers */ = {isa = PBXBuildFile; fileRef = AD972D1E08DD46B4A44CA791 /* ElectrodeLogger.h */; settings = {ATTRIBUTES = (Public, ); }; };
		0075A62A27FD498FAEF9F6A9 /* BirthYear.swift in Sources */ = {isa = PBXBuildFile; fileRef = E7CDF0D02BDC4353B869A876 /* BirthYear.swift */; };
		5A696705B2F844EB88414634 /* Movie.swift in Sources */ = {isa = PBXBuildFile; fileRef = FF3C4468A8BD44C3824A9E84 /* Movie.swift */; };
		13F47BF50BDB47E2BD78D613 /* MoviesAPI.swift in Sources */ = {isa = PBXBuildFile; fileRef = 6BEA38575316419EB0C19AEA /* MoviesAPI.swift */; };
		7EC7D938CDA6470EA05664E0 /* MoviesRequests.swift in Sources */ = {isa = PBXBuildFile; fileRef = 964BB528586243AC97C1D956 /* MoviesRequests.swift */; };
		1AC1C3E90FC444F9A091424B /* Person.swift in Sources */ = {isa = PBXBuildFile; fileRef = 77BBF334FF724E24A5B5AC6B /* Person.swift */; };
		B4C08B451F3648E0BE9CC5F5 /* Synopsis.swift in Sources */ = {isa = PBXBuildFile; fileRef = 19A698524F3945C197D5A313 /* Synopsis.swift */; };
		A40B1A4979D34C228C476D7B /* BirthYear.swift in Headers */ = {isa = PBXBuildFile; fileRef = E7CDF0D02BDC4353B869A876 /* BirthYear.swift */; settings = {ATTRIBUTES = (Public, ); }; };
		7B5220FAC6F84F659DC50235 /* Movie.swift in Headers */ = {isa = PBXBuildFile; fileRef = FF3C4468A8BD44C3824A9E84 /* Movie.swift */; settings = {ATTRIBUTES = (Public, ); }; };
		6E5B22259E3944E8938980A3 /* MoviesAPI.swift in Headers */ = {isa = PBXBuildFile; fileRef = 6BEA38575316419EB0C19AEA /* MoviesAPI.swift */; settings = {ATTRIBUTES = (Public, ); }; };
		5E8A714AD1824DDAAA41932B /* MoviesRequests.swift in Headers */ = {isa = PBXBuildFile; fileRef = 964BB528586243AC97C1D956 /* MoviesRequests.swift */; settings = {ATTRIBUTES = (Public, ); }; };
		1D409EA900794D678898E012 /* Person.swift in Headers */ = {isa = PBXBuildFile; fileRef = 77BBF334FF724E24A5B5AC6B /* Person.swift */; settings = {ATTRIBUTES = (Public, ); }; };
		E1A317245D464EF9AEB06FAF /* Synopsis.swift in Headers */ = {isa = PBXBuildFile; fileRef = 19A698524F3945C197D5A313 /* Synopsis.swift */; settings = {ATTRIBUTES = (Public, ); }; };
		03AB4905AC9E4BB3B5D9240E /* NavigateData.swift in Sources */ = {isa = PBXBuildFile; fileRef = 4182DE5AB18A491EAE533C0C /* NavigateData.swift */; };
		139254EA1F38429B92E159A4 /* NavigationAPI.swift in Sources */ = {isa = PBXBuildFile; fileRef = 351F8071E78E44D781ABEBB0 /* NavigationAPI.swift */; };
		F73EE3B752DC459480E96664 /* NavigationRequests.swift in Sources */ = {isa = PBXBuildFile; fileRef = 8552B27E7C0C40B1BAFC496F /* NavigationRequests.swift */; };
		D596662EF0824EF1BE2A0031 /* NavigateData.swift in Headers */ = {isa = PBXBuildFile; fileRef = 4182DE5AB18A491EAE533C0C /* NavigateData.swift */; settings = {ATTRIBUTES = (Public, ); }; };
		4FE647C548EB4EAFB837466F /* NavigationAPI.swift in Headers */ = {isa = PBXBuildFile; fileRef = 351F8071E78E44D781ABEBB0 /* NavigationAPI.swift */; settings = {ATTRIBUTES = (Public, ); }; };
		803DF508058A483C9093BA8E /* NavigationRequests.swift in Headers */ = {isa = PBXBuildFile; fileRef = 8552B27E7C0C40B1BAFC496F /* NavigationRequests.swift */; settings = {ATTRIBUTES = (Public, ); }; };
/* End PBXBuildFile section */

/* Begin PBXContainerItemProxy section */
		485009EE1E2FF23C009B6610 /* PBXContainerItemProxy */ = {
			isa = PBXContainerItemProxy;
			containerPortal = 485009DA1E2FF23B009B6610 /* Project object */;
			proxyType = 1;
			remoteGlobalIDString = 485009E21E2FF23B009B6610;
			remoteInfo = ElectrodeContainer;
		};
		2E5019A02DC643DEBCA0258A /* PBXContainerItemProxy */ = {
			isa = PBXContainerItemProxy;
			containerPortal = 65E1BEC3E220426299153DD9 /* React.xcodeproj */;
			proxyType = 1;
			remoteGlobalIDString = 68F844D31FBA468083B44C89;
			remoteInfo = React;
		};
		1A3F511C97944104A24659DE /* PBXContainerItemProxy */ = {
			isa = PBXContainerItemProxy;
			containerPortal = 65E1BEC3E220426299153DD9 /* React.xcodeproj */;
			proxyType = 2;
			remoteGlobalIDString = 83CBBA2E1A601D0E00E9B192;
			remoteInfo = React;
		};
		9C31B08D6CF2418580BD5CA7 /* PBXContainerItemProxy */ = {
			isa = PBXContainerItemProxy;
			containerPortal = 03C92D1BE9A740A488FAC602 /* RCTActionSheet.xcodeproj */;
			proxyType = 1;
			remoteGlobalIDString = 9870C467D7F9485697A493F2;
			remoteInfo = RCTActionSheet;
		};
		F845EFC6669C4F4AA3981F9A /* PBXContainerItemProxy */ = {
			isa = PBXContainerItemProxy;
			containerPortal = 03C92D1BE9A740A488FAC602 /* RCTActionSheet.xcodeproj */;
			proxyType = 2;
			remoteGlobalIDString = 134814201AA4EA6300B7C361;
			remoteInfo = RCTActionSheet;
		};
		5134E09E3E1B4D4B8541DC56 /* PBXContainerItemProxy */ = {
			isa = PBXContainerItemProxy;
			containerPortal = 13ED49F8BE2B429F9C017FD9 /* RCTImage.xcodeproj */;
			proxyType = 1;
			remoteGlobalIDString = A4FE01108241412B97D46490;
			remoteInfo = RCTImage;
		};
		33A92085AA4647C5823C629C /* PBXContainerItemProxy */ = {
			isa = PBXContainerItemProxy;
			containerPortal = 13ED49F8BE2B429F9C017FD9 /* RCTImage.xcodeproj */;
			proxyType = 2;
			remoteGlobalIDString = 58B5115D1A9E6B3D00147676;
			remoteInfo = RCTImage;
		};
		953ED18FCB8C4F5FA27A8F43 /* PBXContainerItemProxy */ = {
			isa = PBXContainerItemProxy;
			containerPortal = 720D60CB4BEE4FB29CB5F0D7 /* RCTAnimation.xcodeproj */;
			proxyType = 1;
			remoteGlobalIDString = FD7D7ED2EF034DC1A7546ED7;
			remoteInfo = RCTAnimation;
		};
		626C66674BD448E18C4CA6DB /* PBXContainerItemProxy */ = {
			isa = PBXContainerItemProxy;
			containerPortal = 720D60CB4BEE4FB29CB5F0D7 /* RCTAnimation.xcodeproj */;
			proxyType = 2;
			remoteGlobalIDString = 134814201AA4EA6300B7C361;
			remoteInfo = RCTAnimation;
		};
		586FA8B4ACB6424CB9812BF3 /* PBXContainerItemProxy */ = {
			isa = PBXContainerItemProxy;
			containerPortal = A17A5B0A4CA54A49BB4275AC /* RCTText.xcodeproj */;
			proxyType = 1;
			remoteGlobalIDString = EE4347061F2F4571B85398C4;
			remoteInfo = RCTText;
		};
		5204F854F1E7436A82250F23 /* PBXContainerItemProxy */ = {
			isa = PBXContainerItemProxy;
			containerPortal = A17A5B0A4CA54A49BB4275AC /* RCTText.xcodeproj */;
			proxyType = 2;
			remoteGlobalIDString = 58B5119B1A9E6C1200147676;
			remoteInfo = RCTText;
		};
		206FDFAD7629417CA12586ED /* PBXContainerItemProxy */ = {
			isa = PBXContainerItemProxy;
			containerPortal = E670C173781944D9A76AF224 /* RCTWebSocket.xcodeproj */;
			proxyType = 1;
			remoteGlobalIDString = B71244B9AE9D4BE09E883C27;
			remoteInfo = RCTWebSocket;
		};
		EEE5D25476034874889EC290 /* PBXContainerItemProxy */ = {
			isa = PBXContainerItemProxy;
			containerPortal = E670C173781944D9A76AF224 /* RCTWebSocket.xcodeproj */;
			proxyType = 2;
			remoteGlobalIDString = 3C86DF461ADF2C930047B81A;
			remoteInfo = RCTWebSocket;
		};
		3D8CE2F4140A42F887827256 /* PBXContainerItemProxy */ = {
			isa = PBXContainerItemProxy;
			containerPortal = 656DC5A21FF2492299EC7B71 /* RCTLinking.xcodeproj */;
			proxyType = 1;
			remoteGlobalIDString = 2B144EBC9B2949E5B12D39B4;
			remoteInfo = RCTLinking;
		};
		45290DEA9208444193BEE281 /* PBXContainerItemProxy */ = {
			isa = PBXContainerItemProxy;
			containerPortal = 656DC5A21FF2492299EC7B71 /* RCTLinking.xcodeproj */;
			proxyType = 2;
			remoteGlobalIDString = 134814201AA4EA6300B7C361;
			remoteInfo = RCTLinking;
		};
		95D4148236DA4910BFE47CA9 /* PBXContainerItemProxy */ = {
			isa = PBXContainerItemProxy;
			containerPortal = 0E11F721428C41AEB6498479 /* RCTNetwork.xcodeproj */;
			proxyType = 1;
			remoteGlobalIDString = 9E5D4CB28427409CAABA7BE8;
			remoteInfo = RCTNetwork;
		};
		E3055C7B8849436DAC12B030 /* PBXContainerItemProxy */ = {
			isa = PBXContainerItemProxy;
			containerPortal = 0E11F721428C41AEB6498479 /* RCTNetwork.xcodeproj */;
			proxyType = 2;
			remoteGlobalIDString = 58B511DB1A9E6C8500147676;
			remoteInfo = RCTNetwork;
		};
		86B2190A4B0D4D0C98A99868 /* PBXContainerItemProxy */ = {
			isa = PBXContainerItemProxy;
			containerPortal = D5A114B9DC004767B598F8BB /* RCTSettings.xcodeproj */;
			proxyType = 1;
			remoteGlobalIDString = 9D3BD007BF3F4291BCD75878;
			remoteInfo = RCTSettings;
		};
		C655153DA46D43C589B32830 /* PBXContainerItemProxy */ = {
			isa = PBXContainerItemProxy;
			containerPortal = D5A114B9DC004767B598F8BB /* RCTSettings.xcodeproj */;
			proxyType = 2;
			remoteGlobalIDString = 134814201AA4EA6300B7C361;
			remoteInfo = RCTSettings;
		};
		C9DC9D08FE7B45D5BD96EB77 /* PBXContainerItemProxy */ = {
			isa = PBXContainerItemProxy;
			containerPortal = DA0304B0B2944C4AB1F8164C /* RCTVibration.xcodeproj */;
			proxyType = 1;
			remoteGlobalIDString = 5CDD61C8877146589FDF97E4;
			remoteInfo = RCTVibration;
		};
		5F92C707ABAC4A53A4A284EF /* PBXContainerItemProxy */ = {
			isa = PBXContainerItemProxy;
			containerPortal = DA0304B0B2944C4AB1F8164C /* RCTVibration.xcodeproj */;
			proxyType = 2;
			remoteGlobalIDString = 832C81801AAF6DEF007FA2F7;
			remoteInfo = RCTVibration;
		};
		A96F98683FEA405CA29AA896 /* PBXContainerItemProxy */ = {
			isa = PBXContainerItemProxy;
			containerPortal = CBBFC83506864B11BE49B682 /* RCTCameraRoll.xcodeproj */;
			proxyType = 1;
			remoteGlobalIDString = D6CC299281EF4BE281093ECB;
			remoteInfo = RCTCameraRoll;
		};
		9FE6CDC56C994D76AAAEF335 /* PBXContainerItemProxy */ = {
			isa = PBXContainerItemProxy;
			containerPortal = CBBFC83506864B11BE49B682 /* RCTCameraRoll.xcodeproj */;
			proxyType = 2;
			remoteGlobalIDString = 58B5115D1A9E6B3D00147676;
			remoteInfo = RCTCameraRoll;
		};
		97BFE12814C04F62B334E4BB /* PBXContainerItemProxy */ = {
			isa = PBXContainerItemProxy;
			containerPortal = B3AC1FE2A6BC4709A78CBFAF /* ART.xcodeproj */;
			proxyType = 1;
			remoteGlobalIDString = A68CCBEF69554FF1967F30BF;
			remoteInfo = ART;
		};
		804ADA4AC3A14326AC13F907 /* PBXContainerItemProxy */ = {
			isa = PBXContainerItemProxy;
			containerPortal = B3AC1FE2A6BC4709A78CBFAF /* ART.xcodeproj */;
			proxyType = 2;
			remoteGlobalIDString = 0CF68AC11AF0540F00FF9E5C;
			remoteInfo = ART;
		};
/* End PBXContainerItemProxy section */

/* Begin PBXCopyFilesBuildPhase section */
		9C2FE58C23EBF1750014DB26 /* Embed Frameworks */ = {
			isa = PBXCopyFilesBuildPhase;
			buildActionMask = 2147483647;
			dstPath = "";
			dstSubfolderSpec = 10;
			files = (
			);
			name = "Embed Frameworks";
			runOnlyForDeploymentPostprocessing = 0;
		};
/* End PBXCopyFilesBuildPhase section */

/* Begin PBXFileReference section */
		223A89451E89CDC70092741E /* MiniApp.jsbundle */ = {isa = PBXFileReference; fileEncoding = 4; lastKnownFileType = text; path = MiniApp.jsbundle; sourceTree = "<group>"; };
		2265A4A11EB26943007D6C3D /* Info.plist */ = {isa = PBXFileReference; fileEncoding = 4; lastKnownFileType = text.plist.xml; path = Info.plist; sourceTree = "<group>"; };
		22BF1FEA1E8DAAF800E7F500 /* assets */ = {isa = PBXFileReference; lastKnownFileType = folder; path = assets; sourceTree = "<group>"; };
		301CB9001F33F3450048C58B /* NSBundle+frameworkBundle.m */ = {isa = PBXFileReference; fileEncoding = 4; lastKnownFileType = sourcecode.c.objc; path = "NSBundle+frameworkBundle.m"; sourceTree = "<group>"; };
		301CB9011F33F3450048C58B /* NSBundle+frameworkBundle.h */ = {isa = PBXFileReference; fileEncoding = 4; lastKnownFileType = sourcecode.c.h; path = "NSBundle+frameworkBundle.h"; sourceTree = "<group>"; };
		304000E72098E1F000BF751C /* ElectrodePluginConfig.h */ = {isa = PBXFileReference; lastKnownFileType = sourcecode.c.h; path = ElectrodePluginConfig.h; sourceTree = "<group>"; };
		30F8CDED1E67946E00413247 /* ElectrodeReactNative_Internal.h */ = {isa = PBXFileReference; fileEncoding = 4; lastKnownFileType = sourcecode.c.h; path = ElectrodeReactNative_Internal.h; sourceTree = "<group>"; };
		485009E31E2FF23B009B6610 /* ElectrodeContainer.framework */ = {isa = PBXFileReference; explicitFileType = wrapper.framework; includeInIndex = 0; path = ElectrodeContainer.framework; sourceTree = BUILT_PRODUCTS_DIR; };
		485009E61E2FF23B009B6610 /* ElectrodeContainer.h */ = {isa = PBXFileReference; lastKnownFileType = sourcecode.c.h; path = ElectrodeContainer.h; sourceTree = "<group>"; };
		485009EC1E2FF23C009B6610 /* ElectrodeContainerTests.xctest */ = {isa = PBXFileReference; explicitFileType = wrapper.cfbundle; includeInIndex = 0; path = ElectrodeContainerTests.xctest; sourceTree = BUILT_PRODUCTS_DIR; };
		485009F31E2FF23C009B6610 /* Info.plist */ = {isa = PBXFileReference; lastKnownFileType = text.plist.xml; path = Info.plist; sourceTree = "<group>"; };
		48500A961E2FF55B009B6610 /* ElectrodeReactNative.h */ = {isa = PBXFileReference; fileEncoding = 4; lastKnownFileType = sourcecode.c.h; path = ElectrodeReactNative.h; sourceTree = "<group>"; };
		48500A971E2FF55B009B6610 /* ElectrodeReactNative.m */ = {isa = PBXFileReference; fileEncoding = 4; lastKnownFileType = sourcecode.c.objc; path = ElectrodeReactNative.m; sourceTree = "<group>"; wrapsLines = 0; };
		968333D51E54E3470031C565 /* ElectrodeBridgeDelegate.h */ = {isa = PBXFileReference; fileEncoding = 4; lastKnownFileType = sourcecode.c.h; path = ElectrodeBridgeDelegate.h; sourceTree = "<group>"; };
		968333D61E54E3470031C565 /* ElectrodeBridgeDelegate.m */ = {isa = PBXFileReference; fileEncoding = 4; lastKnownFileType = sourcecode.c.objc; path = ElectrodeBridgeDelegate.m; sourceTree = "<group>"; };
		22CB683D20C9C46A0031A349 /* Project-QADeployment.xcconfig */ = {isa = PBXFileReference; fileEncoding = 4; lastKnownFileType = text.xcconfig; path = "Project-QADeployment.xcconfig"; sourceTree = "<group>"; };
		22CB683E20C9C46A0031A349 /* Project-Release.xcconfig */ = {isa = PBXFileReference; fileEncoding = 4; lastKnownFileType = text.xcconfig; path = "Project-Release.xcconfig"; sourceTree = "<group>"; };
		22CB684020C9C46A0031A349 /* ElectrodeContainer-QADeployment.xcconfig */ = {isa = PBXFileReference; fileEncoding = 4; lastKnownFileType = text.xcconfig; path = "ElectrodeContainer-QADeployment.xcconfig"; sourceTree = "<group>"; };
		22CB684120C9C46A0031A349 /* ElectrodeContainer-Debug.xcconfig */ = {isa = PBXFileReference; fileEncoding = 4; lastKnownFileType = text.xcconfig; path = "ElectrodeContainer-Debug.xcconfig"; sourceTree = "<group>"; };
		22CB684220C9C46A0031A349 /* ElectrodeContainer-Release.xcconfig */ = {isa = PBXFileReference; fileEncoding = 4; lastKnownFileType = text.xcconfig; path = "ElectrodeContainer-Release.xcconfig"; sourceTree = "<group>"; };
		22CB684420C9C46A0031A349 /* ElectrodeContainerTests-Release.xcconfig */ = {isa = PBXFileReference; fileEncoding = 4; lastKnownFileType = text.xcconfig; path = "ElectrodeContainerTests-Release.xcconfig"; sourceTree = "<group>"; };
		22CB684620C9C46A0031A349 /* ElectrodeContainerTests-QADeployment.xcconfig */ = {isa = PBXFileReference; fileEncoding = 4; lastKnownFileType = text.xcconfig; path = "ElectrodeContainerTests-QADeployment.xcconfig"; sourceTree = "<group>"; };
		22CB684720C9C46A0031A349 /* Project-Debug.xcconfig */ = {isa = PBXFileReference; fileEncoding = 4; lastKnownFileType = text.xcconfig; path = "Project-Debug.xcconfig"; sourceTree = "<group>"; };
		22CB684820C9C46B0031A349 /* ElectrodeContainerTests-Debug.xcconfig */ = {isa = PBXFileReference; fileEncoding = 4; lastKnownFileType = text.xcconfig; path = "ElectrodeContainerTests-Debug.xcconfig"; sourceTree = "<group>"; };
		DA42DF5C233C1B0500046338 /* ERNDevSettingsViewController.h */ = {isa = PBXFileReference; fileEncoding = 4; lastKnownFileType = sourcecode.c.h; path = ERNDevSettingsViewController.h; sourceTree = "<group>"; };
		DA42DF5A233C1B0500046338 /* ERNDevSettingsViewController.m */ = {isa = PBXFileReference; fileEncoding = 4; lastKnownFileType = sourcecode.c.objc; path = ERNDevSettingsViewController.m; sourceTree = "<group>"; };
		DA42DF5B233C1B0500046338 /* ElectrodeBundle.h */ = {isa = PBXFileReference; fileEncoding = 4; lastKnownFileType = sourcecode.c.h; path = ElectrodeBundle.h; sourceTree = "<group>"; };
		DA42DF59233C1B0500046338 /* ElectrodeBundle.m */ = {isa = PBXFileReference; fileEncoding = 4; lastKnownFileType = sourcecode.c.objc; path = ElectrodeBundle.m; sourceTree = "<group>"; };
		65E1BEC3E220426299153DD9 /* React.xcodeproj */ = {isa = PBXFileReference; name = "React.xcodeproj"; path = "ReactNative/React/React.xcodeproj"; sourceTree = "<group>"; fileEncoding = undefined; lastKnownFileType = wrapper.pb-project; explicitFileType = undefined; includeInIndex = 0; };
		78D324B5108640D2858F631B /* libReact.a */ = {isa = PBXFileReference; name = "libReact.a"; path = "libReact.a"; sourceTree = "<group>"; fileEncoding = undefined; lastKnownFileType = archive.ar; explicitFileType = undefined; includeInIndex = 0; };
		03C92D1BE9A740A488FAC602 /* RCTActionSheet.xcodeproj */ = {isa = PBXFileReference; name = "RCTActionSheet.xcodeproj"; path = "ReactNative/ActionSheetIOS/RCTActionSheet.xcodeproj"; sourceTree = "<group>"; fileEncoding = undefined; lastKnownFileType = wrapper.pb-project; explicitFileType = undefined; includeInIndex = 0; };
		FADA11DDF5F149E5897E9794 /* libRCTActionSheet.a */ = {isa = PBXFileReference; name = "libRCTActionSheet.a"; path = "libRCTActionSheet.a"; sourceTree = "<group>"; fileEncoding = undefined; lastKnownFileType = archive.ar; explicitFileType = undefined; includeInIndex = 0; };
		13ED49F8BE2B429F9C017FD9 /* RCTImage.xcodeproj */ = {isa = PBXFileReference; name = "RCTImage.xcodeproj"; path = "ReactNative/Image/RCTImage.xcodeproj"; sourceTree = "<group>"; fileEncoding = undefined; lastKnownFileType = wrapper.pb-project; explicitFileType = undefined; includeInIndex = 0; };
		5F0E998CDAF34EDE91C922C6 /* libRCTImage.a */ = {isa = PBXFileReference; name = "libRCTImage.a"; path = "libRCTImage.a"; sourceTree = "<group>"; fileEncoding = undefined; lastKnownFileType = archive.ar; explicitFileType = undefined; includeInIndex = 0; };
		720D60CB4BEE4FB29CB5F0D7 /* RCTAnimation.xcodeproj */ = {isa = PBXFileReference; name = "RCTAnimation.xcodeproj"; path = "ReactNative/NativeAnimation/RCTAnimation.xcodeproj"; sourceTree = "<group>"; fileEncoding = undefined; lastKnownFileType = wrapper.pb-project; explicitFileType = undefined; includeInIndex = 0; };
		A027EF339E464774B0555004 /* libRCTAnimation.a */ = {isa = PBXFileReference; name = "libRCTAnimation.a"; path = "libRCTAnimation.a"; sourceTree = "<group>"; fileEncoding = undefined; lastKnownFileType = archive.ar; explicitFileType = undefined; includeInIndex = 0; };
		A17A5B0A4CA54A49BB4275AC /* RCTText.xcodeproj */ = {isa = PBXFileReference; name = "RCTText.xcodeproj"; path = "ReactNative/Text/RCTText.xcodeproj"; sourceTree = "<group>"; fileEncoding = undefined; lastKnownFileType = wrapper.pb-project; explicitFileType = undefined; includeInIndex = 0; };
		BAC89B3FBB654E398ED5D2C5 /* libRCTText.a */ = {isa = PBXFileReference; name = "libRCTText.a"; path = "libRCTText.a"; sourceTree = "<group>"; fileEncoding = undefined; lastKnownFileType = archive.ar; explicitFileType = undefined; includeInIndex = 0; };
		E670C173781944D9A76AF224 /* RCTWebSocket.xcodeproj */ = {isa = PBXFileReference; name = "RCTWebSocket.xcodeproj"; path = "ReactNative/WebSocket/RCTWebSocket.xcodeproj"; sourceTree = "<group>"; fileEncoding = undefined; lastKnownFileType = wrapper.pb-project; explicitFileType = undefined; includeInIndex = 0; };
		22E9DFBF841844529FC07766 /* libRCTWebSocket.a */ = {isa = PBXFileReference; name = "libRCTWebSocket.a"; path = "libRCTWebSocket.a"; sourceTree = "<group>"; fileEncoding = undefined; lastKnownFileType = archive.ar; explicitFileType = undefined; includeInIndex = 0; };
		656DC5A21FF2492299EC7B71 /* RCTLinking.xcodeproj */ = {isa = PBXFileReference; name = "RCTLinking.xcodeproj"; path = "ReactNative/LinkingIOS/RCTLinking.xcodeproj"; sourceTree = "<group>"; fileEncoding = undefined; lastKnownFileType = wrapper.pb-project; explicitFileType = undefined; includeInIndex = 0; };
		67E54A132BEF415EAA0FC6C5 /* libRCTLinking.a */ = {isa = PBXFileReference; name = "libRCTLinking.a"; path = "libRCTLinking.a"; sourceTree = "<group>"; fileEncoding = undefined; lastKnownFileType = archive.ar; explicitFileType = undefined; includeInIndex = 0; };
		0E11F721428C41AEB6498479 /* RCTNetwork.xcodeproj */ = {isa = PBXFileReference; name = "RCTNetwork.xcodeproj"; path = "ReactNative/Network/RCTNetwork.xcodeproj"; sourceTree = "<group>"; fileEncoding = undefined; lastKnownFileType = wrapper.pb-project; explicitFileType = undefined; includeInIndex = 0; };
		EF38FA1F661E44E580772A55 /* libRCTNetwork.a */ = {isa = PBXFileReference; name = "libRCTNetwork.a"; path = "libRCTNetwork.a"; sourceTree = "<group>"; fileEncoding = undefined; lastKnownFileType = archive.ar; explicitFileType = undefined; includeInIndex = 0; };
		D5A114B9DC004767B598F8BB /* RCTSettings.xcodeproj */ = {isa = PBXFileReference; name = "RCTSettings.xcodeproj"; path = "ReactNative/Settings/RCTSettings.xcodeproj"; sourceTree = "<group>"; fileEncoding = undefined; lastKnownFileType = wrapper.pb-project; explicitFileType = undefined; includeInIndex = 0; };
		6E42DCB497B34E85890E8AE7 /* libRCTSettings.a */ = {isa = PBXFileReference; name = "libRCTSettings.a"; path = "libRCTSettings.a"; sourceTree = "<group>"; fileEncoding = undefined; lastKnownFileType = archive.ar; explicitFileType = undefined; includeInIndex = 0; };
		DA0304B0B2944C4AB1F8164C /* RCTVibration.xcodeproj */ = {isa = PBXFileReference; name = "RCTVibration.xcodeproj"; path = "ReactNative/Vibration/RCTVibration.xcodeproj"; sourceTree = "<group>"; fileEncoding = undefined; lastKnownFileType = wrapper.pb-project; explicitFileType = undefined; includeInIndex = 0; };
		8B0011549F354AF599F116D1 /* libRCTVibration.a */ = {isa = PBXFileReference; name = "libRCTVibration.a"; path = "libRCTVibration.a"; sourceTree = "<group>"; fileEncoding = undefined; lastKnownFileType = archive.ar; explicitFileType = undefined; includeInIndex = 0; };
		CBBFC83506864B11BE49B682 /* RCTCameraRoll.xcodeproj */ = {isa = PBXFileReference; name = "RCTCameraRoll.xcodeproj"; path = "ReactNative/CameraRoll/RCTCameraRoll.xcodeproj"; sourceTree = "<group>"; fileEncoding = undefined; lastKnownFileType = wrapper.pb-project; explicitFileType = undefined; includeInIndex = 0; };
		D5BC4D13B5494D42BE137309 /* libRCTCameraRoll.a */ = {isa = PBXFileReference; name = "libRCTCameraRoll.a"; path = "libRCTCameraRoll.a"; sourceTree = "<group>"; fileEncoding = undefined; lastKnownFileType = archive.ar; explicitFileType = undefined; includeInIndex = 0; };
		B3AC1FE2A6BC4709A78CBFAF /* ART.xcodeproj */ = {isa = PBXFileReference; name = "ART.xcodeproj"; path = "ReactNative/ART/ART.xcodeproj"; sourceTree = "<group>"; fileEncoding = undefined; lastKnownFileType = wrapper.pb-project; explicitFileType = undefined; includeInIndex = 0; };
		191AC167655541C1A962576A /* libART.a */ = {isa = PBXFileReference; name = "libART.a"; path = "libART.a"; sourceTree = "<group>"; fileEncoding = undefined; lastKnownFileType = archive.ar; explicitFileType = undefined; includeInIndex = 0; };
		C753AADFEB9F4B34BAB36B67 /* JavaScriptCore.framework */ = {isa = PBXFileReference; name = "JavaScriptCore.framework"; path = "/System/Library/Frameworks/JavaScriptCore.framework"; sourceTree = "<group>"; fileEncoding = undefined; lastKnownFileType = wrapper.framework; explicitFileType = undefined; includeInIndex = 0; };
		42B41FF46BC24F2BB9F38638 /* ElectrodeObject.swift */ = {isa = PBXFileReference; name = "ElectrodeObject.swift"; path = "ElectrodeReactNativeBridge/ElectrodeObject.swift"; sourceTree = "<group>"; fileEncoding = 4; lastKnownFileType = sourcecode.swift; explicitFileType = undefined; includeInIndex = 0; };
		ADC8F539F4F14D95B988D6D0 /* Bridgeable.swift */ = {isa = PBXFileReference; name = "Bridgeable.swift"; path = "ElectrodeReactNativeBridge/Bridgeable.swift"; sourceTree = "<group>"; fileEncoding = 4; lastKnownFileType = sourcecode.swift; explicitFileType = undefined; includeInIndex = 0; };
		3C5E5ACBCEF94097B6F59B75 /* ElectrodeRequestHandlerProcessor.swift */ = {isa = PBXFileReference; name = "ElectrodeRequestHandlerProcessor.swift"; path = "ElectrodeReactNativeBridge/ElectrodeRequestHandlerProcessor.swift"; sourceTree = "<group>"; fileEncoding = 4; lastKnownFileType = sourcecode.swift; explicitFileType = undefined; includeInIndex = 0; };
		C3A7057711C94009946E2104 /* ElectrodeRequestProcessor.swift */ = {isa = PBXFileReference; name = "ElectrodeRequestProcessor.swift"; path = "ElectrodeReactNativeBridge/ElectrodeRequestProcessor.swift"; sourceTree = "<group>"; fileEncoding = 4; lastKnownFileType = sourcecode.swift; explicitFileType = undefined; includeInIndex = 0; };
		C99CD7D0AE8D46AF975A070E /* ElectrodeUtilities.swift */ = {isa = PBXFileReference; name = "ElectrodeUtilities.swift"; path = "ElectrodeReactNativeBridge/ElectrodeUtilities.swift"; sourceTree = "<group>"; fileEncoding = 4; lastKnownFileType = sourcecode.swift; explicitFileType = undefined; includeInIndex = 0; };
		F50C193700184568A78DD6A6 /* EventListenerProcessor.swift */ = {isa = PBXFileReference; name = "EventListenerProcessor.swift"; path = "ElectrodeReactNativeBridge/EventListenerProcessor.swift"; sourceTree = "<group>"; fileEncoding = 4; lastKnownFileType = sourcecode.swift; explicitFileType = undefined; includeInIndex = 0; };
		B75B6E6666C045EF9C9B5DA0 /* EventProcessor.swift */ = {isa = PBXFileReference; name = "EventProcessor.swift"; path = "ElectrodeReactNativeBridge/EventProcessor.swift"; sourceTree = "<group>"; fileEncoding = 4; lastKnownFileType = sourcecode.swift; explicitFileType = undefined; includeInIndex = 0; };
		98C7BBAF416B48A7A41A1573 /* Processor.swift */ = {isa = PBXFileReference; name = "Processor.swift"; path = "ElectrodeReactNativeBridge/Processor.swift"; sourceTree = "<group>"; fileEncoding = 4; lastKnownFileType = sourcecode.swift; explicitFileType = undefined; includeInIndex = 0; };
		1CDB4B655CF24B8F9A1A6A23 /* None.swift */ = {isa = PBXFileReference; name = "None.swift"; path = "ElectrodeReactNativeBridge/None.swift"; sourceTree = "<group>"; fileEncoding = 4; lastKnownFileType = sourcecode.swift; explicitFileType = undefined; includeInIndex = 0; };
		E7DE5F5B89DF47408B2D75F6 /* ElectrodeBridgeEvent.m */ = {isa = PBXFileReference; name = "ElectrodeBridgeEvent.m"; path = "ElectrodeReactNativeBridge/ElectrodeBridgeEvent.m"; sourceTree = "<group>"; fileEncoding = 4; lastKnownFileType = sourcecode.c.objc; explicitFileType = undefined; includeInIndex = 0; };
		378D098B6A584872B6DBF9F5 /* ElectrodeBridgeFailureMessage.m */ = {isa = PBXFileReference; name = "ElectrodeBridgeFailureMessage.m"; path = "ElectrodeReactNativeBridge/ElectrodeBridgeFailureMessage.m"; sourceTree = "<group>"; fileEncoding = 4; lastKnownFileType = sourcecode.c.objc; explicitFileType = undefined; includeInIndex = 0; };
		1EA18648C9A543FC879BBAD2 /* ElectrodeBridgeHolder.m */ = {isa = PBXFileReference; name = "ElectrodeBridgeHolder.m"; path = "ElectrodeReactNativeBridge/ElectrodeBridgeHolder.m"; sourceTree = "<group>"; fileEncoding = 4; lastKnownFileType = sourcecode.c.objc; explicitFileType = undefined; includeInIndex = 0; };
		1E2CE2C9B1B9425FB4544A8A /* ElectrodeBridgeMessage.m */ = {isa = PBXFileReference; name = "ElectrodeBridgeMessage.m"; path = "ElectrodeReactNativeBridge/ElectrodeBridgeMessage.m"; sourceTree = "<group>"; fileEncoding = 4; lastKnownFileType = sourcecode.c.objc; explicitFileType = undefined; includeInIndex = 0; };
		15724980D1F54C789B49FD30 /* ElectrodeBridgeProtocols.m */ = {isa = PBXFileReference; name = "ElectrodeBridgeProtocols.m"; path = "ElectrodeReactNativeBridge/ElectrodeBridgeProtocols.m"; sourceTree = "<group>"; fileEncoding = 4; lastKnownFileType = sourcecode.c.objc; explicitFileType = undefined; includeInIndex = 0; };
		35C412B549364B998A6E6918 /* ElectrodeBridgeRequest.m */ = {isa = PBXFileReference; name = "ElectrodeBridgeRequest.m"; path = "ElectrodeReactNativeBridge/ElectrodeBridgeRequest.m"; sourceTree = "<group>"; fileEncoding = 4; lastKnownFileType = sourcecode.c.objc; explicitFileType = undefined; includeInIndex = 0; };
		0CB87BF8D4084C398760009D /* ElectrodeBridgeResponse.m */ = {isa = PBXFileReference; name = "ElectrodeBridgeResponse.m"; path = "ElectrodeReactNativeBridge/ElectrodeBridgeResponse.m"; sourceTree = "<group>"; fileEncoding = 4; lastKnownFileType = sourcecode.c.objc; explicitFileType = undefined; includeInIndex = 0; };
		131EDA563443416B92F02DCA /* ElectrodeBridgeTransaction.m */ = {isa = PBXFileReference; name = "ElectrodeBridgeTransaction.m"; path = "ElectrodeReactNativeBridge/ElectrodeBridgeTransaction.m"; sourceTree = "<group>"; fileEncoding = 4; lastKnownFileType = sourcecode.c.objc; explicitFileType = undefined; includeInIndex = 0; };
		30785114900E45B28BF270CE /* ElectrodeBridgeTransceiver.m */ = {isa = PBXFileReference; name = "ElectrodeBridgeTransceiver.m"; path = "ElectrodeReactNativeBridge/ElectrodeBridgeTransceiver.m"; sourceTree = "<group>"; fileEncoding = 4; lastKnownFileType = sourcecode.c.objc; explicitFileType = undefined; includeInIndex = 0; };
		6C587B05A1AC4FF2ACCC3411 /* ElectrodeEventDispatcher.m */ = {isa = PBXFileReference; name = "ElectrodeEventDispatcher.m"; path = "ElectrodeReactNativeBridge/ElectrodeEventDispatcher.m"; sourceTree = "<group>"; fileEncoding = 4; lastKnownFileType = sourcecode.c.objc; explicitFileType = undefined; includeInIndex = 0; };
		DFE077FB31E944808D89C09F /* ElectrodeEventRegistrar.m */ = {isa = PBXFileReference; name = "ElectrodeEventRegistrar.m"; path = "ElectrodeReactNativeBridge/ElectrodeEventRegistrar.m"; sourceTree = "<group>"; fileEncoding = 4; lastKnownFileType = sourcecode.c.objc; explicitFileType = undefined; includeInIndex = 0; };
		7768ABBE3E8C4B7896A002E0 /* ElectrodeRequestDispatcher.m */ = {isa = PBXFileReference; name = "ElectrodeRequestDispatcher.m"; path = "ElectrodeReactNativeBridge/ElectrodeRequestDispatcher.m"; sourceTree = "<group>"; fileEncoding = 4; lastKnownFileType = sourcecode.c.objc; explicitFileType = undefined; includeInIndex = 0; };
		D0F223430C88429393B225B8 /* ElectrodeRequestRegistrar.m */ = {isa = PBXFileReference; name = "ElectrodeRequestRegistrar.m"; path = "ElectrodeReactNativeBridge/ElectrodeRequestRegistrar.m"; sourceTree = "<group>"; fileEncoding = 4; lastKnownFileType = sourcecode.c.objc; explicitFileType = undefined; includeInIndex = 0; };
		BA4196B1892747D28BE2AB65 /* ElectrodeLogger.m */ = {isa = PBXFileReference; name = "ElectrodeLogger.m"; path = "ElectrodeReactNativeBridge/ElectrodeLogger.m"; sourceTree = "<group>"; fileEncoding = 4; lastKnownFileType = sourcecode.c.objc; explicitFileType = undefined; includeInIndex = 0; };
		BE4149323572404D88FA92C4 /* ElectrodeBridgeEvent.h */ = {isa = PBXFileReference; name = "ElectrodeBridgeEvent.h"; path = "ElectrodeReactNativeBridge/ElectrodeBridgeEvent.h"; sourceTree = "<group>"; fileEncoding = 4; lastKnownFileType = sourcecode.c.h; explicitFileType = undefined; includeInIndex = 0; };
		F70C24A2A9924A02B9B8208D /* ElectrodeBridgeFailureMessage.h */ = {isa = PBXFileReference; name = "ElectrodeBridgeFailureMessage.h"; path = "ElectrodeReactNativeBridge/ElectrodeBridgeFailureMessage.h"; sourceTree = "<group>"; fileEncoding = 4; lastKnownFileType = sourcecode.c.h; explicitFileType = undefined; includeInIndex = 0; };
		A92BFF15D62E4C3488C4B795 /* ElectrodeBridgeHolder.h */ = {isa = PBXFileReference; name = "ElectrodeBridgeHolder.h"; path = "ElectrodeReactNativeBridge/ElectrodeBridgeHolder.h"; sourceTree = "<group>"; fileEncoding = 4; lastKnownFileType = sourcecode.c.h; explicitFileType = undefined; includeInIndex = 0; };
		0E72D7626F564A4891D7EAC9 /* ElectrodeBridgeMessage.h */ = {isa = PBXFileReference; name = "ElectrodeBridgeMessage.h"; path = "ElectrodeReactNativeBridge/ElectrodeBridgeMessage.h"; sourceTree = "<group>"; fileEncoding = 4; lastKnownFileType = sourcecode.c.h; explicitFileType = undefined; includeInIndex = 0; };
		7AD3654E73F445C6BB024012 /* ElectrodeBridgeProtocols.h */ = {isa = PBXFileReference; name = "ElectrodeBridgeProtocols.h"; path = "ElectrodeReactNativeBridge/ElectrodeBridgeProtocols.h"; sourceTree = "<group>"; fileEncoding = 4; lastKnownFileType = sourcecode.c.h; explicitFileType = undefined; includeInIndex = 0; };
		319B2867A2DF4DC8A52E6C34 /* ElectrodeBridgeRequest.h */ = {isa = PBXFileReference; name = "ElectrodeBridgeRequest.h"; path = "ElectrodeReactNativeBridge/ElectrodeBridgeRequest.h"; sourceTree = "<group>"; fileEncoding = 4; lastKnownFileType = sourcecode.c.h; explicitFileType = undefined; includeInIndex = 0; };
		6B8721B3AF9B40E49E154FE6 /* ElectrodeBridgeTransaction.h */ = {isa = PBXFileReference; name = "ElectrodeBridgeTransaction.h"; path = "ElectrodeReactNativeBridge/ElectrodeBridgeTransaction.h"; sourceTree = "<group>"; fileEncoding = 4; lastKnownFileType = sourcecode.c.h; explicitFileType = undefined; includeInIndex = 0; };
		E1A7BAD21002412A8518441C /* ElectrodeBridgeTransceiver.h */ = {isa = PBXFileReference; name = "ElectrodeBridgeTransceiver.h"; path = "ElectrodeReactNativeBridge/ElectrodeBridgeTransceiver.h"; sourceTree = "<group>"; fileEncoding = 4; lastKnownFileType = sourcecode.c.h; explicitFileType = undefined; includeInIndex = 0; };
		1DA6F1DDFC4D40E0AD5825D9 /* ElectrodeBridgeTransceiver_Internal.h */ = {isa = PBXFileReference; name = "ElectrodeBridgeTransceiver_Internal.h"; path = "ElectrodeReactNativeBridge/ElectrodeBridgeTransceiver_Internal.h"; sourceTree = "<group>"; fileEncoding = 4; lastKnownFileType = sourcecode.c.h; explicitFileType = undefined; includeInIndex = 0; };
		B525F5578AA44BDAA8922519 /* ElectrodeEventDispatcher.h */ = {isa = PBXFileReference; name = "ElectrodeEventDispatcher.h"; path = "ElectrodeReactNativeBridge/ElectrodeEventDispatcher.h"; sourceTree = "<group>"; fileEncoding = 4; lastKnownFileType = sourcecode.c.h; explicitFileType = undefined; includeInIndex = 0; };
		F6DF6AFDAAE04DF0941D695B /* ElectrodeEventRegistrar.h */ = {isa = PBXFileReference; name = "ElectrodeEventRegistrar.h"; path = "ElectrodeReactNativeBridge/ElectrodeEventRegistrar.h"; sourceTree = "<group>"; fileEncoding = 4; lastKnownFileType = sourcecode.c.h; explicitFileType = undefined; includeInIndex = 0; };
		758902294071436186B71174 /* ElectrodeRequestDispatcher.h */ = {isa = PBXFileReference; name = "ElectrodeRequestDispatcher.h"; path = "ElectrodeReactNativeBridge/ElectrodeRequestDispatcher.h"; sourceTree = "<group>"; fileEncoding = 4; lastKnownFileType = sourcecode.c.h; explicitFileType = undefined; includeInIndex = 0; };
		8DEB85783043457E89FC6A26 /* ElectrodeRequestRegistrar.h */ = {isa = PBXFileReference; name = "ElectrodeRequestRegistrar.h"; path = "ElectrodeReactNativeBridge/ElectrodeRequestRegistrar.h"; sourceTree = "<group>"; fileEncoding = 4; lastKnownFileType = sourcecode.c.h; explicitFileType = undefined; includeInIndex = 0; };
		77ED7C259C794F489DB87174 /* ElectrodeReactNativeBridge.h */ = {isa = PBXFileReference; name = "ElectrodeReactNativeBridge.h"; path = "ElectrodeReactNativeBridge/ElectrodeReactNativeBridge.h"; sourceTree = "<group>"; fileEncoding = 4; lastKnownFileType = sourcecode.c.h; explicitFileType = undefined; includeInIndex = 0; };
		78405FC4BE734917AC1EB9DC /* ElectrodeBridgeResponse.h */ = {isa = PBXFileReference; name = "ElectrodeBridgeResponse.h"; path = "ElectrodeReactNativeBridge/ElectrodeBridgeResponse.h"; sourceTree = "<group>"; fileEncoding = 4; lastKnownFileType = sourcecode.c.h; explicitFileType = undefined; includeInIndex = 0; };
		AD972D1E08DD46B4A44CA791 /* ElectrodeLogger.h */ = {isa = PBXFileReference; name = "ElectrodeLogger.h"; path = "ElectrodeReactNativeBridge/ElectrodeLogger.h"; sourceTree = "<group>"; fileEncoding = 4; lastKnownFileType = sourcecode.c.h; explicitFileType = undefined; includeInIndex = 0; };
		E7CDF0D02BDC4353B869A876 /* BirthYear.swift */ = {isa = PBXFileReference; name = "BirthYear.swift"; path = "APIs/BirthYear.swift"; sourceTree = "<group>"; fileEncoding = 4; lastKnownFileType = sourcecode.swift; explicitFileType = undefined; includeInIndex = 0; fileRef = E7CDF0D02BDC4353B869A876; basename = BirthYear.swift; target = undefined; uuid = A40B1A4979D34C228C476D7B; settings = {ATTRIBUTES = (Public, ); }; };
		FF3C4468A8BD44C3824A9E84 /* Movie.swift */ = {isa = PBXFileReference; name = "Movie.swift"; path = "APIs/Movie.swift"; sourceTree = "<group>"; fileEncoding = 4; lastKnownFileType = sourcecode.swift; explicitFileType = undefined; includeInIndex = 0; fileRef = FF3C4468A8BD44C3824A9E84; basename = Movie.swift; target = undefined; uuid = 7B5220FAC6F84F659DC50235; settings = {ATTRIBUTES = (Public, ); }; };
		6BEA38575316419EB0C19AEA /* MoviesAPI.swift */ = {isa = PBXFileReference; name = "MoviesAPI.swift"; path = "APIs/MoviesAPI.swift"; sourceTree = "<group>"; fileEncoding = 4; lastKnownFileType = sourcecode.swift; explicitFileType = undefined; includeInIndex = 0; fileRef = 6BEA38575316419EB0C19AEA; basename = MoviesAPI.swift; target = undefined; uuid = 6E5B22259E3944E8938980A3; settings = {ATTRIBUTES = (Public, ); }; };
		964BB528586243AC97C1D956 /* MoviesRequests.swift */ = {isa = PBXFileReference; name = "MoviesRequests.swift"; path = "APIs/MoviesRequests.swift"; sourceTree = "<group>"; fileEncoding = 4; lastKnownFileType = sourcecode.swift; explicitFileType = undefined; includeInIndex = 0; fileRef = 964BB528586243AC97C1D956; basename = MoviesRequests.swift; target = undefined; uuid = 5E8A714AD1824DDAAA41932B; settings = {ATTRIBUTES = (Public, ); }; };
		77BBF334FF724E24A5B5AC6B /* Person.swift */ = {isa = PBXFileReference; name = "Person.swift"; path = "APIs/Person.swift"; sourceTree = "<group>"; fileEncoding = 4; lastKnownFileType = sourcecode.swift; explicitFileType = undefined; includeInIndex = 0; fileRef = 77BBF334FF724E24A5B5AC6B; basename = Person.swift; target = undefined; uuid = 1D409EA900794D678898E012; settings = {ATTRIBUTES = (Public, ); }; };
		19A698524F3945C197D5A313 /* Synopsis.swift */ = {isa = PBXFileReference; name = "Synopsis.swift"; path = "APIs/Synopsis.swift"; sourceTree = "<group>"; fileEncoding = 4; lastKnownFileType = sourcecode.swift; explicitFileType = undefined; includeInIndex = 0; fileRef = 19A698524F3945C197D5A313; basename = Synopsis.swift; target = undefined; uuid = E1A317245D464EF9AEB06FAF; settings = {ATTRIBUTES = (Public, ); }; };
		4182DE5AB18A491EAE533C0C /* NavigateData.swift */ = {isa = PBXFileReference; name = "NavigateData.swift"; path = "APIs/NavigateData.swift"; sourceTree = "<group>"; fileEncoding = 4; lastKnownFileType = sourcecode.swift; explicitFileType = undefined; includeInIndex = 0; fileRef = 4182DE5AB18A491EAE533C0C; basename = NavigateData.swift; target = undefined; uuid = D596662EF0824EF1BE2A0031; settings = {ATTRIBUTES = (Public, ); }; };
		351F8071E78E44D781ABEBB0 /* NavigationAPI.swift */ = {isa = PBXFileReference; name = "NavigationAPI.swift"; path = "APIs/NavigationAPI.swift"; sourceTree = "<group>"; fileEncoding = 4; lastKnownFileType = sourcecode.swift; explicitFileType = undefined; includeInIndex = 0; fileRef = 351F8071E78E44D781ABEBB0; basename = NavigationAPI.swift; target = undefined; uuid = 4FE647C548EB4EAFB837466F; settings = {ATTRIBUTES = (Public, ); }; };
		8552B27E7C0C40B1BAFC496F /* NavigationRequests.swift */ = {isa = PBXFileReference; name = "NavigationRequests.swift"; path = "APIs/NavigationRequests.swift"; sourceTree = "<group>"; fileEncoding = 4; lastKnownFileType = sourcecode.swift; explicitFileType = undefined; includeInIndex = 0; fileRef = 8552B27E7C0C40B1BAFC496F; basename = NavigationRequests.swift; target = undefined; uuid = 803DF508058A483C9093BA8E; settings = {ATTRIBUTES = (Public, ); }; };
/* End PBXFileReference section */

/* Begin PBXFrameworksBuildPhase section */
		485009DF1E2FF23B009B6610 /* Frameworks */ = {
			isa = PBXFrameworksBuildPhase;
			buildActionMask = 2147483647;
			files = (
				68F844D31FBA468083B44C89 /* libReact.a in Frameworks */,
				9870C467D7F9485697A493F2 /* libRCTActionSheet.a in Frameworks */,
				A4FE01108241412B97D46490 /* libRCTImage.a in Frameworks */,
				FD7D7ED2EF034DC1A7546ED7 /* libRCTAnimation.a in Frameworks */,
				EE4347061F2F4571B85398C4 /* libRCTText.a in Frameworks */,
				B71244B9AE9D4BE09E883C27 /* libRCTWebSocket.a in Frameworks */,
				2B144EBC9B2949E5B12D39B4 /* libRCTLinking.a in Frameworks */,
				9E5D4CB28427409CAABA7BE8 /* libRCTNetwork.a in Frameworks */,
				9D3BD007BF3F4291BCD75878 /* libRCTSettings.a in Frameworks */,
				5CDD61C8877146589FDF97E4 /* libRCTVibration.a in Frameworks */,
				D6CC299281EF4BE281093ECB /* libRCTCameraRoll.a in Frameworks */,
				A68CCBEF69554FF1967F30BF /* libART.a in Frameworks */,
				8A1F816C06FE495B8F1EA343 /* JavaScriptCore.framework in Frameworks */,
			);
			runOnlyForDeploymentPostprocessing = 0;
		};
		485009E91E2FF23C009B6610 /* Frameworks */ = {
			isa = PBXFrameworksBuildPhase;
			buildActionMask = 2147483647;
			files = (
				485009ED1E2FF23C009B6610 /* ElectrodeContainer.framework in Frameworks */,
			);
			runOnlyForDeploymentPostprocessing = 0;
		};
/* End PBXFrameworksBuildPhase section */

/* Begin PBXGroup section */
		22CB67F120C9C44C0031A349 /* Config */ = {
			isa = PBXGroup;
			children = (
				22CB684120C9C46A0031A349 /* ElectrodeContainer-Debug.xcconfig */,
				22CB684020C9C46A0031A349 /* ElectrodeContainer-QADeployment.xcconfig */,
				22CB684220C9C46A0031A349 /* ElectrodeContainer-Release.xcconfig */,
				22CB684820C9C46B0031A349 /* ElectrodeContainerTests-Debug.xcconfig */,
				22CB684620C9C46A0031A349 /* ElectrodeContainerTests-QADeployment.xcconfig */,
				22CB684420C9C46A0031A349 /* ElectrodeContainerTests-Release.xcconfig */,
				22CB684720C9C46A0031A349 /* Project-Debug.xcconfig */,
				22CB683D20C9C46A0031A349 /* Project-QADeployment.xcconfig */,
				22CB683E20C9C46A0031A349 /* Project-Release.xcconfig */,
			);
			path = Config;
			sourceTree = "<group>";
		};
		226325CE1E80594F00CD0B10 /* ReactNative */ = {
			isa = PBXGroup;
			children = (
				65E1BEC3E220426299153DD9 /* React.xcodeproj */,
				03C92D1BE9A740A488FAC602 /* RCTActionSheet.xcodeproj */,
				13ED49F8BE2B429F9C017FD9 /* RCTImage.xcodeproj */,
				720D60CB4BEE4FB29CB5F0D7 /* RCTAnimation.xcodeproj */,
				A17A5B0A4CA54A49BB4275AC /* RCTText.xcodeproj */,
				E670C173781944D9A76AF224 /* RCTWebSocket.xcodeproj */,
				656DC5A21FF2492299EC7B71 /* RCTLinking.xcodeproj */,
				0E11F721428C41AEB6498479 /* RCTNetwork.xcodeproj */,
				D5A114B9DC004767B598F8BB /* RCTSettings.xcodeproj */,
				DA0304B0B2944C4AB1F8164C /* RCTVibration.xcodeproj */,
				CBBFC83506864B11BE49B682 /* RCTCameraRoll.xcodeproj */,
				B3AC1FE2A6BC4709A78CBFAF /* ART.xcodeproj */,
			);
			name = ReactNative;
			sourceTree = "<group>";
		};
		22C096A91EA0893F00E1486A /* APIs */ = {
			isa = PBXGroup;
			children = (
				E7CDF0D02BDC4353B869A876 /* BirthYear.swift */,
				FF3C4468A8BD44C3824A9E84 /* Movie.swift */,
				6BEA38575316419EB0C19AEA /* MoviesAPI.swift */,
				964BB528586243AC97C1D956 /* MoviesRequests.swift */,
				77BBF334FF724E24A5B5AC6B /* Person.swift */,
				19A698524F3945C197D5A313 /* Synopsis.swift */,
				4182DE5AB18A491EAE533C0C /* NavigateData.swift */,
				351F8071E78E44D781ABEBB0 /* NavigationAPI.swift */,
				8552B27E7C0C40B1BAFC496F /* NavigationRequests.swift */,
			);
			name = APIs;
			sourceTree = "<group>";
		};
		22FD4D1E1E96ECBB00FC81DB /* ElectrodeReactNativeBridge */ = {
			isa = PBXGroup;
			children = (
				42B41FF46BC24F2BB9F38638 /* ElectrodeObject.swift */,
				ADC8F539F4F14D95B988D6D0 /* Bridgeable.swift */,
				3C5E5ACBCEF94097B6F59B75 /* ElectrodeRequestHandlerProcessor.swift */,
				C3A7057711C94009946E2104 /* ElectrodeRequestProcessor.swift */,
				C99CD7D0AE8D46AF975A070E /* ElectrodeUtilities.swift */,
				F50C193700184568A78DD6A6 /* EventListenerProcessor.swift */,
				B75B6E6666C045EF9C9B5DA0 /* EventProcessor.swift */,
				98C7BBAF416B48A7A41A1573 /* Processor.swift */,
				1CDB4B655CF24B8F9A1A6A23 /* None.swift */,
				E7DE5F5B89DF47408B2D75F6 /* ElectrodeBridgeEvent.m */,
				378D098B6A584872B6DBF9F5 /* ElectrodeBridgeFailureMessage.m */,
				1EA18648C9A543FC879BBAD2 /* ElectrodeBridgeHolder.m */,
				1E2CE2C9B1B9425FB4544A8A /* ElectrodeBridgeMessage.m */,
				15724980D1F54C789B49FD30 /* ElectrodeBridgeProtocols.m */,
				35C412B549364B998A6E6918 /* ElectrodeBridgeRequest.m */,
				0CB87BF8D4084C398760009D /* ElectrodeBridgeResponse.m */,
				131EDA563443416B92F02DCA /* ElectrodeBridgeTransaction.m */,
				30785114900E45B28BF270CE /* ElectrodeBridgeTransceiver.m */,
				6C587B05A1AC4FF2ACCC3411 /* ElectrodeEventDispatcher.m */,
				DFE077FB31E944808D89C09F /* ElectrodeEventRegistrar.m */,
				7768ABBE3E8C4B7896A002E0 /* ElectrodeRequestDispatcher.m */,
				D0F223430C88429393B225B8 /* ElectrodeRequestRegistrar.m */,
				BA4196B1892747D28BE2AB65 /* ElectrodeLogger.m */,
				BE4149323572404D88FA92C4 /* ElectrodeBridgeEvent.h */,
				F70C24A2A9924A02B9B8208D /* ElectrodeBridgeFailureMessage.h */,
				A92BFF15D62E4C3488C4B795 /* ElectrodeBridgeHolder.h */,
				0E72D7626F564A4891D7EAC9 /* ElectrodeBridgeMessage.h */,
				7AD3654E73F445C6BB024012 /* ElectrodeBridgeProtocols.h */,
				319B2867A2DF4DC8A52E6C34 /* ElectrodeBridgeRequest.h */,
				6B8721B3AF9B40E49E154FE6 /* ElectrodeBridgeTransaction.h */,
				E1A7BAD21002412A8518441C /* ElectrodeBridgeTransceiver.h */,
				1DA6F1DDFC4D40E0AD5825D9 /* ElectrodeBridgeTransceiver_Internal.h */,
				B525F5578AA44BDAA8922519 /* ElectrodeEventDispatcher.h */,
				F6DF6AFDAAE04DF0941D695B /* ElectrodeEventRegistrar.h */,
				758902294071436186B71174 /* ElectrodeRequestDispatcher.h */,
				8DEB85783043457E89FC6A26 /* ElectrodeRequestRegistrar.h */,
				77ED7C259C794F489DB87174 /* ElectrodeReactNativeBridge.h */,
				78405FC4BE734917AC1EB9DC /* ElectrodeBridgeResponse.h */,
				AD972D1E08DD46B4A44CA791 /* ElectrodeLogger.h */,
			);
			name = ElectrodeReactNativeBridge;
			sourceTree = "<group>";
		};
		301CBA4B1F342FB00048C58B /* Resources */ = {
			isa = PBXGroup;
			children = (
			);
			name = Resources;
			sourceTree = "<group>";
		};
		485009D91E2FF23B009B6610 = {
			isa = PBXGroup;
			children = (
				22CB67F120C9C44C0031A349 /* Config */,
				485009E51E2FF23B009B6610 /* ElectrodeContainer */,
				485009F01E2FF23C009B6610 /* ElectrodeContainerTests */,
				485009E41E2FF23B009B6610 /* Products */,
				485009FD1E2FF25D009B6610 /* Libraries */,
				48500AA71E2FFA14009B6610 /* Frameworks */,
			);
			sourceTree = "<group>";
		};
		485009E41E2FF23B009B6610 /* Products */ = {
			isa = PBXGroup;
			children = (
				485009E31E2FF23B009B6610 /* ElectrodeContainer.framework */,
				485009EC1E2FF23C009B6610 /* ElectrodeContainerTests.xctest */,
			);
			name = Products;
			sourceTree = "<group>";
		};
		485009E51E2FF23B009B6610 /* ElectrodeContainer */ = {
			isa = PBXGroup;
			children = (
				DA42DF58233C1B0500046338 /* DevAssist */,
				7F9A82FD1FB117530026F523 /* APIImpls */,
				301CBA4B1F342FB00048C58B /* Resources */,
				2265A4A11EB26943007D6C3D /* Info.plist */,
				22C096A91EA0893F00E1486A /* APIs */,
				22FD4D1E1E96ECBB00FC81DB /* ElectrodeReactNativeBridge */,
				968333D51E54E3470031C565 /* ElectrodeBridgeDelegate.h */,
				968333D61E54E3470031C565 /* ElectrodeBridgeDelegate.m */,
				485009E61E2FF23B009B6610 /* ElectrodeContainer.h */,
				48500A961E2FF55B009B6610 /* ElectrodeReactNative.h */,
				30F8CDED1E67946E00413247 /* ElectrodeReactNative_Internal.h */,
				48500A971E2FF55B009B6610 /* ElectrodeReactNative.m */,
				301CB9011F33F3450048C58B /* NSBundle+frameworkBundle.h */,
				301CB9001F33F3450048C58B /* NSBundle+frameworkBundle.m */,
				304000E72098E1F000BF751C /* ElectrodePluginConfig.h */,
			);
			path = ElectrodeContainer;
			name = ElectrodeContainer;
			sourceTree = "<group>";
		};
		485009F01E2FF23C009B6610 /* ElectrodeContainerTests */ = {
			isa = PBXGroup;
			children = (
				485009F31E2FF23C009B6610 /* Info.plist */,
			);
			path = ElectrodeContainerTests;
			sourceTree = "<group>";
		};
		485009FD1E2FF25D009B6610 /* Libraries */ = {
			isa = PBXGroup;
			children = (
				226325CE1E80594F00CD0B10 /* ReactNative */,
				9654B8921E5CCA1D00AFF607 /* MiniApp */,
			);
			name = Libraries;
			path = ElectrodeContainer/Libraries;
			sourceTree = "<group>";
		};
		48500AA71E2FFA14009B6610 /* Frameworks */ = {
			isa = PBXGroup;
			children = (
				C753AADFEB9F4B34BAB36B67 /* JavaScriptCore.framework */,
			);
			name = Frameworks;
			path = ElectrodeContainer/Frameworks;
			sourceTree = "<group>";
		};
		7F9A82FD1FB117530026F523 /* APIImpls */ = {
			isa = PBXGroup;
			children = (
			);
			name = APIImpls;
			sourceTree = "<group>";
		};
		9654B8921E5CCA1D00AFF607 /* MiniApp */ = {
			isa = PBXGroup;
			children = (
				22BF1FEA1E8DAAF800E7F500 /* assets */,
				223A89451E89CDC70092741E /* MiniApp.jsbundle */,
			);
			path = MiniApp;
			sourceTree = "<group>";
		};
		DA42DF58233C1B0500046338 /* DevAssist */ = {
			isa = PBXGroup;
			children = (
				DA42DF5C233C1B0500046338 /* ERNDevSettingsViewController.h */,
				DA42DF5A233C1B0500046338 /* ERNDevSettingsViewController.m */,
				DA42DF5B233C1B0500046338 /* ElectrodeBundle.h */,
				DA42DF59233C1B0500046338 /* ElectrodeBundle.m */,
			);
			path = DevAssist;
			sourceTree = "<group>";
		};
		645A9823F06D4B529760B081 /* Products */ = {
			isa = PBXGroup;
			children = (
				78D324B5108640D2858F631B /* libReact.a */,
			);
			name = Products;
			path = undefined;
			sourceTree = "<group>";
		};
		E2E4E53435784EE7A2A981CF /* Products */ = {
			isa = PBXGroup;
			children = (
				FADA11DDF5F149E5897E9794 /* libRCTActionSheet.a */,
			);
			name = Products;
			path = undefined;
			sourceTree = "<group>";
		};
		81FBEE62131B43D49A497430 /* Products */ = {
			isa = PBXGroup;
			children = (
				5F0E998CDAF34EDE91C922C6 /* libRCTImage.a */,
			);
			name = Products;
			path = undefined;
			sourceTree = "<group>";
		};
		E825BAE1F79041E0906BAE30 /* Products */ = {
			isa = PBXGroup;
			children = (
				A027EF339E464774B0555004 /* libRCTAnimation.a */,
			);
			name = Products;
			path = undefined;
			sourceTree = "<group>";
		};
		377DE776821549C6968B1569 /* Products */ = {
			isa = PBXGroup;
			children = (
				BAC89B3FBB654E398ED5D2C5 /* libRCTText.a */,
			);
			name = Products;
			path = undefined;
			sourceTree = "<group>";
		};
		E0447590E0D64C9DB0600E84 /* Products */ = {
			isa = PBXGroup;
			children = (
				22E9DFBF841844529FC07766 /* libRCTWebSocket.a */,
			);
			name = Products;
			path = undefined;
			sourceTree = "<group>";
		};
		310AE9A5606645B38EB83BA4 /* Products */ = {
			isa = PBXGroup;
			children = (
				67E54A132BEF415EAA0FC6C5 /* libRCTLinking.a */,
			);
			name = Products;
			path = undefined;
			sourceTree = "<group>";
		};
		D3286C0F6A384DDC97098EA8 /* Products */ = {
			isa = PBXGroup;
			children = (
				EF38FA1F661E44E580772A55 /* libRCTNetwork.a */,
			);
			name = Products;
			path = undefined;
			sourceTree = "<group>";
		};
		8F2CF1F9870F469D8AEC17C7 /* Products */ = {
			isa = PBXGroup;
			children = (
				6E42DCB497B34E85890E8AE7 /* libRCTSettings.a */,
			);
			name = Products;
			path = undefined;
			sourceTree = "<group>";
		};
		D16E01B26C024807985E4F83 /* Products */ = {
			isa = PBXGroup;
			children = (
				8B0011549F354AF599F116D1 /* libRCTVibration.a */,
			);
			name = Products;
			path = undefined;
			sourceTree = "<group>";
		};
		07A4864501564EE39ED0834E /* Products */ = {
			isa = PBXGroup;
			children = (
				D5BC4D13B5494D42BE137309 /* libRCTCameraRoll.a */,
			);
			name = Products;
			path = undefined;
			sourceTree = "<group>";
		};
		E05D6E6F5B084C2DA8830944 /* Products */ = {
			isa = PBXGroup;
			children = (
				191AC167655541C1A962576A /* libART.a */,
			);
			name = Products;
			path = undefined;
			sourceTree = "<group>";
		};
/* End PBXGroup section */

/* Begin PBXHeadersBuildPhase section */
		485009E01E2FF23B009B6610 /* Headers */ = {
			isa = PBXHeadersBuildPhase;
			buildActionMask = 2147483647;
			files = (
				485009F41E2FF23C009B6610 /* ElectrodeContainer.h in Headers */,
				968333D71E54E3470031C565 /* ElectrodeBridgeDelegate.h in Headers */,
				301CB9031F33F3450048C58B /* NSBundle+frameworkBundle.h in Headers */,
				304000E82098E1F000BF751C /* ElectrodePluginConfig.h in Headers */,
				30F8CDEE1E67946E00413247 /* ElectrodeReactNative_Internal.h in Headers */,
				48500A981E2FF55B009B6610 /* ElectrodeReactNative.h in Headers */,
				DA42DF60233C1B0500046338 /* ERNDevSettingsViewController.h in Headers */,
				DA42DF5F233C1B0500046338 /* ElectrodeBundle.h in Headers */,
				F767E6326C674882AEFA8E83 /* ElectrodeBridgeEvent.h in Headers */,
				F64F1BCABB2D4E5B9CDB18B2 /* ElectrodeBridgeFailureMessage.h in Headers */,
				3913D2ED97394E6C83F4C1AE /* ElectrodeBridgeHolder.h in Headers */,
				643A8244AA644D95A5CCA840 /* ElectrodeBridgeMessage.h in Headers */,
				5C34970B271640698917F3C2 /* ElectrodeBridgeProtocols.h in Headers */,
				F9AD6BA124D44A2FB38F05BF /* ElectrodeBridgeRequest.h in Headers */,
				FB1ADFCD3DE74025A762FD38 /* ElectrodeBridgeTransaction.h in Headers */,
				3FF33D6B91E34B3AA9360939 /* ElectrodeBridgeTransceiver.h in Headers */,
				7A12514F09654D0E99AD6F23 /* ElectrodeBridgeTransceiver_Internal.h in Headers */,
				D42BA5F101B74A2088D49C15 /* ElectrodeEventDispatcher.h in Headers */,
				34EDB10B25654E67AC717C07 /* ElectrodeEventRegistrar.h in Headers */,
				BF1691CA91854FC18EA5A5DF /* ElectrodeRequestDispatcher.h in Headers */,
				841A2FA339B74682AA655D7C /* ElectrodeRequestRegistrar.h in Headers */,
				2D1458B065D9426BB81F3938 /* ElectrodeReactNativeBridge.h in Headers */,
				4F2F93691ADC44AD8B64AB0B /* ElectrodeBridgeResponse.h in Headers */,
				9ED347E652FB4AE6869FDF13 /* ElectrodeLogger.h in Headers */,
				A40B1A4979D34C228C476D7B /* BirthYear.swift in Headers */,
				7B5220FAC6F84F659DC50235 /* Movie.swift in Headers */,
				6E5B22259E3944E8938980A3 /* MoviesAPI.swift in Headers */,
				5E8A714AD1824DDAAA41932B /* MoviesRequests.swift in Headers */,
				1D409EA900794D678898E012 /* Person.swift in Headers */,
				E1A317245D464EF9AEB06FAF /* Synopsis.swift in Headers */,
				D596662EF0824EF1BE2A0031 /* NavigateData.swift in Headers */,
				4FE647C548EB4EAFB837466F /* NavigationAPI.swift in Headers */,
				803DF508058A483C9093BA8E /* NavigationRequests.swift in Headers */,
			);
			runOnlyForDeploymentPostprocessing = 0;
		};
/* End PBXHeadersBuildPhase section */

/* Begin PBXNativeTarget section */
		485009E21E2FF23B009B6610 /* ElectrodeContainer */ = {
			isa = PBXNativeTarget;
			buildConfigurationList = 485009F71E2FF23C009B6610 /* Build configuration list for PBXNativeTarget "ElectrodeContainer" */;
			buildPhases = (
				485009DE1E2FF23B009B6610 /* Sources */,
				485009DF1E2FF23B009B6610 /* Frameworks */,
				485009E01E2FF23B009B6610 /* Headers */,
				485009E11E2FF23B009B6610 /* Resources */,
				9C2FE58C23EBF1750014DB26 /* Embed Frameworks */,
			);
			buildRules = (
			);
			dependencies = (
				F8D6FC9B73684C229FF1B35F /* PBXTargetDependency */,
				695921CC7DB14712B8D28E76 /* PBXTargetDependency */,
				B655626505B4485AAE45E7D2 /* PBXTargetDependency */,
				7246E00BF704472C95F815A6 /* PBXTargetDependency */,
				42CAD38E73544DBFAB3A41BF /* PBXTargetDependency */,
				5F0B83469D8D45A69B20E913 /* PBXTargetDependency */,
				65AABF06BE1B482A8F0F4CE4 /* PBXTargetDependency */,
				840E308C81294FDE8B591A8B /* PBXTargetDependency */,
				C5B9133AEA484820A4C4FC9D /* PBXTargetDependency */,
				828D69A750264092A7DEEE51 /* PBXTargetDependency */,
				87312BBA70364957AB2B82F6 /* PBXTargetDependency */,
				3128468D12254B528AE53B41 /* PBXTargetDependency */,
			);
			name = ElectrodeContainer;
			productName = ElectrodeContainer;
			productReference = 485009E31E2FF23B009B6610 /* ElectrodeContainer.framework */;
			productType = "com.apple.product-type.framework";
		};
		485009EB1E2FF23C009B6610 /* ElectrodeContainerTests */ = {
			isa = PBXNativeTarget;
			buildConfigurationList = 485009FA1E2FF23C009B6610 /* Build configuration list for PBXNativeTarget "ElectrodeContainerTests" */;
			buildPhases = (
				485009E81E2FF23C009B6610 /* Sources */,
				485009E91E2FF23C009B6610 /* Frameworks */,
				485009EA1E2FF23C009B6610 /* Resources */,
			);
			buildRules = (
			);
			dependencies = (
				485009EF1E2FF23C009B6610 /* PBXTargetDependency */,
			);
			name = ElectrodeContainerTests;
			productName = ElectrodeContainerTests;
			productReference = 485009EC1E2FF23C009B6610 /* ElectrodeContainerTests.xctest */;
			productType = "com.apple.product-type.bundle.unit-test";
		};
/* End PBXNativeTarget section */

/* Begin PBXProject section */
		485009DA1E2FF23B009B6610 /* Project object */ = {
			isa = PBXProject;
			attributes = {
				LastUpgradeCheck = 920;
				ORGANIZATIONNAME = Walmart;
				TargetAttributes = {
					485009E21E2FF23B009B6610 = {
						CreatedOnToolsVersion = 8.2.1;
						ProvisioningStyle = Automatic;
					};
					485009EB1E2FF23C009B6610 = {
						CreatedOnToolsVersion = 8.2.1;
						DevelopmentTeam = DXZ5VF8836;
						ProvisioningStyle = Automatic;
					};
				};
			};
			buildConfigurationList = 485009DD1E2FF23B009B6610 /* Build configuration list for PBXProject "ElectrodeContainer" */;
			compatibilityVersion = "Xcode 3.2";
			developmentRegion = English;
			hasScannedForEncodings = 0;
			knownRegions = (
				en,
			);
			mainGroup = 485009D91E2FF23B009B6610;
			productRefGroup = 485009E41E2FF23B009B6610 /* Products */;
			projectDirPath = "";
			projectRoot = "";
			targets = (
				485009E21E2FF23B009B6610 /* ElectrodeContainer */,
				485009EB1E2FF23C009B6610 /* ElectrodeContainerTests */,
			);
			projectReferences = (
				{
					ProjectRef = 65E1BEC3E220426299153DD9 /* React.xcodeproj */;
					ProductGroup = 645A9823F06D4B529760B081 /* Products */;
				},
				{
					ProjectRef = 03C92D1BE9A740A488FAC602 /* RCTActionSheet.xcodeproj */;
					ProductGroup = E2E4E53435784EE7A2A981CF /* Products */;
				},
				{
					ProjectRef = 13ED49F8BE2B429F9C017FD9 /* RCTImage.xcodeproj */;
					ProductGroup = 81FBEE62131B43D49A497430 /* Products */;
				},
				{
					ProjectRef = 720D60CB4BEE4FB29CB5F0D7 /* RCTAnimation.xcodeproj */;
					ProductGroup = E825BAE1F79041E0906BAE30 /* Products */;
				},
				{
					ProjectRef = A17A5B0A4CA54A49BB4275AC /* RCTText.xcodeproj */;
					ProductGroup = 377DE776821549C6968B1569 /* Products */;
				},
				{
					ProjectRef = E670C173781944D9A76AF224 /* RCTWebSocket.xcodeproj */;
					ProductGroup = E0447590E0D64C9DB0600E84 /* Products */;
				},
				{
					ProjectRef = 656DC5A21FF2492299EC7B71 /* RCTLinking.xcodeproj */;
					ProductGroup = 310AE9A5606645B38EB83BA4 /* Products */;
				},
				{
					ProjectRef = 0E11F721428C41AEB6498479 /* RCTNetwork.xcodeproj */;
					ProductGroup = D3286C0F6A384DDC97098EA8 /* Products */;
				},
				{
					ProjectRef = D5A114B9DC004767B598F8BB /* RCTSettings.xcodeproj */;
					ProductGroup = 8F2CF1F9870F469D8AEC17C7 /* Products */;
				},
				{
					ProjectRef = DA0304B0B2944C4AB1F8164C /* RCTVibration.xcodeproj */;
					ProductGroup = D16E01B26C024807985E4F83 /* Products */;
				},
				{
					ProjectRef = CBBFC83506864B11BE49B682 /* RCTCameraRoll.xcodeproj */;
					ProductGroup = 07A4864501564EE39ED0834E /* Products */;
				},
				{
					ProjectRef = B3AC1FE2A6BC4709A78CBFAF /* ART.xcodeproj */;
					ProductGroup = E05D6E6F5B084C2DA8830944 /* Products */;
				},
			);
		};
/* End PBXProject section */

/* Begin PBXReferenceProxy section */
		78D324B5108640D2858F631B /* libReact.a */ = {
			isa = PBXReferenceProxy;
			fileType = archive.ar;
			path = libReact.a;
			remoteRef = 1A3F511C97944104A24659DE /* PBXContainerItemProxy */;
			sourceTree = BUILT_PRODUCTS_DIR;
		};
		FADA11DDF5F149E5897E9794 /* libRCTActionSheet.a */ = {
			isa = PBXReferenceProxy;
			fileType = archive.ar;
			path = libRCTActionSheet.a;
			remoteRef = F845EFC6669C4F4AA3981F9A /* PBXContainerItemProxy */;
			sourceTree = BUILT_PRODUCTS_DIR;
		};
		5F0E998CDAF34EDE91C922C6 /* libRCTImage.a */ = {
			isa = PBXReferenceProxy;
			fileType = archive.ar;
			path = libRCTImage.a;
			remoteRef = 33A92085AA4647C5823C629C /* PBXContainerItemProxy */;
			sourceTree = BUILT_PRODUCTS_DIR;
		};
		A027EF339E464774B0555004 /* libRCTAnimation.a */ = {
			isa = PBXReferenceProxy;
			fileType = archive.ar;
			path = libRCTAnimation.a;
			remoteRef = 626C66674BD448E18C4CA6DB /* PBXContainerItemProxy */;
			sourceTree = BUILT_PRODUCTS_DIR;
		};
		BAC89B3FBB654E398ED5D2C5 /* libRCTText.a */ = {
			isa = PBXReferenceProxy;
			fileType = archive.ar;
			path = libRCTText.a;
			remoteRef = 5204F854F1E7436A82250F23 /* PBXContainerItemProxy */;
			sourceTree = BUILT_PRODUCTS_DIR;
		};
		22E9DFBF841844529FC07766 /* libRCTWebSocket.a */ = {
			isa = PBXReferenceProxy;
			fileType = archive.ar;
			path = libRCTWebSocket.a;
			remoteRef = EEE5D25476034874889EC290 /* PBXContainerItemProxy */;
			sourceTree = BUILT_PRODUCTS_DIR;
		};
		67E54A132BEF415EAA0FC6C5 /* libRCTLinking.a */ = {
			isa = PBXReferenceProxy;
			fileType = archive.ar;
			path = libRCTLinking.a;
			remoteRef = 45290DEA9208444193BEE281 /* PBXContainerItemProxy */;
			sourceTree = BUILT_PRODUCTS_DIR;
		};
		EF38FA1F661E44E580772A55 /* libRCTNetwork.a */ = {
			isa = PBXReferenceProxy;
			fileType = archive.ar;
			path = libRCTNetwork.a;
			remoteRef = E3055C7B8849436DAC12B030 /* PBXContainerItemProxy */;
			sourceTree = BUILT_PRODUCTS_DIR;
		};
		6E42DCB497B34E85890E8AE7 /* libRCTSettings.a */ = {
			isa = PBXReferenceProxy;
			fileType = archive.ar;
			path = libRCTSettings.a;
			remoteRef = C655153DA46D43C589B32830 /* PBXContainerItemProxy */;
			sourceTree = BUILT_PRODUCTS_DIR;
		};
		8B0011549F354AF599F116D1 /* libRCTVibration.a */ = {
			isa = PBXReferenceProxy;
			fileType = archive.ar;
			path = libRCTVibration.a;
			remoteRef = 5F92C707ABAC4A53A4A284EF /* PBXContainerItemProxy */;
			sourceTree = BUILT_PRODUCTS_DIR;
		};
		D5BC4D13B5494D42BE137309 /* libRCTCameraRoll.a */ = {
			isa = PBXReferenceProxy;
			fileType = archive.ar;
			path = libRCTCameraRoll.a;
			remoteRef = 9FE6CDC56C994D76AAAEF335 /* PBXContainerItemProxy */;
			sourceTree = BUILT_PRODUCTS_DIR;
		};
		191AC167655541C1A962576A /* libART.a */ = {
			isa = PBXReferenceProxy;
			fileType = archive.ar;
			path = libART.a;
			remoteRef = 804ADA4AC3A14326AC13F907 /* PBXContainerItemProxy */;
			sourceTree = BUILT_PRODUCTS_DIR;
		};
/* End PBXReferenceProxy section */

/* Begin PBXResourcesBuildPhase section */
		485009E11E2FF23B009B6610 /* Resources */ = {
			isa = PBXResourcesBuildPhase;
			buildActionMask = 2147483647;
			files = (
				22BF1FEB1E8DAAF800E7F500 /* assets in Resources */,
				223A89461E89CDC70092741E /* MiniApp.jsbundle in Resources */,
			);
			runOnlyForDeploymentPostprocessing = 0;
		};
		485009EA1E2FF23C009B6610 /* Resources */ = {
			isa = PBXResourcesBuildPhase;
			buildActionMask = 2147483647;
			files = (
			);
			runOnlyForDeploymentPostprocessing = 0;
		};
/* End PBXResourcesBuildPhase section */

/* Begin PBXSourcesBuildPhase section */
		485009DE1E2FF23B009B6610 /* Sources */ = {
			isa = PBXSourcesBuildPhase;
			buildActionMask = 2147483647;
			files = (
				48500A991E2FF55B009B6610 /* ElectrodeReactNative.m in Sources */,
				301CB9021F33F3450048C58B /* NSBundle+frameworkBundle.m in Sources */,
				968333D81E54E3470031C565 /* ElectrodeBridgeDelegate.m in Sources */,
				DA42DF5E233C1B0500046338 /* ERNDevSettingsViewController.m in Sources */,
				DA42DF5D233C1B0500046338 /* ElectrodeBundle.m in Sources */,
				8EB94AEB28004180A4B7DC4B /* ElectrodeObject.swift in Sources */,
				6CA56C911735439DAE83F98C /* Bridgeable.swift in Sources */,
				CB4CF8F68EC5400AA4D23C76 /* ElectrodeRequestHandlerProcessor.swift in Sources */,
				D383AD0AD5B64FCEAC1110AE /* ElectrodeRequestProcessor.swift in Sources */,
				A145DBBD93EC46EB83C6F94E /* ElectrodeUtilities.swift in Sources */,
				E44B4E171D38451B8078C3B6 /* EventListenerProcessor.swift in Sources */,
				0E8FDEE4883C4DAC80EA52B5 /* EventProcessor.swift in Sources */,
				D2D19842E4834826B5B2474F /* Processor.swift in Sources */,
				D0E70F131A1E4A4888337CA8 /* None.swift in Sources */,
				520727E93F3D4A2088D8357B /* ElectrodeBridgeEvent.m in Sources */,
				AF9F4C83F2DC49858B593ED1 /* ElectrodeBridgeFailureMessage.m in Sources */,
				19C4591B5A8D43A59299777A /* ElectrodeBridgeHolder.m in Sources */,
				02E868F6710D4828ABC34E6C /* ElectrodeBridgeMessage.m in Sources */,
				91220368C0FF42259985DD2D /* ElectrodeBridgeProtocols.m in Sources */,
				112320742EC84E36B0EAA72C /* ElectrodeBridgeRequest.m in Sources */,
				02B13F4400DE4AD38B927F2A /* ElectrodeBridgeResponse.m in Sources */,
				BA1141C12D93436E8EB75610 /* ElectrodeBridgeTransaction.m in Sources */,
				B4102E7B4B3B4E23B833B376 /* ElectrodeBridgeTransceiver.m in Sources */,
				3A2AFCB5EE38420CB6C29DC6 /* ElectrodeEventDispatcher.m in Sources */,
				D86D8D37E3244597B37597FD /* ElectrodeEventRegistrar.m in Sources */,
				6FA4D26FC232416C8164AEBA /* ElectrodeRequestDispatcher.m in Sources */,
				7AB3333D7C6D4016BA6F156D /* ElectrodeRequestRegistrar.m in Sources */,
				CCDE45CA713147F786DC078D /* ElectrodeLogger.m in Sources */,
				0075A62A27FD498FAEF9F6A9 /* BirthYear.swift in Sources */,
				5A696705B2F844EB88414634 /* Movie.swift in Sources */,
				13F47BF50BDB47E2BD78D613 /* MoviesAPI.swift in Sources */,
				7EC7D938CDA6470EA05664E0 /* MoviesRequests.swift in Sources */,
				1AC1C3E90FC444F9A091424B /* Person.swift in Sources */,
				B4C08B451F3648E0BE9CC5F5 /* Synopsis.swift in Sources */,
				03AB4905AC9E4BB3B5D9240E /* NavigateData.swift in Sources */,
				139254EA1F38429B92E159A4 /* NavigationAPI.swift in Sources */,
				F73EE3B752DC459480E96664 /* NavigationRequests.swift in Sources */,
			);
			runOnlyForDeploymentPostprocessing = 0;
		};
		485009E81E2FF23C009B6610 /* Sources */ = {
			isa = PBXSourcesBuildPhase;
			buildActionMask = 2147483647;
			files = (
			);
			runOnlyForDeploymentPostprocessing = 0;
		};
/* End PBXSourcesBuildPhase section */

/* Begin PBXTargetDependency section */
		485009EF1E2FF23C009B6610 /* PBXTargetDependency */ = {
			isa = PBXTargetDependency;
			target = 485009E21E2FF23B009B6610 /* ElectrodeContainer */;
			targetProxy = 485009EE1E2FF23C009B6610 /* PBXContainerItemProxy */;
		};
		F8D6FC9B73684C229FF1B35F /* PBXTargetDependency */ = {
			isa = PBXTargetDependency;
			name = React;
			targetProxy = 2E5019A02DC643DEBCA0258A /* PBXContainerItemProxy */;
		};
		695921CC7DB14712B8D28E76 /* PBXTargetDependency */ = {
			isa = PBXTargetDependency;
			name = RCTActionSheet;
			targetProxy = 9C31B08D6CF2418580BD5CA7 /* PBXContainerItemProxy */;
		};
		B655626505B4485AAE45E7D2 /* PBXTargetDependency */ = {
			isa = PBXTargetDependency;
			name = RCTImage;
			targetProxy = 5134E09E3E1B4D4B8541DC56 /* PBXContainerItemProxy */;
		};
		7246E00BF704472C95F815A6 /* PBXTargetDependency */ = {
			isa = PBXTargetDependency;
			name = RCTAnimation;
			targetProxy = 953ED18FCB8C4F5FA27A8F43 /* PBXContainerItemProxy */;
		};
		42CAD38E73544DBFAB3A41BF /* PBXTargetDependency */ = {
			isa = PBXTargetDependency;
			name = RCTText;
			targetProxy = 586FA8B4ACB6424CB9812BF3 /* PBXContainerItemProxy */;
		};
		5F0B83469D8D45A69B20E913 /* PBXTargetDependency */ = {
			isa = PBXTargetDependency;
			name = RCTWebSocket;
			targetProxy = 206FDFAD7629417CA12586ED /* PBXContainerItemProxy */;
		};
		65AABF06BE1B482A8F0F4CE4 /* PBXTargetDependency */ = {
			isa = PBXTargetDependency;
			name = RCTLinking;
			targetProxy = 3D8CE2F4140A42F887827256 /* PBXContainerItemProxy */;
		};
		840E308C81294FDE8B591A8B /* PBXTargetDependency */ = {
			isa = PBXTargetDependency;
			name = RCTNetwork;
			targetProxy = 95D4148236DA4910BFE47CA9 /* PBXContainerItemProxy */;
		};
		C5B9133AEA484820A4C4FC9D /* PBXTargetDependency */ = {
			isa = PBXTargetDependency;
			name = RCTSettings;
			targetProxy = 86B2190A4B0D4D0C98A99868 /* PBXContainerItemProxy */;
		};
		828D69A750264092A7DEEE51 /* PBXTargetDependency */ = {
			isa = PBXTargetDependency;
			name = RCTVibration;
			targetProxy = C9DC9D08FE7B45D5BD96EB77 /* PBXContainerItemProxy */;
		};
		87312BBA70364957AB2B82F6 /* PBXTargetDependency */ = {
			isa = PBXTargetDependency;
			name = RCTCameraRoll;
			targetProxy = A96F98683FEA405CA29AA896 /* PBXContainerItemProxy */;
		};
		3128468D12254B528AE53B41 /* PBXTargetDependency */ = {
			isa = PBXTargetDependency;
			name = ART;
			targetProxy = 97BFE12814C04F62B334E4BB /* PBXContainerItemProxy */;
		};
/* End PBXTargetDependency section */

/* Begin XCBuildConfiguration section */
		303268E41EA8139700A41A8F /* QADeployment */ = {
			isa = XCBuildConfiguration;
			baseConfigurationReference = 22CB683D20C9C46A0031A349 /* Project-QADeployment.xcconfig */;
			buildSettings = {
			};
			name = QADeployment;
		};
		303268E51EA8139700A41A8F /* QADeployment */ = {
			isa = XCBuildConfiguration;
			baseConfigurationReference = 22CB684020C9C46A0031A349 /* ElectrodeContainer-QADeployment.xcconfig */;
			buildSettings = {
			};
			name = QADeployment;
		};
		303268E61EA8139700A41A8F /* QADeployment */ = {
			isa = XCBuildConfiguration;
			baseConfigurationReference = 22CB684620C9C46A0031A349 /* ElectrodeContainerTests-QADeployment.xcconfig */;
			buildSettings = {
			};
			name = QADeployment;
		};
		485009F51E2FF23C009B6610 /* Debug */ = {
			isa = XCBuildConfiguration;
			baseConfigurationReference = 22CB684720C9C46A0031A349 /* Project-Debug.xcconfig */;
			buildSettings = {
			};
			name = Debug;
		};
		485009F61E2FF23C009B6610 /* Release */ = {
			isa = XCBuildConfiguration;
			baseConfigurationReference = 22CB683E20C9C46A0031A349 /* Project-Release.xcconfig */;
			buildSettings = {
			};
			name = Release;
		};
		485009F81E2FF23C009B6610 /* Debug */ = {
			isa = XCBuildConfiguration;
			baseConfigurationReference = 22CB684120C9C46A0031A349 /* ElectrodeContainer-Debug.xcconfig */;
			buildSettings = {
			};
			name = Debug;
		};
		485009F91E2FF23C009B6610 /* Release */ = {
			isa = XCBuildConfiguration;
			baseConfigurationReference = 22CB684220C9C46A0031A349 /* ElectrodeContainer-Release.xcconfig */;
			buildSettings = {
			};
			name = Release;
		};
		485009FB1E2FF23C009B6610 /* Debug */ = {
			isa = XCBuildConfiguration;
			baseConfigurationReference = 22CB684820C9C46B0031A349 /* ElectrodeContainerTests-Debug.xcconfig */;
			buildSettings = {
			};
			name = Debug;
		};
		485009FC1E2FF23C009B6610 /* Release */ = {
			isa = XCBuildConfiguration;
			baseConfigurationReference = 22CB684420C9C46A0031A349 /* ElectrodeContainerTests-Release.xcconfig */;
			buildSettings = {
			};
			name = Release;
		};
/* End XCBuildConfiguration section */

/* Begin XCConfigurationList section */
		485009DD1E2FF23B009B6610 /* Build configuration list for PBXProject "ElectrodeContainer" */ = {
			isa = XCConfigurationList;
			buildConfigurations = (
				485009F51E2FF23C009B6610 /* Debug */,
				303268E41EA8139700A41A8F /* QADeployment */,
				485009F61E2FF23C009B6610 /* Release */,
			);
			defaultConfigurationIsVisible = 0;
			defaultConfigurationName = Release;
		};
		485009F71E2FF23C009B6610 /* Build configuration list for PBXNativeTarget "ElectrodeContainer" */ = {
			isa = XCConfigurationList;
			buildConfigurations = (
				485009F81E2FF23C009B6610 /* Debug */,
				303268E51EA8139700A41A8F /* QADeployment */,
				485009F91E2FF23C009B6610 /* Release */,
			);
			defaultConfigurationIsVisible = 0;
			defaultConfigurationName = Release;
		};
		485009FA1E2FF23C009B6610 /* Build configuration list for PBXNativeTarget "ElectrodeContainerTests" */ = {
			isa = XCConfigurationList;
			buildConfigurations = (
				485009FB1E2FF23C009B6610 /* Debug */,
				303268E61EA8139700A41A8F /* QADeployment */,
				485009FC1E2FF23C009B6610 /* Release */,
			);
			defaultConfigurationIsVisible = 0;
			defaultConfigurationName = Release;
		};
/* End XCConfigurationList section */
	};
	rootObject = 485009DA1E2FF23B009B6610 /* Project object */;
}
